// !$*UTF8*$!
{
	archiveVersion = 1;
	classes = {
	};
	objectVersion = 51;
	objects = {

/* Begin PBXBuildFile section */
		B29A54D863D0F53A08C7DD29 /* Pods_ios_rentor_ios_rentorUITests.framework in Frameworks */ = {isa = PBXBuildFile; fileRef = 4FFF9E487C085CDB8686E8FE /* Pods_ios_rentor_ios_rentorUITests.framework */; };
		D6BEDF3E343E071C4522014B /* Pods_ios_rentor.framework in Frameworks */ = {isa = PBXBuildFile; fileRef = 34999EE05D64EF449D01C337 /* Pods_ios_rentor.framework */; };
		D93B6D4522CD3E6B5EF47EC2 /* Pods_ios_rentorTests.framework in Frameworks */ = {isa = PBXBuildFile; fileRef = 49A412C258E16CB033A93C28 /* Pods_ios_rentorTests.framework */; };
		E9090D1224FA9F7600020390 /* AppDelegate.swift in Sources */ = {isa = PBXBuildFile; fileRef = E9090D1124FA9F7600020390 /* AppDelegate.swift */; };
		E9090D1424FA9F7600020390 /* SceneDelegate.swift in Sources */ = {isa = PBXBuildFile; fileRef = E9090D1324FA9F7600020390 /* SceneDelegate.swift */; };
		E9090D1724FA9F7600020390 /* ios_rentor.xcdatamodeld in Sources */ = {isa = PBXBuildFile; fileRef = E9090D1524FA9F7600020390 /* ios_rentor.xcdatamodeld */; };
		E9090D1B24FA9F7800020390 /* Assets.xcassets in Resources */ = {isa = PBXBuildFile; fileRef = E9090D1A24FA9F7800020390 /* Assets.xcassets */; };
		E9090D1E24FA9F7800020390 /* Preview Assets.xcassets in Resources */ = {isa = PBXBuildFile; fileRef = E9090D1D24FA9F7800020390 /* Preview Assets.xcassets */; };
		E9090D2124FA9F7800020390 /* LaunchScreen.storyboard in Resources */ = {isa = PBXBuildFile; fileRef = E9090D1F24FA9F7800020390 /* LaunchScreen.storyboard */; };
		E9090D2C24FA9F7800020390 /* ios_rentorTests.swift in Sources */ = {isa = PBXBuildFile; fileRef = E9090D2B24FA9F7800020390 /* ios_rentorTests.swift */; };
		E9090D3724FA9F7800020390 /* ios_rentorUITests.swift in Sources */ = {isa = PBXBuildFile; fileRef = E9090D3624FA9F7800020390 /* ios_rentorUITests.swift */; };
		E9095ECA26B9869B0085331E /* SimmulatorInformation1.swift in Sources */ = {isa = PBXBuildFile; fileRef = E9095EC926B9869B0085331E /* SimmulatorInformation1.swift */; };
		E9095ECD26B988C30085331E /* ButtonOption.swift in Sources */ = {isa = PBXBuildFile; fileRef = E9095ECC26B988C30085331E /* ButtonOption.swift */; };
		E90986E62582500D0089525F /* GoogleService-Info.plist in Resources */ = {isa = PBXBuildFile; fileRef = E90986E52582500D0089525F /* GoogleService-Info.plist */; };
		E9190C7725DD321500C804B5 /* CoreMockedManager.swift in Sources */ = {isa = PBXBuildFile; fileRef = E9190C7625DD321500C804B5 /* CoreMockedManager.swift */; };
		E921275F2635FC590001E2B8 /* View+Ext.swift in Sources */ = {isa = PBXBuildFile; fileRef = E921275E2635FC590001E2B8 /* View+Ext.swift */; };
		E923EDE125D5B33A0076DD92 /* AppState.swift in Sources */ = {isa = PBXBuildFile; fileRef = E923EDE025D5B33A0076DD92 /* AppState.swift */; };
		E923EDE625D5B3E00076DD92 /* AppStore.swift in Sources */ = {isa = PBXBuildFile; fileRef = E923EDE525D5B3E00076DD92 /* AppStore.swift */; };
		E923EDEC25D5B4810076DD92 /* AppReducer.swift in Sources */ = {isa = PBXBuildFile; fileRef = E923EDEB25D5B4810076DD92 /* AppReducer.swift */; };
		E923EDF225D5B4BD0076DD92 /* AppAction.swift in Sources */ = {isa = PBXBuildFile; fileRef = E923EDF125D5B4BD0076DD92 /* AppAction.swift */; };
		E923EDF725D5B4DE0076DD92 /* HomeAction.swift in Sources */ = {isa = PBXBuildFile; fileRef = E923EDF625D5B4DE0076DD92 /* HomeAction.swift */; };
		E923EDFD25D5B51E0076DD92 /* LogMiddleware.swift in Sources */ = {isa = PBXBuildFile; fileRef = E923EDFC25D5B51E0076DD92 /* LogMiddleware.swift */; };
		E923EE0525D5B57A0076DD92 /* HomeMiddleware.swift in Sources */ = {isa = PBXBuildFile; fileRef = E923EE0425D5B57A0076DD92 /* HomeMiddleware.swift */; };
		E9276C3726C1E553002FEAAC /* SimulatorFunding0.swift in Sources */ = {isa = PBXBuildFile; fileRef = E9276C3626C1E553002FEAAC /* SimulatorFunding0.swift */; };
		E9276C3E26C1E6A3002FEAAC /* SimulatorFee0.swift in Sources */ = {isa = PBXBuildFile; fileRef = E9276C3D26C1E6A3002FEAAC /* SimulatorFee0.swift */; };
		E9276C4026C1E6AC002FEAAC /* SimulatorTax0.swift in Sources */ = {isa = PBXBuildFile; fileRef = E9276C3F26C1E6AC002FEAAC /* SimulatorTax0.swift */; };
		E944702626302B6F009A5E5B /* TutorialPagesView.swift in Sources */ = {isa = PBXBuildFile; fileRef = E944702526302B6F009A5E5B /* TutorialPagesView.swift */; };
		E944702C26303139009A5E5B /* Color+Ext.swift in Sources */ = {isa = PBXBuildFile; fileRef = E944702B26303139009A5E5B /* Color+Ext.swift */; };
		E944703626309BA3009A5E5B /* PageView.swift in Sources */ = {isa = PBXBuildFile; fileRef = E944703526309BA3009A5E5B /* PageView.swift */; };
		E94492EF258BEC7F00B94481 /* RentalDBRepository.swift in Sources */ = {isa = PBXBuildFile; fileRef = E94492EE258BEC7F00B94481 /* RentalDBRepository.swift */; };
		E94BA99D2632F877002725B8 /* ViewControllerResolver.swift in Sources */ = {isa = PBXBuildFile; fileRef = E94BA99C2632F877002725B8 /* ViewControllerResolver.swift */; };
		E94BA9A22632F88A002725B8 /* SearchBar.swift in Sources */ = {isa = PBXBuildFile; fileRef = E94BA9A12632F88A002725B8 /* SearchBar.swift */; };
		E95C97A72681DF6100F5A625 /* SimmulatorContainer.swift in Sources */ = {isa = PBXBuildFile; fileRef = E95C97A62681DF6100F5A625 /* SimmulatorContainer.swift */; };
		E95C97A92681DF7C00F5A625 /* SimmulatorListView.swift in Sources */ = {isa = PBXBuildFile; fileRef = E95C97A82681DF7C00F5A625 /* SimmulatorListView.swift */; };
		E95ECF4A25DD80BA0071C97D /* HomeContainerView.swift in Sources */ = {isa = PBXBuildFile; fileRef = E95ECF4925DD80BA0071C97D /* HomeContainerView.swift */; };
		E95ECF4F25DD81230071C97D /* HomeListView.swift in Sources */ = {isa = PBXBuildFile; fileRef = E95ECF4E25DD81230071C97D /* HomeListView.swift */; };
		E95ECF5425DD87BB0071C97D /* HomeRowView.swift in Sources */ = {isa = PBXBuildFile; fileRef = E95ECF5325DD87BB0071C97D /* HomeRowView.swift */; };
		E960C8F92684BA6A000AD450 /* SimulatorRowView.swift in Sources */ = {isa = PBXBuildFile; fileRef = E960C8F82684BA6A000AD450 /* SimulatorRowView.swift */; };
		E960CF4225D5F0920037A26B /* HomeReducer.swift in Sources */ = {isa = PBXBuildFile; fileRef = E960CF4125D5F0920037A26B /* HomeReducer.swift */; };
		E9665536250033B2003BC212 /* RentorEntity.swift in Sources */ = {isa = PBXBuildFile; fileRef = E9665535250033B2003BC212 /* RentorEntity.swift */; };
		E974EC3E26AE0E4D000B0017 /* SimmulatorInformation2.swift in Sources */ = {isa = PBXBuildFile; fileRef = E974EC3D26AE0E4D000B0017 /* SimmulatorInformation2.swift */; };
		E9878556250BB0C200CF8519 /* String+Ext.swift in Sources */ = {isa = PBXBuildFile; fileRef = E9878555250BB0C200CF8519 /* String+Ext.swift */; };
		E98C257D252B922000E06E73 /* HomeDetailView.swift in Sources */ = {isa = PBXBuildFile; fileRef = E98C257C252B922000E06E73 /* HomeDetailView.swift */; };
		E98C2582252B96E700E06E73 /* HomeDetailViewModel.swift in Sources */ = {isa = PBXBuildFile; fileRef = E98C2581252B96E700E06E73 /* HomeDetailViewModel.swift */; };
		E99042CC25043BBA0062B493 /* CoreDataManager.swift in Sources */ = {isa = PBXBuildFile; fileRef = E99042CB25043BBA0062B493 /* CoreDataManager.swift */; };
		E991819D2615C62C00D971A1 /* SettingAction.swift in Sources */ = {isa = PBXBuildFile; fileRef = E991819C2615C62C00D971A1 /* SettingAction.swift */; };
		E99181A22615CD6400D971A1 /* SettingsReducer.swift in Sources */ = {isa = PBXBuildFile; fileRef = E99181A12615CD6400D971A1 /* SettingsReducer.swift */; };
		E99181A72615CD9300D971A1 /* ReducerProtocols.swift in Sources */ = {isa = PBXBuildFile; fileRef = E99181A62615CD9300D971A1 /* ReducerProtocols.swift */; };
		E996F2E226187C9C00447EA0 /* TutorialContainer.swift in Sources */ = {isa = PBXBuildFile; fileRef = E996F2E126187C9C00447EA0 /* TutorialContainer.swift */; };
		E997C3C126AF56FF00CB6E68 /* SimmulatorInformation0.swift in Sources */ = {isa = PBXBuildFile; fileRef = E997C3C026AF56FF00CB6E68 /* SimmulatorInformation0.swift */; };
		E999D67926052FF400C5011C /* SettingMiddleware.swift in Sources */ = {isa = PBXBuildFile; fileRef = E999D67826052FF400C5011C /* SettingMiddleware.swift */; };
		E999D67E26061C2E00C5011C /* SettingsDBRepository.swift in Sources */ = {isa = PBXBuildFile; fileRef = E999D67D26061C2E00C5011C /* SettingsDBRepository.swift */; };
		E9A8C6692517B4BC000E8A28 /* HomeViewModel.swift in Sources */ = {isa = PBXBuildFile; fileRef = E9A8C6682517B4BC000E8A28 /* HomeViewModel.swift */; };
		E9A8C66E25194095000E8A28 /* Errors.swift in Sources */ = {isa = PBXBuildFile; fileRef = E9A8C66D25194095000E8A28 /* Errors.swift */; };
		E9AAA94E251A1031009841B8 /* SimmulatorViewModel.swift in Sources */ = {isa = PBXBuildFile; fileRef = E9AAA94D251A1031009841B8 /* SimmulatorViewModel.swift */; };
		E9AAA950251B9244009841B8 /* SimmulatorModel.swift in Sources */ = {isa = PBXBuildFile; fileRef = E9AAA94F251B9244009841B8 /* SimmulatorModel.swift */; };
		E9AAA953251BDA4B009841B8 /* InteractorsProtocol.swift in Sources */ = {isa = PBXBuildFile; fileRef = E9AAA952251BDA4B009841B8 /* InteractorsProtocol.swift */; };
		E9AAA95525210CF1009841B8 /* SimmulatorCellViewModel.swift in Sources */ = {isa = PBXBuildFile; fileRef = E9AAA95425210CF1009841B8 /* SimmulatorCellViewModel.swift */; };
		E9AF720526C2678000A26B0D /* SettingContainerView.swift in Sources */ = {isa = PBXBuildFile; fileRef = E9AF720426C2678000A26B0D /* SettingContainerView.swift */; };
		E9AF720826C267B000A26B0D /* SettingListView.swift in Sources */ = {isa = PBXBuildFile; fileRef = E9AF720726C267B000A26B0D /* SettingListView.swift */; };
		E9B20D4B25913E2100EC52D5 /* Models+CoreData.swift in Sources */ = {isa = PBXBuildFile; fileRef = E9B20D4A25913E2100EC52D5 /* Models+CoreData.swift */; };
		E9B20D502591403200EC52D5 /* Models.swift in Sources */ = {isa = PBXBuildFile; fileRef = E9B20D4F2591403200EC52D5 /* Models.swift */; };
		E9B20D552591403B00EC52D5 /* MockedData.swift in Sources */ = {isa = PBXBuildFile; fileRef = E9B20D542591403B00EC52D5 /* MockedData.swift */; };
		E9B45CA124FD5ED400A79ECC /* rentorCoreData.xcdatamodeld in Sources */ = {isa = PBXBuildFile; fileRef = E9B45C9F24FD5ED400A79ECC /* rentorCoreData.xcdatamodeld */; };
		E9BD8DFE26C168ED00AB1D16 /* SimulatorReducer.swift in Sources */ = {isa = PBXBuildFile; fileRef = E9BD8DFD26C168ED00AB1D16 /* SimulatorReducer.swift */; };
		E9BD8E0026C169D800AB1D16 /* SimulatorAction.swift in Sources */ = {isa = PBXBuildFile; fileRef = E9BD8DFF26C169D800AB1D16 /* SimulatorAction.swift */; };
		E9BD8E0226C16CB200AB1D16 /* SimulatorMiddleware.swift in Sources */ = {isa = PBXBuildFile; fileRef = E9BD8E0126C16CB200AB1D16 /* SimulatorMiddleware.swift */; };
		E9BD8E0426C16D1600AB1D16 /* SimulatorDBRepository.swift in Sources */ = {isa = PBXBuildFile; fileRef = E9BD8E0326C16D1600AB1D16 /* SimulatorDBRepository.swift */; };
		E9C3A0AE25570A1D003BF79F /* SettingViewModel.swift in Sources */ = {isa = PBXBuildFile; fileRef = E9C3A0AD25570A1D003BF79F /* SettingViewModel.swift */; };
		E9C47BA925D6E5520082C0D6 /* Middleware.swift in Sources */ = {isa = PBXBuildFile; fileRef = E9C47BA825D6E5520082C0D6 /* Middleware.swift */; };
		E9D8D15D24FAF7B800DF5ABC /* RootView.swift in Sources */ = {isa = PBXBuildFile; fileRef = E9D8D15C24FAF7B800DF5ABC /* RootView.swift */; };
		E9DE7BE325DABECD00EB68A2 /* MiddlewareError.swift in Sources */ = {isa = PBXBuildFile; fileRef = E9DE7BE225DABECD00EB68A2 /* MiddlewareError.swift */; };
		E9F40B4725DADC6B008BA828 /* Home.json in Resources */ = {isa = PBXBuildFile; fileRef = E9F40B4625DADC6B008BA828 /* Home.json */; };
		E9F93C8B26BA654D003FD30E /* CardView.swift in Sources */ = {isa = PBXBuildFile; fileRef = E9F93C8A26BA654D003FD30E /* CardView.swift */; };
/* End PBXBuildFile section */

/* Begin PBXContainerItemProxy section */
		E9090D2824FA9F7800020390 /* PBXContainerItemProxy */ = {
			isa = PBXContainerItemProxy;
			containerPortal = E9090D0624FA9F7600020390 /* Project object */;
			proxyType = 1;
			remoteGlobalIDString = E9090D0D24FA9F7600020390;
			remoteInfo = "ios-rentor";
		};
		E9090D3324FA9F7800020390 /* PBXContainerItemProxy */ = {
			isa = PBXContainerItemProxy;
			containerPortal = E9090D0624FA9F7600020390 /* Project object */;
			proxyType = 1;
			remoteGlobalIDString = E9090D0D24FA9F7600020390;
			remoteInfo = "ios-rentor";
		};
/* End PBXContainerItemProxy section */

/* Begin PBXFileReference section */
		174D7EFE4881A47F313FA50F /* Pods-ios-rentor.debug.xcconfig */ = {isa = PBXFileReference; includeInIndex = 1; lastKnownFileType = text.xcconfig; name = "Pods-ios-rentor.debug.xcconfig"; path = "Target Support Files/Pods-ios-rentor/Pods-ios-rentor.debug.xcconfig"; sourceTree = "<group>"; };
		270CB155A87B785308DED500 /* Pods-ios-rentorTests.debug.xcconfig */ = {isa = PBXFileReference; includeInIndex = 1; lastKnownFileType = text.xcconfig; name = "Pods-ios-rentorTests.debug.xcconfig"; path = "Target Support Files/Pods-ios-rentorTests/Pods-ios-rentorTests.debug.xcconfig"; sourceTree = "<group>"; };
		34999EE05D64EF449D01C337 /* Pods_ios_rentor.framework */ = {isa = PBXFileReference; explicitFileType = wrapper.framework; includeInIndex = 0; path = Pods_ios_rentor.framework; sourceTree = BUILT_PRODUCTS_DIR; };
		49A412C258E16CB033A93C28 /* Pods_ios_rentorTests.framework */ = {isa = PBXFileReference; explicitFileType = wrapper.framework; includeInIndex = 0; path = Pods_ios_rentorTests.framework; sourceTree = BUILT_PRODUCTS_DIR; };
		4FFF9E487C085CDB8686E8FE /* Pods_ios_rentor_ios_rentorUITests.framework */ = {isa = PBXFileReference; explicitFileType = wrapper.framework; includeInIndex = 0; path = Pods_ios_rentor_ios_rentorUITests.framework; sourceTree = BUILT_PRODUCTS_DIR; };
		712F9E38E6DAD7301DFE46D1 /* Pods-ios-rentor-ios-rentorUITests.release.xcconfig */ = {isa = PBXFileReference; includeInIndex = 1; lastKnownFileType = text.xcconfig; name = "Pods-ios-rentor-ios-rentorUITests.release.xcconfig"; path = "Target Support Files/Pods-ios-rentor-ios-rentorUITests/Pods-ios-rentor-ios-rentorUITests.release.xcconfig"; sourceTree = "<group>"; };
		7CC13E33BCFE9B753E56F557 /* Pods-ios-rentor-ios-rentorUITests.debug.xcconfig */ = {isa = PBXFileReference; includeInIndex = 1; lastKnownFileType = text.xcconfig; name = "Pods-ios-rentor-ios-rentorUITests.debug.xcconfig"; path = "Target Support Files/Pods-ios-rentor-ios-rentorUITests/Pods-ios-rentor-ios-rentorUITests.debug.xcconfig"; sourceTree = "<group>"; };
		9D7097AF2AB88EEE5CACB1FD /* Pods-ios-rentor.release.xcconfig */ = {isa = PBXFileReference; includeInIndex = 1; lastKnownFileType = text.xcconfig; name = "Pods-ios-rentor.release.xcconfig"; path = "Target Support Files/Pods-ios-rentor/Pods-ios-rentor.release.xcconfig"; sourceTree = "<group>"; };
		E9090D0E24FA9F7600020390 /* ios-rentor.app */ = {isa = PBXFileReference; explicitFileType = wrapper.application; includeInIndex = 0; path = "ios-rentor.app"; sourceTree = BUILT_PRODUCTS_DIR; };
		E9090D1124FA9F7600020390 /* AppDelegate.swift */ = {isa = PBXFileReference; lastKnownFileType = sourcecode.swift; path = AppDelegate.swift; sourceTree = "<group>"; };
		E9090D1324FA9F7600020390 /* SceneDelegate.swift */ = {isa = PBXFileReference; lastKnownFileType = sourcecode.swift; path = SceneDelegate.swift; sourceTree = "<group>"; };
		E9090D1624FA9F7600020390 /* ios_rentor.xcdatamodel */ = {isa = PBXFileReference; lastKnownFileType = wrapper.xcdatamodel; path = ios_rentor.xcdatamodel; sourceTree = "<group>"; };
		E9090D1A24FA9F7800020390 /* Assets.xcassets */ = {isa = PBXFileReference; lastKnownFileType = folder.assetcatalog; path = Assets.xcassets; sourceTree = "<group>"; };
		E9090D1D24FA9F7800020390 /* Preview Assets.xcassets */ = {isa = PBXFileReference; lastKnownFileType = folder.assetcatalog; path = "Preview Assets.xcassets"; sourceTree = "<group>"; };
		E9090D2024FA9F7800020390 /* Base */ = {isa = PBXFileReference; lastKnownFileType = file.storyboard; name = Base; path = Base.lproj/LaunchScreen.storyboard; sourceTree = "<group>"; };
		E9090D2224FA9F7800020390 /* Info.plist */ = {isa = PBXFileReference; lastKnownFileType = text.plist.xml; path = Info.plist; sourceTree = "<group>"; };
		E9090D2724FA9F7800020390 /* ios-rentorTests.xctest */ = {isa = PBXFileReference; explicitFileType = wrapper.cfbundle; includeInIndex = 0; path = "ios-rentorTests.xctest"; sourceTree = BUILT_PRODUCTS_DIR; };
		E9090D2B24FA9F7800020390 /* ios_rentorTests.swift */ = {isa = PBXFileReference; lastKnownFileType = sourcecode.swift; path = ios_rentorTests.swift; sourceTree = "<group>"; };
		E9090D2D24FA9F7800020390 /* Info.plist */ = {isa = PBXFileReference; lastKnownFileType = text.plist.xml; path = Info.plist; sourceTree = "<group>"; };
		E9090D3224FA9F7800020390 /* ios-rentorUITests.xctest */ = {isa = PBXFileReference; explicitFileType = wrapper.cfbundle; includeInIndex = 0; path = "ios-rentorUITests.xctest"; sourceTree = BUILT_PRODUCTS_DIR; };
		E9090D3624FA9F7800020390 /* ios_rentorUITests.swift */ = {isa = PBXFileReference; lastKnownFileType = sourcecode.swift; path = ios_rentorUITests.swift; sourceTree = "<group>"; };
		E9090D3824FA9F7800020390 /* Info.plist */ = {isa = PBXFileReference; lastKnownFileType = text.plist.xml; path = Info.plist; sourceTree = "<group>"; };
		E9095EC926B9869B0085331E /* SimmulatorInformation1.swift */ = {isa = PBXFileReference; lastKnownFileType = sourcecode.swift; path = SimmulatorInformation1.swift; sourceTree = "<group>"; };
		E9095ECC26B988C30085331E /* ButtonOption.swift */ = {isa = PBXFileReference; lastKnownFileType = sourcecode.swift; path = ButtonOption.swift; sourceTree = "<group>"; };
		E90986E52582500D0089525F /* GoogleService-Info.plist */ = {isa = PBXFileReference; fileEncoding = 4; lastKnownFileType = text.plist.xml; path = "GoogleService-Info.plist"; sourceTree = "<group>"; };
		E9190C7625DD321500C804B5 /* CoreMockedManager.swift */ = {isa = PBXFileReference; lastKnownFileType = sourcecode.swift; path = CoreMockedManager.swift; sourceTree = "<group>"; };
		E921275E2635FC590001E2B8 /* View+Ext.swift */ = {isa = PBXFileReference; lastKnownFileType = sourcecode.swift; path = "View+Ext.swift"; sourceTree = "<group>"; };
		E923EDE025D5B33A0076DD92 /* AppState.swift */ = {isa = PBXFileReference; lastKnownFileType = sourcecode.swift; path = AppState.swift; sourceTree = "<group>"; };
		E923EDE525D5B3E00076DD92 /* AppStore.swift */ = {isa = PBXFileReference; lastKnownFileType = sourcecode.swift; path = AppStore.swift; sourceTree = "<group>"; };
		E923EDEB25D5B4810076DD92 /* AppReducer.swift */ = {isa = PBXFileReference; lastKnownFileType = sourcecode.swift; path = AppReducer.swift; sourceTree = "<group>"; };
		E923EDF125D5B4BD0076DD92 /* AppAction.swift */ = {isa = PBXFileReference; lastKnownFileType = sourcecode.swift; path = AppAction.swift; sourceTree = "<group>"; };
		E923EDF625D5B4DE0076DD92 /* HomeAction.swift */ = {isa = PBXFileReference; lastKnownFileType = sourcecode.swift; path = HomeAction.swift; sourceTree = "<group>"; };
		E923EDFC25D5B51E0076DD92 /* LogMiddleware.swift */ = {isa = PBXFileReference; lastKnownFileType = sourcecode.swift; path = LogMiddleware.swift; sourceTree = "<group>"; };
		E923EE0425D5B57A0076DD92 /* HomeMiddleware.swift */ = {isa = PBXFileReference; lastKnownFileType = sourcecode.swift; path = HomeMiddleware.swift; sourceTree = "<group>"; };
		E9276C3626C1E553002FEAAC /* SimulatorFunding0.swift */ = {isa = PBXFileReference; lastKnownFileType = sourcecode.swift; path = SimulatorFunding0.swift; sourceTree = "<group>"; };
		E9276C3D26C1E6A3002FEAAC /* SimulatorFee0.swift */ = {isa = PBXFileReference; lastKnownFileType = sourcecode.swift; path = SimulatorFee0.swift; sourceTree = "<group>"; };
		E9276C3F26C1E6AC002FEAAC /* SimulatorTax0.swift */ = {isa = PBXFileReference; lastKnownFileType = sourcecode.swift; path = SimulatorTax0.swift; sourceTree = "<group>"; };
		E944702526302B6F009A5E5B /* TutorialPagesView.swift */ = {isa = PBXFileReference; lastKnownFileType = sourcecode.swift; path = TutorialPagesView.swift; sourceTree = "<group>"; };
		E944702B26303139009A5E5B /* Color+Ext.swift */ = {isa = PBXFileReference; lastKnownFileType = sourcecode.swift; path = "Color+Ext.swift"; sourceTree = "<group>"; };
		E944703526309BA3009A5E5B /* PageView.swift */ = {isa = PBXFileReference; lastKnownFileType = sourcecode.swift; path = PageView.swift; sourceTree = "<group>"; };
		E94492EE258BEC7F00B94481 /* RentalDBRepository.swift */ = {isa = PBXFileReference; lastKnownFileType = sourcecode.swift; path = RentalDBRepository.swift; sourceTree = "<group>"; };
		E94BA99C2632F877002725B8 /* ViewControllerResolver.swift */ = {isa = PBXFileReference; lastKnownFileType = sourcecode.swift; path = ViewControllerResolver.swift; sourceTree = "<group>"; };
		E94BA9A12632F88A002725B8 /* SearchBar.swift */ = {isa = PBXFileReference; lastKnownFileType = sourcecode.swift; path = SearchBar.swift; sourceTree = "<group>"; };
		E95C97A62681DF6100F5A625 /* SimmulatorContainer.swift */ = {isa = PBXFileReference; lastKnownFileType = sourcecode.swift; path = SimmulatorContainer.swift; sourceTree = "<group>"; };
		E95C97A82681DF7C00F5A625 /* SimmulatorListView.swift */ = {isa = PBXFileReference; lastKnownFileType = sourcecode.swift; path = SimmulatorListView.swift; sourceTree = "<group>"; };
		E95ECF4925DD80BA0071C97D /* HomeContainerView.swift */ = {isa = PBXFileReference; lastKnownFileType = sourcecode.swift; path = HomeContainerView.swift; sourceTree = "<group>"; };
		E95ECF4E25DD81230071C97D /* HomeListView.swift */ = {isa = PBXFileReference; lastKnownFileType = sourcecode.swift; path = HomeListView.swift; sourceTree = "<group>"; };
		E95ECF5325DD87BB0071C97D /* HomeRowView.swift */ = {isa = PBXFileReference; lastKnownFileType = sourcecode.swift; path = HomeRowView.swift; sourceTree = "<group>"; };
		E960C8F82684BA6A000AD450 /* SimulatorRowView.swift */ = {isa = PBXFileReference; lastKnownFileType = sourcecode.swift; path = SimulatorRowView.swift; sourceTree = "<group>"; };
		E960CF4125D5F0920037A26B /* HomeReducer.swift */ = {isa = PBXFileReference; lastKnownFileType = sourcecode.swift; path = HomeReducer.swift; sourceTree = "<group>"; };
		E9665535250033B2003BC212 /* RentorEntity.swift */ = {isa = PBXFileReference; lastKnownFileType = sourcecode.swift; path = RentorEntity.swift; sourceTree = "<group>"; };
		E974EC3D26AE0E4D000B0017 /* SimmulatorInformation2.swift */ = {isa = PBXFileReference; lastKnownFileType = sourcecode.swift; path = SimmulatorInformation2.swift; sourceTree = "<group>"; };
		E9878555250BB0C200CF8519 /* String+Ext.swift */ = {isa = PBXFileReference; lastKnownFileType = sourcecode.swift; path = "String+Ext.swift"; sourceTree = "<group>"; };
		E98C257C252B922000E06E73 /* HomeDetailView.swift */ = {isa = PBXFileReference; lastKnownFileType = sourcecode.swift; path = HomeDetailView.swift; sourceTree = "<group>"; };
		E98C2581252B96E700E06E73 /* HomeDetailViewModel.swift */ = {isa = PBXFileReference; lastKnownFileType = sourcecode.swift; path = HomeDetailViewModel.swift; sourceTree = "<group>"; };
		E99042CB25043BBA0062B493 /* CoreDataManager.swift */ = {isa = PBXFileReference; lastKnownFileType = sourcecode.swift; path = CoreDataManager.swift; sourceTree = "<group>"; };
		E991819C2615C62C00D971A1 /* SettingAction.swift */ = {isa = PBXFileReference; lastKnownFileType = sourcecode.swift; path = SettingAction.swift; sourceTree = "<group>"; };
		E99181A12615CD6400D971A1 /* SettingsReducer.swift */ = {isa = PBXFileReference; lastKnownFileType = sourcecode.swift; path = SettingsReducer.swift; sourceTree = "<group>"; };
		E99181A62615CD9300D971A1 /* ReducerProtocols.swift */ = {isa = PBXFileReference; lastKnownFileType = sourcecode.swift; path = ReducerProtocols.swift; sourceTree = "<group>"; };
		E996F2E126187C9C00447EA0 /* TutorialContainer.swift */ = {isa = PBXFileReference; lastKnownFileType = sourcecode.swift; path = TutorialContainer.swift; sourceTree = "<group>"; };
		E997C3C026AF56FF00CB6E68 /* SimmulatorInformation0.swift */ = {isa = PBXFileReference; lastKnownFileType = sourcecode.swift; path = SimmulatorInformation0.swift; sourceTree = "<group>"; };
		E999D67826052FF400C5011C /* SettingMiddleware.swift */ = {isa = PBXFileReference; lastKnownFileType = sourcecode.swift; path = SettingMiddleware.swift; sourceTree = "<group>"; };
		E999D67D26061C2E00C5011C /* SettingsDBRepository.swift */ = {isa = PBXFileReference; lastKnownFileType = sourcecode.swift; path = SettingsDBRepository.swift; sourceTree = "<group>"; };
		E9A8C6682517B4BC000E8A28 /* HomeViewModel.swift */ = {isa = PBXFileReference; lastKnownFileType = sourcecode.swift; path = HomeViewModel.swift; sourceTree = "<group>"; };
		E9A8C66D25194095000E8A28 /* Errors.swift */ = {isa = PBXFileReference; lastKnownFileType = sourcecode.swift; path = Errors.swift; sourceTree = "<group>"; };
		E9AAA94D251A1031009841B8 /* SimmulatorViewModel.swift */ = {isa = PBXFileReference; lastKnownFileType = sourcecode.swift; path = SimmulatorViewModel.swift; sourceTree = "<group>"; };
		E9AAA94F251B9244009841B8 /* SimmulatorModel.swift */ = {isa = PBXFileReference; lastKnownFileType = sourcecode.swift; path = SimmulatorModel.swift; sourceTree = "<group>"; };
		E9AAA952251BDA4B009841B8 /* InteractorsProtocol.swift */ = {isa = PBXFileReference; lastKnownFileType = sourcecode.swift; path = InteractorsProtocol.swift; sourceTree = "<group>"; };
		E9AAA95425210CF1009841B8 /* SimmulatorCellViewModel.swift */ = {isa = PBXFileReference; lastKnownFileType = sourcecode.swift; path = SimmulatorCellViewModel.swift; sourceTree = "<group>"; };
		E9AF720426C2678000A26B0D /* SettingContainerView.swift */ = {isa = PBXFileReference; lastKnownFileType = sourcecode.swift; path = SettingContainerView.swift; sourceTree = "<group>"; };
		E9AF720726C267B000A26B0D /* SettingListView.swift */ = {isa = PBXFileReference; lastKnownFileType = sourcecode.swift; path = SettingListView.swift; sourceTree = "<group>"; };
		E9B20D4A25913E2100EC52D5 /* Models+CoreData.swift */ = {isa = PBXFileReference; lastKnownFileType = sourcecode.swift; path = "Models+CoreData.swift"; sourceTree = "<group>"; };
		E9B20D4F2591403200EC52D5 /* Models.swift */ = {isa = PBXFileReference; lastKnownFileType = sourcecode.swift; path = Models.swift; sourceTree = "<group>"; };
		E9B20D542591403B00EC52D5 /* MockedData.swift */ = {isa = PBXFileReference; lastKnownFileType = sourcecode.swift; path = MockedData.swift; sourceTree = "<group>"; };
		E9B45CA024FD5ED400A79ECC /* Simmulations.xcdatamodel */ = {isa = PBXFileReference; lastKnownFileType = wrapper.xcdatamodel; path = Simmulations.xcdatamodel; sourceTree = "<group>"; };
		E9BD8DFD26C168ED00AB1D16 /* SimulatorReducer.swift */ = {isa = PBXFileReference; lastKnownFileType = sourcecode.swift; path = SimulatorReducer.swift; sourceTree = "<group>"; };
		E9BD8DFF26C169D800AB1D16 /* SimulatorAction.swift */ = {isa = PBXFileReference; lastKnownFileType = sourcecode.swift; path = SimulatorAction.swift; sourceTree = "<group>"; };
		E9BD8E0126C16CB200AB1D16 /* SimulatorMiddleware.swift */ = {isa = PBXFileReference; lastKnownFileType = sourcecode.swift; path = SimulatorMiddleware.swift; sourceTree = "<group>"; };
		E9BD8E0326C16D1600AB1D16 /* SimulatorDBRepository.swift */ = {isa = PBXFileReference; lastKnownFileType = sourcecode.swift; path = SimulatorDBRepository.swift; sourceTree = "<group>"; };
		E9C3A0AD25570A1D003BF79F /* SettingViewModel.swift */ = {isa = PBXFileReference; lastKnownFileType = sourcecode.swift; path = SettingViewModel.swift; sourceTree = "<group>"; };
		E9C47BA825D6E5520082C0D6 /* Middleware.swift */ = {isa = PBXFileReference; lastKnownFileType = sourcecode.swift; path = Middleware.swift; sourceTree = "<group>"; };
		E9D8D15C24FAF7B800DF5ABC /* RootView.swift */ = {isa = PBXFileReference; lastKnownFileType = sourcecode.swift; path = RootView.swift; sourceTree = "<group>"; };
		E9DE7BE225DABECD00EB68A2 /* MiddlewareError.swift */ = {isa = PBXFileReference; lastKnownFileType = sourcecode.swift; path = MiddlewareError.swift; sourceTree = "<group>"; };
		E9F40B4625DADC6B008BA828 /* Home.json */ = {isa = PBXFileReference; fileEncoding = 4; lastKnownFileType = text.json; path = Home.json; sourceTree = "<group>"; };
		E9F93C8A26BA654D003FD30E /* CardView.swift */ = {isa = PBXFileReference; lastKnownFileType = sourcecode.swift; path = CardView.swift; sourceTree = "<group>"; };
		F0B73656C48975407BCA3632 /* Pods-ios-rentorTests.release.xcconfig */ = {isa = PBXFileReference; includeInIndex = 1; lastKnownFileType = text.xcconfig; name = "Pods-ios-rentorTests.release.xcconfig"; path = "Target Support Files/Pods-ios-rentorTests/Pods-ios-rentorTests.release.xcconfig"; sourceTree = "<group>"; };
/* End PBXFileReference section */

/* Begin PBXFrameworksBuildPhase section */
		E9090D0B24FA9F7600020390 /* Frameworks */ = {
			isa = PBXFrameworksBuildPhase;
			buildActionMask = 2147483647;
			files = (
				D6BEDF3E343E071C4522014B /* Pods_ios_rentor.framework in Frameworks */,
			);
			runOnlyForDeploymentPostprocessing = 0;
		};
		E9090D2424FA9F7800020390 /* Frameworks */ = {
			isa = PBXFrameworksBuildPhase;
			buildActionMask = 2147483647;
			files = (
				D93B6D4522CD3E6B5EF47EC2 /* Pods_ios_rentorTests.framework in Frameworks */,
			);
			runOnlyForDeploymentPostprocessing = 0;
		};
		E9090D2F24FA9F7800020390 /* Frameworks */ = {
			isa = PBXFrameworksBuildPhase;
			buildActionMask = 2147483647;
			files = (
				B29A54D863D0F53A08C7DD29 /* Pods_ios_rentor_ios_rentorUITests.framework in Frameworks */,
			);
			runOnlyForDeploymentPostprocessing = 0;
		};
/* End PBXFrameworksBuildPhase section */

/* Begin PBXGroup section */
		6E38F4C3E463399FD6E7A103 /* Pods */ = {
			isa = PBXGroup;
			children = (
				174D7EFE4881A47F313FA50F /* Pods-ios-rentor.debug.xcconfig */,
				9D7097AF2AB88EEE5CACB1FD /* Pods-ios-rentor.release.xcconfig */,
				7CC13E33BCFE9B753E56F557 /* Pods-ios-rentor-ios-rentorUITests.debug.xcconfig */,
				712F9E38E6DAD7301DFE46D1 /* Pods-ios-rentor-ios-rentorUITests.release.xcconfig */,
				270CB155A87B785308DED500 /* Pods-ios-rentorTests.debug.xcconfig */,
				F0B73656C48975407BCA3632 /* Pods-ios-rentorTests.release.xcconfig */,
			);
			path = Pods;
			sourceTree = "<group>";
		};
		87DB0E7F71AC5FFEFE336A24 /* Frameworks */ = {
			isa = PBXGroup;
			children = (
				34999EE05D64EF449D01C337 /* Pods_ios_rentor.framework */,
				4FFF9E487C085CDB8686E8FE /* Pods_ios_rentor_ios_rentorUITests.framework */,
				49A412C258E16CB033A93C28 /* Pods_ios_rentorTests.framework */,
			);
			name = Frameworks;
			sourceTree = "<group>";
		};
		E9090D0524FA9F7600020390 = {
			isa = PBXGroup;
			children = (
				E9090D1024FA9F7600020390 /* ios-rentor */,
				E9090D2A24FA9F7800020390 /* ios-rentorTests */,
				E9090D3524FA9F7800020390 /* ios-rentorUITests */,
				E9090D0F24FA9F7600020390 /* Products */,
				6E38F4C3E463399FD6E7A103 /* Pods */,
				87DB0E7F71AC5FFEFE336A24 /* Frameworks */,
			);
			sourceTree = "<group>";
		};
		E9090D0F24FA9F7600020390 /* Products */ = {
			isa = PBXGroup;
			children = (
				E9090D0E24FA9F7600020390 /* ios-rentor.app */,
				E9090D2724FA9F7800020390 /* ios-rentorTests.xctest */,
				E9090D3224FA9F7800020390 /* ios-rentorUITests.xctest */,
			);
			name = Products;
			sourceTree = "<group>";
		};
		E9090D1024FA9F7600020390 /* ios-rentor */ = {
			isa = PBXGroup;
			children = (
				E9DE7C1225DADBF900EB68A2 /* Mocks */,
				E923EDFB25D5B50E0076DD92 /* Middleware */,
				E923EDF025D5B4B30076DD92 /* Actions */,
				E923EDEA25D5B4670076DD92 /* Reducers */,
				E923EDDF25D5B3320076DD92 /* AppState */,
				E9B20D4925913E1100EC52D5 /* Models */,
				E9449303258C094F00B94481 /* Interactors */,
				E94492FF258C08C300B94481 /* UI */,
				E94492ED258BEC5400B94481 /* Repositories */,
				E94492EC258BEAD200B94481 /* System */,
				E9090D4724FAA24400020390 /* Extensions */,
				E9B45CA224FD5EDE00A79ECC /* Persistence */,
				E9090D1A24FA9F7800020390 /* Assets.xcassets */,
				E9090D2224FA9F7800020390 /* Info.plist */,
				E90986E52582500D0089525F /* GoogleService-Info.plist */,
				E9090D1524FA9F7600020390 /* ios_rentor.xcdatamodeld */,
				E9090D1C24FA9F7800020390 /* Preview Content */,
			);
			path = "ios-rentor";
			sourceTree = "<group>";
		};
		E9090D1C24FA9F7800020390 /* Preview Content */ = {
			isa = PBXGroup;
			children = (
				E9090D1D24FA9F7800020390 /* Preview Assets.xcassets */,
			);
			path = "Preview Content";
			sourceTree = "<group>";
		};
		E9090D2A24FA9F7800020390 /* ios-rentorTests */ = {
			isa = PBXGroup;
			children = (
				E9090D2B24FA9F7800020390 /* ios_rentorTests.swift */,
				E9090D2D24FA9F7800020390 /* Info.plist */,
			);
			path = "ios-rentorTests";
			sourceTree = "<group>";
		};
		E9090D3524FA9F7800020390 /* ios-rentorUITests */ = {
			isa = PBXGroup;
			children = (
				E9090D3624FA9F7800020390 /* ios_rentorUITests.swift */,
				E9090D3824FA9F7800020390 /* Info.plist */,
			);
			path = "ios-rentorUITests";
			sourceTree = "<group>";
		};
		E9090D4724FAA24400020390 /* Extensions */ = {
			isa = PBXGroup;
			children = (
				E9878555250BB0C200CF8519 /* String+Ext.swift */,
				E944702B26303139009A5E5B /* Color+Ext.swift */,
				E921275E2635FC590001E2B8 /* View+Ext.swift */,
			);
			path = Extensions;
			sourceTree = "<group>";
		};
		E9090D4824FAA45D00020390 /* LaunchScreen */ = {
			isa = PBXGroup;
			children = (
				E9090D1F24FA9F7800020390 /* LaunchScreen.storyboard */,
			);
			path = LaunchScreen;
			sourceTree = "<group>";
		};
		E9090D4F24FAA49F00020390 /* Model */ = {
			isa = PBXGroup;
			children = (
				E9665535250033B2003BC212 /* RentorEntity.swift */,
			);
			path = Model;
			sourceTree = "<group>";
		};
		E9095ECB26B988BA0085331E /* View */ = {
			isa = PBXGroup;
			children = (
				E9095ECC26B988C30085331E /* ButtonOption.swift */,
				E9F93C8A26BA654D003FD30E /* CardView.swift */,
			);
			path = View;
			sourceTree = "<group>";
		};
		E923EDDF25D5B3320076DD92 /* AppState */ = {
			isa = PBXGroup;
			children = (
				E923EDE025D5B33A0076DD92 /* AppState.swift */,
				E923EDE525D5B3E00076DD92 /* AppStore.swift */,
			);
			path = AppState;
			sourceTree = "<group>";
		};
		E923EDEA25D5B4670076DD92 /* Reducers */ = {
			isa = PBXGroup;
			children = (
				E923EDEB25D5B4810076DD92 /* AppReducer.swift */,
				E99181A12615CD6400D971A1 /* SettingsReducer.swift */,
				E960CF4125D5F0920037A26B /* HomeReducer.swift */,
				E99181A62615CD9300D971A1 /* ReducerProtocols.swift */,
				E9BD8DFD26C168ED00AB1D16 /* SimulatorReducer.swift */,
			);
			path = Reducers;
			sourceTree = "<group>";
		};
		E923EDF025D5B4B30076DD92 /* Actions */ = {
			isa = PBXGroup;
			children = (
				E923EDF125D5B4BD0076DD92 /* AppAction.swift */,
				E923EDF625D5B4DE0076DD92 /* HomeAction.swift */,
				E991819C2615C62C00D971A1 /* SettingAction.swift */,
				E9BD8DFF26C169D800AB1D16 /* SimulatorAction.swift */,
			);
			path = Actions;
			sourceTree = "<group>";
		};
		E923EDFB25D5B50E0076DD92 /* Middleware */ = {
			isa = PBXGroup;
			children = (
				E923EDFC25D5B51E0076DD92 /* LogMiddleware.swift */,
				E923EE0425D5B57A0076DD92 /* HomeMiddleware.swift */,
				E999D67826052FF400C5011C /* SettingMiddleware.swift */,
				E9C47BA825D6E5520082C0D6 /* Middleware.swift */,
				E9DE7BE225DABECD00EB68A2 /* MiddlewareError.swift */,
				E9BD8E0126C16CB200AB1D16 /* SimulatorMiddleware.swift */,
			);
			path = Middleware;
			sourceTree = "<group>";
		};
		E9276C3826C1E5BE002FEAAC /* Funding */ = {
			isa = PBXGroup;
			children = (
				E9276C3626C1E553002FEAAC /* SimulatorFunding0.swift */,
			);
			path = Funding;
			sourceTree = "<group>";
		};
		E9276C3926C1E5C4002FEAAC /* Information */ = {
			isa = PBXGroup;
			children = (
				E960C8F82684BA6A000AD450 /* SimulatorRowView.swift */,
				E974EC3D26AE0E4D000B0017 /* SimmulatorInformation2.swift */,
				E997C3C026AF56FF00CB6E68 /* SimmulatorInformation0.swift */,
				E9095EC926B9869B0085331E /* SimmulatorInformation1.swift */,
			);
			path = Information;
			sourceTree = "<group>";
		};
		E9276C3A26C1E5CD002FEAAC /* Fee */ = {
			isa = PBXGroup;
			children = (
				E9276C3D26C1E6A3002FEAAC /* SimulatorFee0.swift */,
			);
			path = Fee;
			sourceTree = "<group>";
		};
		E9276C3C26C1E5E6002FEAAC /* Tax */ = {
			isa = PBXGroup;
			children = (
				E9276C3F26C1E6AC002FEAAC /* SimulatorTax0.swift */,
			);
			path = Tax;
			sourceTree = "<group>";
		};
		E94492EC258BEAD200B94481 /* System */ = {
			isa = PBXGroup;
			children = (
				E9090D1124FA9F7600020390 /* AppDelegate.swift */,
				E9090D1324FA9F7600020390 /* SceneDelegate.swift */,
			);
			path = System;
			sourceTree = "<group>";
		};
		E94492ED258BEC5400B94481 /* Repositories */ = {
			isa = PBXGroup;
			children = (
				E94492EE258BEC7F00B94481 /* RentalDBRepository.swift */,
				E999D67D26061C2E00C5011C /* SettingsDBRepository.swift */,
				E9BD8E0326C16D1600AB1D16 /* SimulatorDBRepository.swift */,
			);
			path = Repositories;
			sourceTree = "<group>";
		};
		E94492FF258C08C300B94481 /* UI */ = {
			isa = PBXGroup;
			children = (
				E996F2E026187C8400447EA0 /* Tutorial */,
				E9090D4824FAA45D00020390 /* LaunchScreen */,
				E9449314258C0A2300B94481 /* HomeDetail */,
				E9449308258C099C00B94481 /* Root */,
				E9449302258C090B00B94481 /* Setting */,
				E9449301258C090600B94481 /* Home */,
				E9449300258C08F800B94481 /* Simmulator */,
			);
			path = UI;
			sourceTree = "<group>";
		};
		E9449300258C08F800B94481 /* Simmulator */ = {
			isa = PBXGroup;
			children = (
				E9276C3C26C1E5E6002FEAAC /* Tax */,
				E9276C3A26C1E5CD002FEAAC /* Fee */,
				E9276C3926C1E5C4002FEAAC /* Information */,
				E9276C3826C1E5BE002FEAAC /* Funding */,
				E9095ECB26B988BA0085331E /* View */,
				E95C97A62681DF6100F5A625 /* SimmulatorContainer.swift */,
				E95C97A82681DF7C00F5A625 /* SimmulatorListView.swift */,
			);
			path = Simmulator;
			sourceTree = "<group>";
		};
		E9449301258C090600B94481 /* Home */ = {
			isa = PBXGroup;
			children = (
				E94BA9952632F864002725B8 /* SearchBar */,
				E95ECF4925DD80BA0071C97D /* HomeContainerView.swift */,
				E95ECF4E25DD81230071C97D /* HomeListView.swift */,
				E95ECF5325DD87BB0071C97D /* HomeRowView.swift */,
			);
			path = Home;
			sourceTree = "<group>";
		};
		E9449302258C090B00B94481 /* Setting */ = {
			isa = PBXGroup;
			children = (
				E9AF720426C2678000A26B0D /* SettingContainerView.swift */,
				E9AF720726C267B000A26B0D /* SettingListView.swift */,
			);
			path = Setting;
			sourceTree = "<group>";
		};
		E9449303258C094F00B94481 /* Interactors */ = {
			isa = PBXGroup;
			children = (
				E9AAA952251BDA4B009841B8 /* InteractorsProtocol.swift */,
				E9449307258C097F00B94481 /* Simmulator */,
				E9449306258C097900B94481 /* HomeDetail */,
				E9449305258C097400B94481 /* Home */,
				E9449304258C096F00B94481 /* Setting */,
			);
			path = Interactors;
			sourceTree = "<group>";
		};
		E9449304258C096F00B94481 /* Setting */ = {
			isa = PBXGroup;
			children = (
				E9C3A0AD25570A1D003BF79F /* SettingViewModel.swift */,
			);
			path = Setting;
			sourceTree = "<group>";
		};
		E9449305258C097400B94481 /* Home */ = {
			isa = PBXGroup;
			children = (
				E9A8C6682517B4BC000E8A28 /* HomeViewModel.swift */,
			);
			path = Home;
			sourceTree = "<group>";
		};
		E9449306258C097900B94481 /* HomeDetail */ = {
			isa = PBXGroup;
			children = (
				E98C2581252B96E700E06E73 /* HomeDetailViewModel.swift */,
			);
			path = HomeDetail;
			sourceTree = "<group>";
		};
		E9449307258C097F00B94481 /* Simmulator */ = {
			isa = PBXGroup;
			children = (
				E9AAA94F251B9244009841B8 /* SimmulatorModel.swift */,
				E9AAA94D251A1031009841B8 /* SimmulatorViewModel.swift */,
				E9AAA95425210CF1009841B8 /* SimmulatorCellViewModel.swift */,
			);
			path = Simmulator;
			sourceTree = "<group>";
		};
		E9449308258C099C00B94481 /* Root */ = {
			isa = PBXGroup;
			children = (
				E9D8D15C24FAF7B800DF5ABC /* RootView.swift */,
			);
			path = Root;
			sourceTree = "<group>";
		};
		E9449314258C0A2300B94481 /* HomeDetail */ = {
			isa = PBXGroup;
			children = (
				E98C257C252B922000E06E73 /* HomeDetailView.swift */,
			);
			path = HomeDetail;
			sourceTree = "<group>";
		};
		E94BA9952632F864002725B8 /* SearchBar */ = {
			isa = PBXGroup;
			children = (
				E94BA99C2632F877002725B8 /* ViewControllerResolver.swift */,
				E94BA9A12632F88A002725B8 /* SearchBar.swift */,
			);
			path = SearchBar;
			sourceTree = "<group>";
		};
		E996F2E026187C8400447EA0 /* Tutorial */ = {
			isa = PBXGroup;
			children = (
				E996F2E126187C9C00447EA0 /* TutorialContainer.swift */,
				E944702526302B6F009A5E5B /* TutorialPagesView.swift */,
				E944703526309BA3009A5E5B /* PageView.swift */,
			);
			path = Tutorial;
			sourceTree = "<group>";
		};
		E9B20D4925913E1100EC52D5 /* Models */ = {
			isa = PBXGroup;
			children = (
				E9B20D4A25913E2100EC52D5 /* Models+CoreData.swift */,
				E9B20D4F2591403200EC52D5 /* Models.swift */,
				E9B20D542591403B00EC52D5 /* MockedData.swift */,
			);
			path = Models;
			sourceTree = "<group>";
		};
		E9B45CA224FD5EDE00A79ECC /* Persistence */ = {
			isa = PBXGroup;
			children = (
				E9A8C66D25194095000E8A28 /* Errors.swift */,
				E9B45C9F24FD5ED400A79ECC /* rentorCoreData.xcdatamodeld */,
				E99042CB25043BBA0062B493 /* CoreDataManager.swift */,
				E9090D4F24FAA49F00020390 /* Model */,
				E9190C7625DD321500C804B5 /* CoreMockedManager.swift */,
			);
			path = Persistence;
			sourceTree = "<group>";
		};
		E9DE7C1225DADBF900EB68A2 /* Mocks */ = {
			isa = PBXGroup;
			children = (
				E9F40B4625DADC6B008BA828 /* Home.json */,
			);
			path = Mocks;
			sourceTree = "<group>";
		};
/* End PBXGroup section */

/* Begin PBXNativeTarget section */
		E9090D0D24FA9F7600020390 /* ios-rentor */ = {
			isa = PBXNativeTarget;
			buildConfigurationList = E9090D3B24FA9F7800020390 /* Build configuration list for PBXNativeTarget "ios-rentor" */;
			buildPhases = (
				8D662FA16408A58A0C541393 /* [CP] Check Pods Manifest.lock */,
				E9090D0A24FA9F7600020390 /* Sources */,
				E9090D0B24FA9F7600020390 /* Frameworks */,
				E9090D0C24FA9F7600020390 /* Resources */,
				3DC5285128C28F5FA82334F3 /* [CP] Embed Pods Frameworks */,
				E909871F258259640089525F /* ShellScript */,
			);
			buildRules = (
			);
			dependencies = (
			);
			name = "ios-rentor";
			productName = "ios-rentor";
			productReference = E9090D0E24FA9F7600020390 /* ios-rentor.app */;
			productType = "com.apple.product-type.application";
		};
		E9090D2624FA9F7800020390 /* ios-rentorTests */ = {
			isa = PBXNativeTarget;
			buildConfigurationList = E9090D3E24FA9F7800020390 /* Build configuration list for PBXNativeTarget "ios-rentorTests" */;
			buildPhases = (
				A8D1ECE1E1B2CBB19F4979D2 /* [CP] Check Pods Manifest.lock */,
				E9090D2324FA9F7800020390 /* Sources */,
				E9090D2424FA9F7800020390 /* Frameworks */,
				E9090D2524FA9F7800020390 /* Resources */,
			);
			buildRules = (
			);
			dependencies = (
				E9090D2924FA9F7800020390 /* PBXTargetDependency */,
			);
			name = "ios-rentorTests";
			productName = "ios-rentorTests";
			productReference = E9090D2724FA9F7800020390 /* ios-rentorTests.xctest */;
			productType = "com.apple.product-type.bundle.unit-test";
		};
		E9090D3124FA9F7800020390 /* ios-rentorUITests */ = {
			isa = PBXNativeTarget;
			buildConfigurationList = E9090D4124FA9F7800020390 /* Build configuration list for PBXNativeTarget "ios-rentorUITests" */;
			buildPhases = (
				853A1B05F0E3735E8B7D4611 /* [CP] Check Pods Manifest.lock */,
				E9090D2E24FA9F7800020390 /* Sources */,
				E9090D2F24FA9F7800020390 /* Frameworks */,
				E9090D3024FA9F7800020390 /* Resources */,
				5B87850D7DE5C82A13D24E84 /* [CP] Embed Pods Frameworks */,
			);
			buildRules = (
			);
			dependencies = (
				E9090D3424FA9F7800020390 /* PBXTargetDependency */,
			);
			name = "ios-rentorUITests";
			productName = "ios-rentorUITests";
			productReference = E9090D3224FA9F7800020390 /* ios-rentorUITests.xctest */;
			productType = "com.apple.product-type.bundle.ui-testing";
		};
/* End PBXNativeTarget section */

/* Begin PBXProject section */
		E9090D0624FA9F7600020390 /* Project object */ = {
			isa = PBXProject;
			attributes = {
				LastSwiftUpdateCheck = 1140;
				LastUpgradeCheck = 1220;
				ORGANIZATIONNAME = Thomas;
				TargetAttributes = {
					E9090D0D24FA9F7600020390 = {
						CreatedOnToolsVersion = 11.4;
					};
					E9090D2624FA9F7800020390 = {
						CreatedOnToolsVersion = 11.4;
						TestTargetID = E9090D0D24FA9F7600020390;
					};
					E9090D3124FA9F7800020390 = {
						CreatedOnToolsVersion = 11.4;
						TestTargetID = E9090D0D24FA9F7600020390;
					};
				};
			};
			buildConfigurationList = E9090D0924FA9F7600020390 /* Build configuration list for PBXProject "ios-rentor" */;
			compatibilityVersion = "Xcode 9.3";
			developmentRegion = en;
			hasScannedForEncodings = 0;
			knownRegions = (
				en,
				Base,
			);
			mainGroup = E9090D0524FA9F7600020390;
			productRefGroup = E9090D0F24FA9F7600020390 /* Products */;
			projectDirPath = "";
			projectRoot = "";
			targets = (
				E9090D0D24FA9F7600020390 /* ios-rentor */,
				E9090D2624FA9F7800020390 /* ios-rentorTests */,
				E9090D3124FA9F7800020390 /* ios-rentorUITests */,
			);
		};
/* End PBXProject section */

/* Begin PBXResourcesBuildPhase section */
		E9090D0C24FA9F7600020390 /* Resources */ = {
			isa = PBXResourcesBuildPhase;
			buildActionMask = 2147483647;
			files = (
				E9090D2124FA9F7800020390 /* LaunchScreen.storyboard in Resources */,
				E90986E62582500D0089525F /* GoogleService-Info.plist in Resources */,
				E9F40B4725DADC6B008BA828 /* Home.json in Resources */,
				E9090D1E24FA9F7800020390 /* Preview Assets.xcassets in Resources */,
				E9090D1B24FA9F7800020390 /* Assets.xcassets in Resources */,
			);
			runOnlyForDeploymentPostprocessing = 0;
		};
		E9090D2524FA9F7800020390 /* Resources */ = {
			isa = PBXResourcesBuildPhase;
			buildActionMask = 2147483647;
			files = (
			);
			runOnlyForDeploymentPostprocessing = 0;
		};
		E9090D3024FA9F7800020390 /* Resources */ = {
			isa = PBXResourcesBuildPhase;
			buildActionMask = 2147483647;
			files = (
			);
			runOnlyForDeploymentPostprocessing = 0;
		};
/* End PBXResourcesBuildPhase section */

/* Begin PBXShellScriptBuildPhase section */
		3DC5285128C28F5FA82334F3 /* [CP] Embed Pods Frameworks */ = {
			isa = PBXShellScriptBuildPhase;
			buildActionMask = 2147483647;
			files = (
			);
			inputFileListPaths = (
				"${PODS_ROOT}/Target Support Files/Pods-ios-rentor/Pods-ios-rentor-frameworks-${CONFIGURATION}-input-files.xcfilelist",
			);
			name = "[CP] Embed Pods Frameworks";
			outputFileListPaths = (
				"${PODS_ROOT}/Target Support Files/Pods-ios-rentor/Pods-ios-rentor-frameworks-${CONFIGURATION}-output-files.xcfilelist",
			);
			runOnlyForDeploymentPostprocessing = 0;
			shellPath = /bin/sh;
			shellScript = "\"${PODS_ROOT}/Target Support Files/Pods-ios-rentor/Pods-ios-rentor-frameworks.sh\"\n";
			showEnvVarsInLog = 0;
		};
		5B87850D7DE5C82A13D24E84 /* [CP] Embed Pods Frameworks */ = {
			isa = PBXShellScriptBuildPhase;
			buildActionMask = 2147483647;
			files = (
			);
			inputFileListPaths = (
				"${PODS_ROOT}/Target Support Files/Pods-ios-rentor-ios-rentorUITests/Pods-ios-rentor-ios-rentorUITests-frameworks-${CONFIGURATION}-input-files.xcfilelist",
			);
			name = "[CP] Embed Pods Frameworks";
			outputFileListPaths = (
				"${PODS_ROOT}/Target Support Files/Pods-ios-rentor-ios-rentorUITests/Pods-ios-rentor-ios-rentorUITests-frameworks-${CONFIGURATION}-output-files.xcfilelist",
			);
			runOnlyForDeploymentPostprocessing = 0;
			shellPath = /bin/sh;
			shellScript = "\"${PODS_ROOT}/Target Support Files/Pods-ios-rentor-ios-rentorUITests/Pods-ios-rentor-ios-rentorUITests-frameworks.sh\"\n";
			showEnvVarsInLog = 0;
		};
		853A1B05F0E3735E8B7D4611 /* [CP] Check Pods Manifest.lock */ = {
			isa = PBXShellScriptBuildPhase;
			buildActionMask = 2147483647;
			files = (
			);
			inputFileListPaths = (
			);
			inputPaths = (
				"${PODS_PODFILE_DIR_PATH}/Podfile.lock",
				"${PODS_ROOT}/Manifest.lock",
			);
			name = "[CP] Check Pods Manifest.lock";
			outputFileListPaths = (
			);
			outputPaths = (
				"$(DERIVED_FILE_DIR)/Pods-ios-rentor-ios-rentorUITests-checkManifestLockResult.txt",
			);
			runOnlyForDeploymentPostprocessing = 0;
			shellPath = /bin/sh;
			shellScript = "diff \"${PODS_PODFILE_DIR_PATH}/Podfile.lock\" \"${PODS_ROOT}/Manifest.lock\" > /dev/null\nif [ $? != 0 ] ; then\n    # print error to STDERR\n    echo \"error: The sandbox is not in sync with the Podfile.lock. Run 'pod install' or update your CocoaPods installation.\" >&2\n    exit 1\nfi\n# This output is used by Xcode 'outputs' to avoid re-running this script phase.\necho \"SUCCESS\" > \"${SCRIPT_OUTPUT_FILE_0}\"\n";
			showEnvVarsInLog = 0;
		};
		8D662FA16408A58A0C541393 /* [CP] Check Pods Manifest.lock */ = {
			isa = PBXShellScriptBuildPhase;
			buildActionMask = 2147483647;
			files = (
			);
			inputFileListPaths = (
			);
			inputPaths = (
				"${PODS_PODFILE_DIR_PATH}/Podfile.lock",
				"${PODS_ROOT}/Manifest.lock",
			);
			name = "[CP] Check Pods Manifest.lock";
			outputFileListPaths = (
			);
			outputPaths = (
				"$(DERIVED_FILE_DIR)/Pods-ios-rentor-checkManifestLockResult.txt",
			);
			runOnlyForDeploymentPostprocessing = 0;
			shellPath = /bin/sh;
			shellScript = "diff \"${PODS_PODFILE_DIR_PATH}/Podfile.lock\" \"${PODS_ROOT}/Manifest.lock\" > /dev/null\nif [ $? != 0 ] ; then\n    # print error to STDERR\n    echo \"error: The sandbox is not in sync with the Podfile.lock. Run 'pod install' or update your CocoaPods installation.\" >&2\n    exit 1\nfi\n# This output is used by Xcode 'outputs' to avoid re-running this script phase.\necho \"SUCCESS\" > \"${SCRIPT_OUTPUT_FILE_0}\"\n";
			showEnvVarsInLog = 0;
		};
		A8D1ECE1E1B2CBB19F4979D2 /* [CP] Check Pods Manifest.lock */ = {
			isa = PBXShellScriptBuildPhase;
			buildActionMask = 2147483647;
			files = (
			);
			inputFileListPaths = (
			);
			inputPaths = (
				"${PODS_PODFILE_DIR_PATH}/Podfile.lock",
				"${PODS_ROOT}/Manifest.lock",
			);
			name = "[CP] Check Pods Manifest.lock";
			outputFileListPaths = (
			);
			outputPaths = (
				"$(DERIVED_FILE_DIR)/Pods-ios-rentorTests-checkManifestLockResult.txt",
			);
			runOnlyForDeploymentPostprocessing = 0;
			shellPath = /bin/sh;
			shellScript = "diff \"${PODS_PODFILE_DIR_PATH}/Podfile.lock\" \"${PODS_ROOT}/Manifest.lock\" > /dev/null\nif [ $? != 0 ] ; then\n    # print error to STDERR\n    echo \"error: The sandbox is not in sync with the Podfile.lock. Run 'pod install' or update your CocoaPods installation.\" >&2\n    exit 1\nfi\n# This output is used by Xcode 'outputs' to avoid re-running this script phase.\necho \"SUCCESS\" > \"${SCRIPT_OUTPUT_FILE_0}\"\n";
			showEnvVarsInLog = 0;
		};
		E909871F258259640089525F /* ShellScript */ = {
			isa = PBXShellScriptBuildPhase;
			buildActionMask = 2147483647;
			files = (
			);
			inputFileListPaths = (
			);
			inputPaths = (
			);
			outputFileListPaths = (
			);
			outputPaths = (
			);
			runOnlyForDeploymentPostprocessing = 0;
			shellPath = /bin/sh;
			shellScript = "# Type a script or drag a script file from your workspace to insert its path.\n\n\"${PODS_ROOT}/SwiftLint/swiftlint\"\n\n";
		};
/* End PBXShellScriptBuildPhase section */

/* Begin PBXSourcesBuildPhase section */
		E9090D0A24FA9F7600020390 /* Sources */ = {
			isa = PBXSourcesBuildPhase;
			buildActionMask = 2147483647;
			files = (
				E9B20D502591403200EC52D5 /* Models.swift in Sources */,
				E9095ECA26B9869B0085331E /* SimmulatorInformation1.swift in Sources */,
				E99042CC25043BBA0062B493 /* CoreDataManager.swift in Sources */,
				E997C3C126AF56FF00CB6E68 /* SimmulatorInformation0.swift in Sources */,
				E9D8D15D24FAF7B800DF5ABC /* RootView.swift in Sources */,
				E9878556250BB0C200CF8519 /* String+Ext.swift in Sources */,
				E94492EF258BEC7F00B94481 /* RentalDBRepository.swift in Sources */,
				E991819D2615C62C00D971A1 /* SettingAction.swift in Sources */,
				E9BD8E0426C16D1600AB1D16 /* SimulatorDBRepository.swift in Sources */,
				E9C3A0AE25570A1D003BF79F /* SettingViewModel.swift in Sources */,
				E923EDF225D5B4BD0076DD92 /* AppAction.swift in Sources */,
				E9DE7BE325DABECD00EB68A2 /* MiddlewareError.swift in Sources */,
				E9BD8DFE26C168ED00AB1D16 /* SimulatorReducer.swift in Sources */,
				E9C47BA925D6E5520082C0D6 /* Middleware.swift in Sources */,
				E9090D1224FA9F7600020390 /* AppDelegate.swift in Sources */,
				E974EC3E26AE0E4D000B0017 /* SimmulatorInformation2.swift in Sources */,
				E94BA9A22632F88A002725B8 /* SearchBar.swift in Sources */,
				E9AAA95525210CF1009841B8 /* SimmulatorCellViewModel.swift in Sources */,
				E9090D1724FA9F7600020390 /* ios_rentor.xcdatamodeld in Sources */,
				E9AF720826C267B000A26B0D /* SettingListView.swift in Sources */,
				E98C2582252B96E700E06E73 /* HomeDetailViewModel.swift in Sources */,
				E9276C3E26C1E6A3002FEAAC /* SimulatorFee0.swift in Sources */,
				E95C97A72681DF6100F5A625 /* SimmulatorContainer.swift in Sources */,
				E999D67E26061C2E00C5011C /* SettingsDBRepository.swift in Sources */,
				E944702626302B6F009A5E5B /* TutorialPagesView.swift in Sources */,
				E9A8C66E25194095000E8A28 /* Errors.swift in Sources */,
				E98C257D252B922000E06E73 /* HomeDetailView.swift in Sources */,
				E921275F2635FC590001E2B8 /* View+Ext.swift in Sources */,
				E9665536250033B2003BC212 /* RentorEntity.swift in Sources */,
				E9A8C6692517B4BC000E8A28 /* HomeViewModel.swift in Sources */,
				E9276C4026C1E6AC002FEAAC /* SimulatorTax0.swift in Sources */,
				E923EDF725D5B4DE0076DD92 /* HomeAction.swift in Sources */,
				E9B45CA124FD5ED400A79ECC /* rentorCoreData.xcdatamodeld in Sources */,
				E99181A22615CD6400D971A1 /* SettingsReducer.swift in Sources */,
				E9090D1424FA9F7600020390 /* SceneDelegate.swift in Sources */,
				E95ECF4A25DD80BA0071C97D /* HomeContainerView.swift in Sources */,
				E9190C7725DD321500C804B5 /* CoreMockedManager.swift in Sources */,
				E960CF4225D5F0920037A26B /* HomeReducer.swift in Sources */,
				E9B20D4B25913E2100EC52D5 /* Models+CoreData.swift in Sources */,
				E999D67926052FF400C5011C /* SettingMiddleware.swift in Sources */,
				E99181A72615CD9300D971A1 /* ReducerProtocols.swift in Sources */,
				E996F2E226187C9C00447EA0 /* TutorialContainer.swift in Sources */,
				E923EDE125D5B33A0076DD92 /* AppState.swift in Sources */,
				E95ECF5425DD87BB0071C97D /* HomeRowView.swift in Sources */,
				E9276C3726C1E553002FEAAC /* SimulatorFunding0.swift in Sources */,
				E923EDFD25D5B51E0076DD92 /* LogMiddleware.swift in Sources */,
				E9095ECD26B988C30085331E /* ButtonOption.swift in Sources */,
				E923EDEC25D5B4810076DD92 /* AppReducer.swift in Sources */,
				E9BD8E0026C169D800AB1D16 /* SimulatorAction.swift in Sources */,
				E960C8F92684BA6A000AD450 /* SimulatorRowView.swift in Sources */,
				E9B20D552591403B00EC52D5 /* MockedData.swift in Sources */,
				E9AAA950251B9244009841B8 /* SimmulatorModel.swift in Sources */,
				E944702C26303139009A5E5B /* Color+Ext.swift in Sources */,
				E9BD8E0226C16CB200AB1D16 /* SimulatorMiddleware.swift in Sources */,
				E9F93C8B26BA654D003FD30E /* CardView.swift in Sources */,
				E923EE0525D5B57A0076DD92 /* HomeMiddleware.swift in Sources */,
				E9AF720526C2678000A26B0D /* SettingContainerView.swift in Sources */,
				E944703626309BA3009A5E5B /* PageView.swift in Sources */,
				E94BA99D2632F877002725B8 /* ViewControllerResolver.swift in Sources */,
				E923EDE625D5B3E00076DD92 /* AppStore.swift in Sources */,
				E95ECF4F25DD81230071C97D /* HomeListView.swift in Sources */,
				E9AAA953251BDA4B009841B8 /* InteractorsProtocol.swift in Sources */,
				E95C97A92681DF7C00F5A625 /* SimmulatorListView.swift in Sources */,
				E9AAA94E251A1031009841B8 /* SimmulatorViewModel.swift in Sources */,
			);
			runOnlyForDeploymentPostprocessing = 0;
		};
		E9090D2324FA9F7800020390 /* Sources */ = {
			isa = PBXSourcesBuildPhase;
			buildActionMask = 2147483647;
			files = (
				E9090D2C24FA9F7800020390 /* ios_rentorTests.swift in Sources */,
			);
			runOnlyForDeploymentPostprocessing = 0;
		};
		E9090D2E24FA9F7800020390 /* Sources */ = {
			isa = PBXSourcesBuildPhase;
			buildActionMask = 2147483647;
			files = (
				E9090D3724FA9F7800020390 /* ios_rentorUITests.swift in Sources */,
			);
			runOnlyForDeploymentPostprocessing = 0;
		};
/* End PBXSourcesBuildPhase section */

/* Begin PBXTargetDependency section */
		E9090D2924FA9F7800020390 /* PBXTargetDependency */ = {
			isa = PBXTargetDependency;
			target = E9090D0D24FA9F7600020390 /* ios-rentor */;
			targetProxy = E9090D2824FA9F7800020390 /* PBXContainerItemProxy */;
		};
		E9090D3424FA9F7800020390 /* PBXTargetDependency */ = {
			isa = PBXTargetDependency;
			target = E9090D0D24FA9F7600020390 /* ios-rentor */;
			targetProxy = E9090D3324FA9F7800020390 /* PBXContainerItemProxy */;
		};
/* End PBXTargetDependency section */

/* Begin PBXVariantGroup section */
		E9090D1F24FA9F7800020390 /* LaunchScreen.storyboard */ = {
			isa = PBXVariantGroup;
			children = (
				E9090D2024FA9F7800020390 /* Base */,
			);
			name = LaunchScreen.storyboard;
			sourceTree = "<group>";
		};
/* End PBXVariantGroup section */

/* Begin XCBuildConfiguration section */
		E9090D3924FA9F7800020390 /* Debug */ = {
			isa = XCBuildConfiguration;
			buildSettings = {
				ALWAYS_SEARCH_USER_PATHS = NO;
				CLANG_ANALYZER_NONNULL = YES;
				CLANG_ANALYZER_NUMBER_OBJECT_CONVERSION = YES_AGGRESSIVE;
				CLANG_CXX_LANGUAGE_STANDARD = "gnu++14";
				CLANG_CXX_LIBRARY = "libc++";
				CLANG_ENABLE_MODULES = YES;
				CLANG_ENABLE_OBJC_ARC = YES;
				CLANG_ENABLE_OBJC_WEAK = YES;
				CLANG_WARN_BLOCK_CAPTURE_AUTORELEASING = YES;
				CLANG_WARN_BOOL_CONVERSION = YES;
				CLANG_WARN_COMMA = YES;
				CLANG_WARN_CONSTANT_CONVERSION = YES;
				CLANG_WARN_DEPRECATED_OBJC_IMPLEMENTATIONS = YES;
				CLANG_WARN_DIRECT_OBJC_ISA_USAGE = YES_ERROR;
				CLANG_WARN_DOCUMENTATION_COMMENTS = YES;
				CLANG_WARN_EMPTY_BODY = YES;
				CLANG_WARN_ENUM_CONVERSION = YES;
				CLANG_WARN_INFINITE_RECURSION = YES;
				CLANG_WARN_INT_CONVERSION = YES;
				CLANG_WARN_NON_LITERAL_NULL_CONVERSION = YES;
				CLANG_WARN_OBJC_IMPLICIT_RETAIN_SELF = YES;
				CLANG_WARN_OBJC_LITERAL_CONVERSION = YES;
				CLANG_WARN_OBJC_ROOT_CLASS = YES_ERROR;
				CLANG_WARN_QUOTED_INCLUDE_IN_FRAMEWORK_HEADER = YES;
				CLANG_WARN_RANGE_LOOP_ANALYSIS = YES;
				CLANG_WARN_STRICT_PROTOTYPES = YES;
				CLANG_WARN_SUSPICIOUS_MOVE = YES;
				CLANG_WARN_UNGUARDED_AVAILABILITY = YES_AGGRESSIVE;
				CLANG_WARN_UNREACHABLE_CODE = YES;
				CLANG_WARN__DUPLICATE_METHOD_MATCH = YES;
				COPY_PHASE_STRIP = NO;
				DEBUG_INFORMATION_FORMAT = dwarf;
				ENABLE_STRICT_OBJC_MSGSEND = YES;
				ENABLE_TESTABILITY = YES;
				GCC_C_LANGUAGE_STANDARD = gnu11;
				GCC_DYNAMIC_NO_PIC = NO;
				GCC_NO_COMMON_BLOCKS = YES;
				GCC_OPTIMIZATION_LEVEL = 0;
				GCC_PREPROCESSOR_DEFINITIONS = (
					"DEBUG=1",
					"$(inherited)",
				);
				GCC_WARN_64_TO_32_BIT_CONVERSION = YES;
				GCC_WARN_ABOUT_RETURN_TYPE = YES_ERROR;
				GCC_WARN_UNDECLARED_SELECTOR = YES;
				GCC_WARN_UNINITIALIZED_AUTOS = YES_AGGRESSIVE;
				GCC_WARN_UNUSED_FUNCTION = YES;
				GCC_WARN_UNUSED_VARIABLE = YES;
				IPHONEOS_DEPLOYMENT_TARGET = 14.0;
				MTL_ENABLE_DEBUG_INFO = INCLUDE_SOURCE;
				MTL_FAST_MATH = YES;
				ONLY_ACTIVE_ARCH = YES;
				SDKROOT = iphoneos;
				SWIFT_ACTIVE_COMPILATION_CONDITIONS = DEBUG;
				SWIFT_OPTIMIZATION_LEVEL = "-Onone";
				SWIFT_VERSION = 5.0;
			};
			name = Debug;
		};
		E9090D3A24FA9F7800020390 /* Release */ = {
			isa = XCBuildConfiguration;
			buildSettings = {
				ALWAYS_SEARCH_USER_PATHS = NO;
				CLANG_ANALYZER_NONNULL = YES;
				CLANG_ANALYZER_NUMBER_OBJECT_CONVERSION = YES_AGGRESSIVE;
				CLANG_CXX_LANGUAGE_STANDARD = "gnu++14";
				CLANG_CXX_LIBRARY = "libc++";
				CLANG_ENABLE_MODULES = YES;
				CLANG_ENABLE_OBJC_ARC = YES;
				CLANG_ENABLE_OBJC_WEAK = YES;
				CLANG_WARN_BLOCK_CAPTURE_AUTORELEASING = YES;
				CLANG_WARN_BOOL_CONVERSION = YES;
				CLANG_WARN_COMMA = YES;
				CLANG_WARN_CONSTANT_CONVERSION = YES;
				CLANG_WARN_DEPRECATED_OBJC_IMPLEMENTATIONS = YES;
				CLANG_WARN_DIRECT_OBJC_ISA_USAGE = YES_ERROR;
				CLANG_WARN_DOCUMENTATION_COMMENTS = YES;
				CLANG_WARN_EMPTY_BODY = YES;
				CLANG_WARN_ENUM_CONVERSION = YES;
				CLANG_WARN_INFINITE_RECURSION = YES;
				CLANG_WARN_INT_CONVERSION = YES;
				CLANG_WARN_NON_LITERAL_NULL_CONVERSION = YES;
				CLANG_WARN_OBJC_IMPLICIT_RETAIN_SELF = YES;
				CLANG_WARN_OBJC_LITERAL_CONVERSION = YES;
				CLANG_WARN_OBJC_ROOT_CLASS = YES_ERROR;
				CLANG_WARN_QUOTED_INCLUDE_IN_FRAMEWORK_HEADER = YES;
				CLANG_WARN_RANGE_LOOP_ANALYSIS = YES;
				CLANG_WARN_STRICT_PROTOTYPES = YES;
				CLANG_WARN_SUSPICIOUS_MOVE = YES;
				CLANG_WARN_UNGUARDED_AVAILABILITY = YES_AGGRESSIVE;
				CLANG_WARN_UNREACHABLE_CODE = YES;
				CLANG_WARN__DUPLICATE_METHOD_MATCH = YES;
				COPY_PHASE_STRIP = NO;
				DEBUG_INFORMATION_FORMAT = "dwarf-with-dsym";
				ENABLE_NS_ASSERTIONS = NO;
				ENABLE_STRICT_OBJC_MSGSEND = YES;
				GCC_C_LANGUAGE_STANDARD = gnu11;
				GCC_NO_COMMON_BLOCKS = YES;
				GCC_WARN_64_TO_32_BIT_CONVERSION = YES;
				GCC_WARN_ABOUT_RETURN_TYPE = YES_ERROR;
				GCC_WARN_UNDECLARED_SELECTOR = YES;
				GCC_WARN_UNINITIALIZED_AUTOS = YES_AGGRESSIVE;
				GCC_WARN_UNUSED_FUNCTION = YES;
				GCC_WARN_UNUSED_VARIABLE = YES;
				IPHONEOS_DEPLOYMENT_TARGET = 14.0;
				MTL_ENABLE_DEBUG_INFO = NO;
				MTL_FAST_MATH = YES;
				ONLY_ACTIVE_ARCH = YES;
				SDKROOT = iphoneos;
				SWIFT_COMPILATION_MODE = wholemodule;
				SWIFT_OPTIMIZATION_LEVEL = "-O";
				SWIFT_VERSION = 5.0;
				VALIDATE_PRODUCT = YES;
			};
			name = Release;
		};
		E9090D3C24FA9F7800020390 /* Debug */ = {
			isa = XCBuildConfiguration;
			baseConfigurationReference = 174D7EFE4881A47F313FA50F /* Pods-ios-rentor.debug.xcconfig */;
			buildSettings = {
				ASSETCATALOG_COMPILER_APPICON_NAME = AppIcon;
				CODE_SIGN_STYLE = Automatic;
				DEVELOPMENT_ASSET_PATHS = "\"ios-rentor/Preview Content\"";
				DEVELOPMENT_TEAM = 7F4ML7J3E2;
				ENABLE_PREVIEWS = YES;
				INFOPLIST_FILE = "ios-rentor/Info.plist";
				LD_RUNPATH_SEARCH_PATHS = (
					"$(inherited)",
					"@executable_path/Frameworks",
				);
				PRODUCT_BUNDLE_IDENTIFIER = com.simmoApp;
				PRODUCT_NAME = "$(TARGET_NAME)";
				SWIFT_VERSION = 5.0;
				TARGETED_DEVICE_FAMILY = 1;
			};
			name = Debug;
		};
		E9090D3D24FA9F7800020390 /* Release */ = {
			isa = XCBuildConfiguration;
			baseConfigurationReference = 9D7097AF2AB88EEE5CACB1FD /* Pods-ios-rentor.release.xcconfig */;
			buildSettings = {
				ASSETCATALOG_COMPILER_APPICON_NAME = AppIcon;
				CODE_SIGN_STYLE = Automatic;
				DEVELOPMENT_ASSET_PATHS = "\"ios-rentor/Preview Content\"";
				DEVELOPMENT_TEAM = 7F4ML7J3E2;
				ENABLE_PREVIEWS = YES;
				INFOPLIST_FILE = "ios-rentor/Info.plist";
				LD_RUNPATH_SEARCH_PATHS = (
					"$(inherited)",
					"@executable_path/Frameworks",
				);
				PRODUCT_BUNDLE_IDENTIFIER = com.simmoApp;
				PRODUCT_NAME = "$(TARGET_NAME)";
				SWIFT_VERSION = 5.0;
				TARGETED_DEVICE_FAMILY = 1;
			};
			name = Release;
		};
		E9090D3F24FA9F7800020390 /* Debug */ = {
			isa = XCBuildConfiguration;
			baseConfigurationReference = 270CB155A87B785308DED500 /* Pods-ios-rentorTests.debug.xcconfig */;
			buildSettings = {
				ALWAYS_EMBED_SWIFT_STANDARD_LIBRARIES = YES;
				BUNDLE_LOADER = "$(TEST_HOST)";
				CODE_SIGN_STYLE = Automatic;
				DEVELOPMENT_TEAM = 7F4ML7J3E2;
				INFOPLIST_FILE = "ios-rentorTests/Info.plist";
				IPHONEOS_DEPLOYMENT_TARGET = 13.4;
				LD_RUNPATH_SEARCH_PATHS = (
					"$(inherited)",
					"@executable_path/Frameworks",
					"@loader_path/Frameworks",
				);
				PRODUCT_BUNDLE_IDENTIFIER = "com.mthomas3.ios-rentorTests";
				PRODUCT_NAME = "$(TARGET_NAME)";
				SWIFT_VERSION = 5.0;
				TARGETED_DEVICE_FAMILY = "1,2";
				TEST_HOST = "$(BUILT_PRODUCTS_DIR)/ios-rentor.app/ios-rentor";
			};
			name = Debug;
		};
		E9090D4024FA9F7800020390 /* Release */ = {
			isa = XCBuildConfiguration;
			baseConfigurationReference = F0B73656C48975407BCA3632 /* Pods-ios-rentorTests.release.xcconfig */;
			buildSettings = {
				ALWAYS_EMBED_SWIFT_STANDARD_LIBRARIES = YES;
				BUNDLE_LOADER = "$(TEST_HOST)";
				CODE_SIGN_STYLE = Automatic;
				DEVELOPMENT_TEAM = 7F4ML7J3E2;
				INFOPLIST_FILE = "ios-rentorTests/Info.plist";
				IPHONEOS_DEPLOYMENT_TARGET = 13.4;
				LD_RUNPATH_SEARCH_PATHS = (
					"$(inherited)",
					"@executable_path/Frameworks",
					"@loader_path/Frameworks",
				);
				PRODUCT_BUNDLE_IDENTIFIER = "com.mthomas3.ios-rentorTests";
				PRODUCT_NAME = "$(TARGET_NAME)";
				SWIFT_VERSION = 5.0;
				TARGETED_DEVICE_FAMILY = "1,2";
				TEST_HOST = "$(BUILT_PRODUCTS_DIR)/ios-rentor.app/ios-rentor";
			};
			name = Release;
		};
		E9090D4224FA9F7800020390 /* Debug */ = {
			isa = XCBuildConfiguration;
			baseConfigurationReference = 7CC13E33BCFE9B753E56F557 /* Pods-ios-rentor-ios-rentorUITests.debug.xcconfig */;
			buildSettings = {
				ALWAYS_EMBED_SWIFT_STANDARD_LIBRARIES = YES;
				CODE_SIGN_STYLE = Automatic;
				DEVELOPMENT_TEAM = 7F4ML7J3E2;
				INFOPLIST_FILE = "ios-rentorUITests/Info.plist";
				LD_RUNPATH_SEARCH_PATHS = (
					"$(inherited)",
					"@executable_path/Frameworks",
					"@loader_path/Frameworks",
				);
				PRODUCT_BUNDLE_IDENTIFIER = "com.mthomas3.ios-rentorUITests";
				PRODUCT_NAME = "$(TARGET_NAME)";
				SWIFT_VERSION = 5.0;
				TARGETED_DEVICE_FAMILY = "1,2";
				TEST_TARGET_NAME = "ios-rentor";
			};
			name = Debug;
		};
		E9090D4324FA9F7800020390 /* Release */ = {
			isa = XCBuildConfiguration;
			baseConfigurationReference = 712F9E38E6DAD7301DFE46D1 /* Pods-ios-rentor-ios-rentorUITests.release.xcconfig */;
			buildSettings = {
				ALWAYS_EMBED_SWIFT_STANDARD_LIBRARIES = YES;
				CODE_SIGN_STYLE = Automatic;
				DEVELOPMENT_TEAM = 7F4ML7J3E2;
				INFOPLIST_FILE = "ios-rentorUITests/Info.plist";
				LD_RUNPATH_SEARCH_PATHS = (
					"$(inherited)",
					"@executable_path/Frameworks",
					"@loader_path/Frameworks",
				);
				PRODUCT_BUNDLE_IDENTIFIER = "com.mthomas3.ios-rentorUITests";
				PRODUCT_NAME = "$(TARGET_NAME)";
				SWIFT_VERSION = 5.0;
				TARGETED_DEVICE_FAMILY = "1,2";
				TEST_TARGET_NAME = "ios-rentor";
			};
			name = Release;
		};
/* End XCBuildConfiguration section */

/* Begin XCConfigurationList section */
		E9090D0924FA9F7600020390 /* Build configuration list for PBXProject "ios-rentor" */ = {
			isa = XCConfigurationList;
			buildConfigurations = (
				E9090D3924FA9F7800020390 /* Debug */,
				E9090D3A24FA9F7800020390 /* Release */,
			);
			defaultConfigurationIsVisible = 0;
			defaultConfigurationName = Release;
		};
		E9090D3B24FA9F7800020390 /* Build configuration list for PBXNativeTarget "ios-rentor" */ = {
			isa = XCConfigurationList;
			buildConfigurations = (
				E9090D3C24FA9F7800020390 /* Debug */,
				E9090D3D24FA9F7800020390 /* Release */,
			);
			defaultConfigurationIsVisible = 0;
			defaultConfigurationName = Release;
		};
		E9090D3E24FA9F7800020390 /* Build configuration list for PBXNativeTarget "ios-rentorTests" */ = {
			isa = XCConfigurationList;
			buildConfigurations = (
				E9090D3F24FA9F7800020390 /* Debug */,
				E9090D4024FA9F7800020390 /* Release */,
			);
			defaultConfigurationIsVisible = 0;
			defaultConfigurationName = Release;
		};
		E9090D4124FA9F7800020390 /* Build configuration list for PBXNativeTarget "ios-rentorUITests" */ = {
			isa = XCConfigurationList;
			buildConfigurations = (
				E9090D4224FA9F7800020390 /* Debug */,
				E9090D4324FA9F7800020390 /* Release */,
			);
			defaultConfigurationIsVisible = 0;
			defaultConfigurationName = Release;
		};
/* End XCConfigurationList section */

/* Begin XCVersionGroup section */
		E9090D1524FA9F7600020390 /* ios_rentor.xcdatamodeld */ = {
			isa = XCVersionGroup;
			children = (
				E9090D1624FA9F7600020390 /* ios_rentor.xcdatamodel */,
			);
			currentVersion = E9090D1624FA9F7600020390 /* ios_rentor.xcdatamodel */;
			path = ios_rentor.xcdatamodeld;
			sourceTree = "<group>";
			versionGroupType = wrapper.xcdatamodel;
		};
		E9B45C9F24FD5ED400A79ECC /* rentorCoreData.xcdatamodeld */ = {
			isa = XCVersionGroup;
			children = (
				E9B45CA024FD5ED400A79ECC /* Simmulations.xcdatamodel */,
			);
			currentVersion = E9B45CA024FD5ED400A79ECC /* Simmulations.xcdatamodel */;
			path = rentorCoreData.xcdatamodeld;
			sourceTree = "<group>";
			versionGroupType = wrapper.xcdatamodel;
		};
/* End XCVersionGroup section */
	};
	rootObject = E9090D0624FA9F7600020390 /* Project object */;
}
