// !$*UTF8*$!
{
	archiveVersion = 1;
	classes = {
	};
	objectVersion = 51;
	objects = {

/* Begin PBXBuildFile section */
		B29A54D863D0F53A08C7DD29 /* Pods_ios_rentor_ios_rentorUITests.framework in Frameworks */ = {isa = PBXBuildFile; fileRef = 4FFF9E487C085CDB8686E8FE /* Pods_ios_rentor_ios_rentorUITests.framework */; };
		D6BEDF3E343E071C4522014B /* Pods_ios_rentor.framework in Frameworks */ = {isa = PBXBuildFile; fileRef = 34999EE05D64EF449D01C337 /* Pods_ios_rentor.framework */; };
		D93B6D4522CD3E6B5EF47EC2 /* Pods_ios_rentorTests.framework in Frameworks */ = {isa = PBXBuildFile; fileRef = 49A412C258E16CB033A93C28 /* Pods_ios_rentorTests.framework */; };
		E9090D1224FA9F7600020390 /* AppDelegate.swift in Sources */ = {isa = PBXBuildFile; fileRef = E9090D1124FA9F7600020390 /* AppDelegate.swift */; };
		E9090D1424FA9F7600020390 /* SceneDelegate.swift in Sources */ = {isa = PBXBuildFile; fileRef = E9090D1324FA9F7600020390 /* SceneDelegate.swift */; };
		E9090D1724FA9F7600020390 /* ios_rentor.xcdatamodeld in Sources */ = {isa = PBXBuildFile; fileRef = E9090D1524FA9F7600020390 /* ios_rentor.xcdatamodeld */; };
		E9090D1B24FA9F7800020390 /* Assets.xcassets in Resources */ = {isa = PBXBuildFile; fileRef = E9090D1A24FA9F7800020390 /* Assets.xcassets */; };
		E9090D1E24FA9F7800020390 /* Preview Assets.xcassets in Resources */ = {isa = PBXBuildFile; fileRef = E9090D1D24FA9F7800020390 /* Preview Assets.xcassets */; };
		E9090D2124FA9F7800020390 /* LaunchScreen.storyboard in Resources */ = {isa = PBXBuildFile; fileRef = E9090D1F24FA9F7800020390 /* LaunchScreen.storyboard */; };
		E9090D2C24FA9F7800020390 /* ios_rentorTests.swift in Sources */ = {isa = PBXBuildFile; fileRef = E9090D2B24FA9F7800020390 /* ios_rentorTests.swift */; };
		E9090D3724FA9F7800020390 /* ios_rentorUITests.swift in Sources */ = {isa = PBXBuildFile; fileRef = E9090D3624FA9F7800020390 /* ios_rentorUITests.swift */; };
		E90986E62582500D0089525F /* GoogleService-Info.plist in Resources */ = {isa = PBXBuildFile; fileRef = E90986E52582500D0089525F /* GoogleService-Info.plist */; };
		E9209C9325227E8700EDC0A9 /* SimmulatorCellView.swift in Sources */ = {isa = PBXBuildFile; fileRef = E9209C9225227E8700EDC0A9 /* SimmulatorCellView.swift */; };
		E94492EF258BEC7F00B94481 /* RentalDBRepository.swift in Sources */ = {isa = PBXBuildFile; fileRef = E94492EE258BEC7F00B94481 /* RentalDBRepository.swift */; };
		E9665536250033B2003BC212 /* RentorEntity.swift in Sources */ = {isa = PBXBuildFile; fileRef = E9665535250033B2003BC212 /* RentorEntity.swift */; };
		E9878556250BB0C200CF8519 /* String+Ext.swift in Sources */ = {isa = PBXBuildFile; fileRef = E9878555250BB0C200CF8519 /* String+Ext.swift */; };
		E98C257D252B922000E06E73 /* HomeDetailView.swift in Sources */ = {isa = PBXBuildFile; fileRef = E98C257C252B922000E06E73 /* HomeDetailView.swift */; };
		E98C2582252B96E700E06E73 /* HomeDetailViewModel.swift in Sources */ = {isa = PBXBuildFile; fileRef = E98C2581252B96E700E06E73 /* HomeDetailViewModel.swift */; };
		E99042CA2502A16C0062B493 /* RentalEntityView.swift in Sources */ = {isa = PBXBuildFile; fileRef = E99042C92502A16C0062B493 /* RentalEntityView.swift */; };
		E99042CC25043BBA0062B493 /* CoreDataManager.swift in Sources */ = {isa = PBXBuildFile; fileRef = E99042CB25043BBA0062B493 /* CoreDataManager.swift */; };
		E9A8C6692517B4BC000E8A28 /* HomeViewModel.swift in Sources */ = {isa = PBXBuildFile; fileRef = E9A8C6682517B4BC000E8A28 /* HomeViewModel.swift */; };
		E9A8C66E25194095000E8A28 /* Errors.swift in Sources */ = {isa = PBXBuildFile; fileRef = E9A8C66D25194095000E8A28 /* Errors.swift */; };
		E9AAA94E251A1031009841B8 /* SimmulatorViewModel.swift in Sources */ = {isa = PBXBuildFile; fileRef = E9AAA94D251A1031009841B8 /* SimmulatorViewModel.swift */; };
		E9AAA950251B9244009841B8 /* SimmulatorModel.swift in Sources */ = {isa = PBXBuildFile; fileRef = E9AAA94F251B9244009841B8 /* SimmulatorModel.swift */; };
		E9AAA953251BDA4B009841B8 /* InteractorsProtocol.swift in Sources */ = {isa = PBXBuildFile; fileRef = E9AAA952251BDA4B009841B8 /* InteractorsProtocol.swift */; };
		E9AAA95525210CF1009841B8 /* SimmulatorCellViewModel.swift in Sources */ = {isa = PBXBuildFile; fileRef = E9AAA95425210CF1009841B8 /* SimmulatorCellViewModel.swift */; };
		E9B20D4B25913E2100EC52D5 /* Models+CoreData.swift in Sources */ = {isa = PBXBuildFile; fileRef = E9B20D4A25913E2100EC52D5 /* Models+CoreData.swift */; };
		E9B20D502591403200EC52D5 /* Models.swift in Sources */ = {isa = PBXBuildFile; fileRef = E9B20D4F2591403200EC52D5 /* Models.swift */; };
		E9B20D552591403B00EC52D5 /* MockedData.swift in Sources */ = {isa = PBXBuildFile; fileRef = E9B20D542591403B00EC52D5 /* MockedData.swift */; };
		E9B45CA124FD5ED400A79ECC /* rentorCoreData.xcdatamodeld in Sources */ = {isa = PBXBuildFile; fileRef = E9B45C9F24FD5ED400A79ECC /* rentorCoreData.xcdatamodeld */; };
		E9C3A0AE25570A1D003BF79F /* SettingViewModel.swift in Sources */ = {isa = PBXBuildFile; fileRef = E9C3A0AD25570A1D003BF79F /* SettingViewModel.swift */; };
		E9C3A0B425570D43003BF79F /* SettingCell.swift in Sources */ = {isa = PBXBuildFile; fileRef = E9C3A0B325570D43003BF79F /* SettingCell.swift */; };
		E9D8D15D24FAF7B800DF5ABC /* MainView.swift in Sources */ = {isa = PBXBuildFile; fileRef = E9D8D15C24FAF7B800DF5ABC /* MainView.swift */; };
		E9D8D15F24FAF98300DF5ABC /* SimmulatorView.swift in Sources */ = {isa = PBXBuildFile; fileRef = E9D8D15E24FAF98200DF5ABC /* SimmulatorView.swift */; };
		E9D8D16124FAF9D000DF5ABC /* SettingView.swift in Sources */ = {isa = PBXBuildFile; fileRef = E9D8D16024FAF9D000DF5ABC /* SettingView.swift */; };
		E9D8D16324FC353700DF5ABC /* Home.swift in Sources */ = {isa = PBXBuildFile; fileRef = E9D8D16224FC353700DF5ABC /* Home.swift */; };
/* End PBXBuildFile section */

/* Begin PBXContainerItemProxy section */
		E9090D2824FA9F7800020390 /* PBXContainerItemProxy */ = {
			isa = PBXContainerItemProxy;
			containerPortal = E9090D0624FA9F7600020390 /* Project object */;
			proxyType = 1;
			remoteGlobalIDString = E9090D0D24FA9F7600020390;
			remoteInfo = "ios-rentor";
		};
		E9090D3324FA9F7800020390 /* PBXContainerItemProxy */ = {
			isa = PBXContainerItemProxy;
			containerPortal = E9090D0624FA9F7600020390 /* Project object */;
			proxyType = 1;
			remoteGlobalIDString = E9090D0D24FA9F7600020390;
			remoteInfo = "ios-rentor";
		};
/* End PBXContainerItemProxy section */

/* Begin PBXFileReference section */
		174D7EFE4881A47F313FA50F /* Pods-ios-rentor.debug.xcconfig */ = {isa = PBXFileReference; includeInIndex = 1; lastKnownFileType = text.xcconfig; name = "Pods-ios-rentor.debug.xcconfig"; path = "Target Support Files/Pods-ios-rentor/Pods-ios-rentor.debug.xcconfig"; sourceTree = "<group>"; };
		270CB155A87B785308DED500 /* Pods-ios-rentorTests.debug.xcconfig */ = {isa = PBXFileReference; includeInIndex = 1; lastKnownFileType = text.xcconfig; name = "Pods-ios-rentorTests.debug.xcconfig"; path = "Target Support Files/Pods-ios-rentorTests/Pods-ios-rentorTests.debug.xcconfig"; sourceTree = "<group>"; };
		34999EE05D64EF449D01C337 /* Pods_ios_rentor.framework */ = {isa = PBXFileReference; explicitFileType = wrapper.framework; includeInIndex = 0; path = Pods_ios_rentor.framework; sourceTree = BUILT_PRODUCTS_DIR; };
		49A412C258E16CB033A93C28 /* Pods_ios_rentorTests.framework */ = {isa = PBXFileReference; explicitFileType = wrapper.framework; includeInIndex = 0; path = Pods_ios_rentorTests.framework; sourceTree = BUILT_PRODUCTS_DIR; };
		4FFF9E487C085CDB8686E8FE /* Pods_ios_rentor_ios_rentorUITests.framework */ = {isa = PBXFileReference; explicitFileType = wrapper.framework; includeInIndex = 0; path = Pods_ios_rentor_ios_rentorUITests.framework; sourceTree = BUILT_PRODUCTS_DIR; };
		712F9E38E6DAD7301DFE46D1 /* Pods-ios-rentor-ios-rentorUITests.release.xcconfig */ = {isa = PBXFileReference; includeInIndex = 1; lastKnownFileType = text.xcconfig; name = "Pods-ios-rentor-ios-rentorUITests.release.xcconfig"; path = "Target Support Files/Pods-ios-rentor-ios-rentorUITests/Pods-ios-rentor-ios-rentorUITests.release.xcconfig"; sourceTree = "<group>"; };
		7CC13E33BCFE9B753E56F557 /* Pods-ios-rentor-ios-rentorUITests.debug.xcconfig */ = {isa = PBXFileReference; includeInIndex = 1; lastKnownFileType = text.xcconfig; name = "Pods-ios-rentor-ios-rentorUITests.debug.xcconfig"; path = "Target Support Files/Pods-ios-rentor-ios-rentorUITests/Pods-ios-rentor-ios-rentorUITests.debug.xcconfig"; sourceTree = "<group>"; };
		9D7097AF2AB88EEE5CACB1FD /* Pods-ios-rentor.release.xcconfig */ = {isa = PBXFileReference; includeInIndex = 1; lastKnownFileType = text.xcconfig; name = "Pods-ios-rentor.release.xcconfig"; path = "Target Support Files/Pods-ios-rentor/Pods-ios-rentor.release.xcconfig"; sourceTree = "<group>"; };
		E9090D0E24FA9F7600020390 /* ios-rentor.app */ = {isa = PBXFileReference; explicitFileType = wrapper.application; includeInIndex = 0; path = "ios-rentor.app"; sourceTree = BUILT_PRODUCTS_DIR; };
		E9090D1124FA9F7600020390 /* AppDelegate.swift */ = {isa = PBXFileReference; lastKnownFileType = sourcecode.swift; path = AppDelegate.swift; sourceTree = "<group>"; };
		E9090D1324FA9F7600020390 /* SceneDelegate.swift */ = {isa = PBXFileReference; lastKnownFileType = sourcecode.swift; path = SceneDelegate.swift; sourceTree = "<group>"; };
		E9090D1624FA9F7600020390 /* ios_rentor.xcdatamodel */ = {isa = PBXFileReference; lastKnownFileType = wrapper.xcdatamodel; path = ios_rentor.xcdatamodel; sourceTree = "<group>"; };
		E9090D1A24FA9F7800020390 /* Assets.xcassets */ = {isa = PBXFileReference; lastKnownFileType = folder.assetcatalog; path = Assets.xcassets; sourceTree = "<group>"; };
		E9090D1D24FA9F7800020390 /* Preview Assets.xcassets */ = {isa = PBXFileReference; lastKnownFileType = folder.assetcatalog; path = "Preview Assets.xcassets"; sourceTree = "<group>"; };
		E9090D2024FA9F7800020390 /* Base */ = {isa = PBXFileReference; lastKnownFileType = file.storyboard; name = Base; path = Base.lproj/LaunchScreen.storyboard; sourceTree = "<group>"; };
		E9090D2224FA9F7800020390 /* Info.plist */ = {isa = PBXFileReference; lastKnownFileType = text.plist.xml; path = Info.plist; sourceTree = "<group>"; };
		E9090D2724FA9F7800020390 /* ios-rentorTests.xctest */ = {isa = PBXFileReference; explicitFileType = wrapper.cfbundle; includeInIndex = 0; path = "ios-rentorTests.xctest"; sourceTree = BUILT_PRODUCTS_DIR; };
		E9090D2B24FA9F7800020390 /* ios_rentorTests.swift */ = {isa = PBXFileReference; lastKnownFileType = sourcecode.swift; path = ios_rentorTests.swift; sourceTree = "<group>"; };
		E9090D2D24FA9F7800020390 /* Info.plist */ = {isa = PBXFileReference; lastKnownFileType = text.plist.xml; path = Info.plist; sourceTree = "<group>"; };
		E9090D3224FA9F7800020390 /* ios-rentorUITests.xctest */ = {isa = PBXFileReference; explicitFileType = wrapper.cfbundle; includeInIndex = 0; path = "ios-rentorUITests.xctest"; sourceTree = BUILT_PRODUCTS_DIR; };
		E9090D3624FA9F7800020390 /* ios_rentorUITests.swift */ = {isa = PBXFileReference; lastKnownFileType = sourcecode.swift; path = ios_rentorUITests.swift; sourceTree = "<group>"; };
		E9090D3824FA9F7800020390 /* Info.plist */ = {isa = PBXFileReference; lastKnownFileType = text.plist.xml; path = Info.plist; sourceTree = "<group>"; };
		E90986E52582500D0089525F /* GoogleService-Info.plist */ = {isa = PBXFileReference; fileEncoding = 4; lastKnownFileType = text.plist.xml; path = "GoogleService-Info.plist"; sourceTree = "<group>"; };
		E9209C9225227E8700EDC0A9 /* SimmulatorCellView.swift */ = {isa = PBXFileReference; lastKnownFileType = sourcecode.swift; path = SimmulatorCellView.swift; sourceTree = "<group>"; };
		E94492EE258BEC7F00B94481 /* RentalDBRepository.swift */ = {isa = PBXFileReference; lastKnownFileType = sourcecode.swift; path = RentalDBRepository.swift; sourceTree = "<group>"; };
		E9665535250033B2003BC212 /* RentorEntity.swift */ = {isa = PBXFileReference; lastKnownFileType = sourcecode.swift; path = RentorEntity.swift; sourceTree = "<group>"; };
		E9878555250BB0C200CF8519 /* String+Ext.swift */ = {isa = PBXFileReference; lastKnownFileType = sourcecode.swift; path = "String+Ext.swift"; sourceTree = "<group>"; };
		E98C257C252B922000E06E73 /* HomeDetailView.swift */ = {isa = PBXFileReference; lastKnownFileType = sourcecode.swift; path = HomeDetailView.swift; sourceTree = "<group>"; };
		E98C2581252B96E700E06E73 /* HomeDetailViewModel.swift */ = {isa = PBXFileReference; lastKnownFileType = sourcecode.swift; path = HomeDetailViewModel.swift; sourceTree = "<group>"; };
		E99042C92502A16C0062B493 /* RentalEntityView.swift */ = {isa = PBXFileReference; lastKnownFileType = sourcecode.swift; path = RentalEntityView.swift; sourceTree = "<group>"; };
		E99042CB25043BBA0062B493 /* CoreDataManager.swift */ = {isa = PBXFileReference; lastKnownFileType = sourcecode.swift; path = CoreDataManager.swift; sourceTree = "<group>"; };
		E9A8C6682517B4BC000E8A28 /* HomeViewModel.swift */ = {isa = PBXFileReference; lastKnownFileType = sourcecode.swift; path = HomeViewModel.swift; sourceTree = "<group>"; };
		E9A8C66D25194095000E8A28 /* Errors.swift */ = {isa = PBXFileReference; lastKnownFileType = sourcecode.swift; path = Errors.swift; sourceTree = "<group>"; };
		E9AAA94D251A1031009841B8 /* SimmulatorViewModel.swift */ = {isa = PBXFileReference; lastKnownFileType = sourcecode.swift; path = SimmulatorViewModel.swift; sourceTree = "<group>"; };
		E9AAA94F251B9244009841B8 /* SimmulatorModel.swift */ = {isa = PBXFileReference; lastKnownFileType = sourcecode.swift; path = SimmulatorModel.swift; sourceTree = "<group>"; };
		E9AAA952251BDA4B009841B8 /* InteractorsProtocol.swift */ = {isa = PBXFileReference; lastKnownFileType = sourcecode.swift; path = InteractorsProtocol.swift; sourceTree = "<group>"; };
		E9AAA95425210CF1009841B8 /* SimmulatorCellViewModel.swift */ = {isa = PBXFileReference; lastKnownFileType = sourcecode.swift; path = SimmulatorCellViewModel.swift; sourceTree = "<group>"; };
		E9B20D4A25913E2100EC52D5 /* Models+CoreData.swift */ = {isa = PBXFileReference; lastKnownFileType = sourcecode.swift; path = "Models+CoreData.swift"; sourceTree = "<group>"; };
		E9B20D4F2591403200EC52D5 /* Models.swift */ = {isa = PBXFileReference; lastKnownFileType = sourcecode.swift; path = Models.swift; sourceTree = "<group>"; };
		E9B20D542591403B00EC52D5 /* MockedData.swift */ = {isa = PBXFileReference; lastKnownFileType = sourcecode.swift; path = MockedData.swift; sourceTree = "<group>"; };
		E9B45CA024FD5ED400A79ECC /* Simmulations.xcdatamodel */ = {isa = PBXFileReference; lastKnownFileType = wrapper.xcdatamodel; path = Simmulations.xcdatamodel; sourceTree = "<group>"; };
		E9C3A0AD25570A1D003BF79F /* SettingViewModel.swift */ = {isa = PBXFileReference; lastKnownFileType = sourcecode.swift; path = SettingViewModel.swift; sourceTree = "<group>"; };
		E9C3A0B325570D43003BF79F /* SettingCell.swift */ = {isa = PBXFileReference; lastKnownFileType = sourcecode.swift; path = SettingCell.swift; sourceTree = "<group>"; };
		E9D8D15C24FAF7B800DF5ABC /* MainView.swift */ = {isa = PBXFileReference; lastKnownFileType = sourcecode.swift; path = MainView.swift; sourceTree = "<group>"; };
		E9D8D15E24FAF98200DF5ABC /* SimmulatorView.swift */ = {isa = PBXFileReference; lastKnownFileType = sourcecode.swift; path = SimmulatorView.swift; sourceTree = "<group>"; };
		E9D8D16024FAF9D000DF5ABC /* SettingView.swift */ = {isa = PBXFileReference; lastKnownFileType = sourcecode.swift; path = SettingView.swift; sourceTree = "<group>"; };
		E9D8D16224FC353700DF5ABC /* Home.swift */ = {isa = PBXFileReference; lastKnownFileType = sourcecode.swift; path = Home.swift; sourceTree = "<group>"; };
		F0B73656C48975407BCA3632 /* Pods-ios-rentorTests.release.xcconfig */ = {isa = PBXFileReference; includeInIndex = 1; lastKnownFileType = text.xcconfig; name = "Pods-ios-rentorTests.release.xcconfig"; path = "Target Support Files/Pods-ios-rentorTests/Pods-ios-rentorTests.release.xcconfig"; sourceTree = "<group>"; };
/* End PBXFileReference section */

/* Begin PBXFrameworksBuildPhase section */
		E9090D0B24FA9F7600020390 /* Frameworks */ = {
			isa = PBXFrameworksBuildPhase;
			buildActionMask = 2147483647;
			files = (
				D6BEDF3E343E071C4522014B /* Pods_ios_rentor.framework in Frameworks */,
			);
			runOnlyForDeploymentPostprocessing = 0;
		};
		E9090D2424FA9F7800020390 /* Frameworks */ = {
			isa = PBXFrameworksBuildPhase;
			buildActionMask = 2147483647;
			files = (
				D93B6D4522CD3E6B5EF47EC2 /* Pods_ios_rentorTests.framework in Frameworks */,
			);
			runOnlyForDeploymentPostprocessing = 0;
		};
		E9090D2F24FA9F7800020390 /* Frameworks */ = {
			isa = PBXFrameworksBuildPhase;
			buildActionMask = 2147483647;
			files = (
				B29A54D863D0F53A08C7DD29 /* Pods_ios_rentor_ios_rentorUITests.framework in Frameworks */,
			);
			runOnlyForDeploymentPostprocessing = 0;
		};
/* End PBXFrameworksBuildPhase section */

/* Begin PBXGroup section */
		6E38F4C3E463399FD6E7A103 /* Pods */ = {
			isa = PBXGroup;
			children = (
				174D7EFE4881A47F313FA50F /* Pods-ios-rentor.debug.xcconfig */,
				9D7097AF2AB88EEE5CACB1FD /* Pods-ios-rentor.release.xcconfig */,
				7CC13E33BCFE9B753E56F557 /* Pods-ios-rentor-ios-rentorUITests.debug.xcconfig */,
				712F9E38E6DAD7301DFE46D1 /* Pods-ios-rentor-ios-rentorUITests.release.xcconfig */,
				270CB155A87B785308DED500 /* Pods-ios-rentorTests.debug.xcconfig */,
				F0B73656C48975407BCA3632 /* Pods-ios-rentorTests.release.xcconfig */,
			);
			path = Pods;
			sourceTree = "<group>";
		};
		87DB0E7F71AC5FFEFE336A24 /* Frameworks */ = {
			isa = PBXGroup;
			children = (
				34999EE05D64EF449D01C337 /* Pods_ios_rentor.framework */,
				4FFF9E487C085CDB8686E8FE /* Pods_ios_rentor_ios_rentorUITests.framework */,
				49A412C258E16CB033A93C28 /* Pods_ios_rentorTests.framework */,
			);
			name = Frameworks;
			sourceTree = "<group>";
		};
		E9090D0524FA9F7600020390 = {
			isa = PBXGroup;
			children = (
				E9090D1024FA9F7600020390 /* ios-rentor */,
				E9090D2A24FA9F7800020390 /* ios-rentorTests */,
				E9090D3524FA9F7800020390 /* ios-rentorUITests */,
				E9090D0F24FA9F7600020390 /* Products */,
				6E38F4C3E463399FD6E7A103 /* Pods */,
				87DB0E7F71AC5FFEFE336A24 /* Frameworks */,
			);
			sourceTree = "<group>";
		};
		E9090D0F24FA9F7600020390 /* Products */ = {
			isa = PBXGroup;
			children = (
				E9090D0E24FA9F7600020390 /* ios-rentor.app */,
				E9090D2724FA9F7800020390 /* ios-rentorTests.xctest */,
				E9090D3224FA9F7800020390 /* ios-rentorUITests.xctest */,
			);
			name = Products;
			sourceTree = "<group>";
		};
		E9090D1024FA9F7600020390 /* ios-rentor */ = {
			isa = PBXGroup;
			children = (
				E9B20D4925913E1100EC52D5 /* Models */,
				E9449303258C094F00B94481 /* Interactors */,
				E94492FF258C08C300B94481 /* UI */,
				E94492ED258BEC5400B94481 /* Repositories */,
				E94492EC258BEAD200B94481 /* System */,
				E9090D4724FAA24400020390 /* Extensions */,
				E9B45CA224FD5EDE00A79ECC /* Persistence */,
				E9090D1A24FA9F7800020390 /* Assets.xcassets */,
				E9090D2224FA9F7800020390 /* Info.plist */,
				E90986E52582500D0089525F /* GoogleService-Info.plist */,
				E9090D1524FA9F7600020390 /* ios_rentor.xcdatamodeld */,
				E9090D1C24FA9F7800020390 /* Preview Content */,
			);
			path = "ios-rentor";
			sourceTree = "<group>";
		};
		E9090D1C24FA9F7800020390 /* Preview Content */ = {
			isa = PBXGroup;
			children = (
				E9090D1D24FA9F7800020390 /* Preview Assets.xcassets */,
			);
			path = "Preview Content";
			sourceTree = "<group>";
		};
		E9090D2A24FA9F7800020390 /* ios-rentorTests */ = {
			isa = PBXGroup;
			children = (
				E9090D2B24FA9F7800020390 /* ios_rentorTests.swift */,
				E9090D2D24FA9F7800020390 /* Info.plist */,
			);
			path = "ios-rentorTests";
			sourceTree = "<group>";
		};
		E9090D3524FA9F7800020390 /* ios-rentorUITests */ = {
			isa = PBXGroup;
			children = (
				E9090D3624FA9F7800020390 /* ios_rentorUITests.swift */,
				E9090D3824FA9F7800020390 /* Info.plist */,
			);
			path = "ios-rentorUITests";
			sourceTree = "<group>";
		};
		E9090D4724FAA24400020390 /* Extensions */ = {
			isa = PBXGroup;
			children = (
				E9878555250BB0C200CF8519 /* String+Ext.swift */,
			);
			path = Extensions;
			sourceTree = "<group>";
		};
		E9090D4824FAA45D00020390 /* LaunchScreen */ = {
			isa = PBXGroup;
			children = (
				E9090D1F24FA9F7800020390 /* LaunchScreen.storyboard */,
			);
			path = LaunchScreen;
			sourceTree = "<group>";
		};
		E9090D4F24FAA49F00020390 /* Model */ = {
			isa = PBXGroup;
			children = (
				E9665535250033B2003BC212 /* RentorEntity.swift */,
			);
			path = Model;
			sourceTree = "<group>";
		};
		E94492EC258BEAD200B94481 /* System */ = {
			isa = PBXGroup;
			children = (
				E9090D1124FA9F7600020390 /* AppDelegate.swift */,
				E9090D1324FA9F7600020390 /* SceneDelegate.swift */,
			);
			path = System;
			sourceTree = "<group>";
		};
		E94492ED258BEC5400B94481 /* Repositories */ = {
			isa = PBXGroup;
			children = (
				E94492EE258BEC7F00B94481 /* RentalDBRepository.swift */,
			);
			path = Repositories;
			sourceTree = "<group>";
		};
		E94492FF258C08C300B94481 /* UI */ = {
			isa = PBXGroup;
			children = (
				E9090D4824FAA45D00020390 /* LaunchScreen */,
				E9449314258C0A2300B94481 /* HomeDetail */,
				E9449308258C099C00B94481 /* Root */,
				E9449302258C090B00B94481 /* Setting */,
				E9449301258C090600B94481 /* Home */,
				E9449300258C08F800B94481 /* Simmulator */,
			);
			path = UI;
			sourceTree = "<group>";
		};
		E9449300258C08F800B94481 /* Simmulator */ = {
			isa = PBXGroup;
			children = (
				E9D8D15E24FAF98200DF5ABC /* SimmulatorView.swift */,
				E9209C9225227E8700EDC0A9 /* SimmulatorCellView.swift */,
			);
			path = Simmulator;
			sourceTree = "<group>";
		};
		E9449301258C090600B94481 /* Home */ = {
			isa = PBXGroup;
			children = (
				E99042C92502A16C0062B493 /* RentalEntityView.swift */,
				E9D8D16224FC353700DF5ABC /* Home.swift */,
			);
			path = Home;
			sourceTree = "<group>";
		};
		E9449302258C090B00B94481 /* Setting */ = {
			isa = PBXGroup;
			children = (
				E9C3A0B325570D43003BF79F /* SettingCell.swift */,
				E9D8D16024FAF9D000DF5ABC /* SettingView.swift */,
			);
			path = Setting;
			sourceTree = "<group>";
		};
		E9449303258C094F00B94481 /* Interactors */ = {
			isa = PBXGroup;
			children = (
				E9AAA952251BDA4B009841B8 /* InteractorsProtocol.swift */,
				E9449307258C097F00B94481 /* Simmulator */,
				E9449306258C097900B94481 /* HomeDetail */,
				E9449305258C097400B94481 /* Home */,
				E9449304258C096F00B94481 /* Setting */,
			);
			path = Interactors;
			sourceTree = "<group>";
		};
		E9449304258C096F00B94481 /* Setting */ = {
			isa = PBXGroup;
			children = (
				E9C3A0AD25570A1D003BF79F /* SettingViewModel.swift */,
			);
			path = Setting;
			sourceTree = "<group>";
		};
		E9449305258C097400B94481 /* Home */ = {
			isa = PBXGroup;
			children = (
				E9A8C6682517B4BC000E8A28 /* HomeViewModel.swift */,
			);
			path = Home;
			sourceTree = "<group>";
		};
		E9449306258C097900B94481 /* HomeDetail */ = {
			isa = PBXGroup;
			children = (
				E98C2581252B96E700E06E73 /* HomeDetailViewModel.swift */,
			);
			path = HomeDetail;
			sourceTree = "<group>";
		};
		E9449307258C097F00B94481 /* Simmulator */ = {
			isa = PBXGroup;
			children = (
				E9AAA94F251B9244009841B8 /* SimmulatorModel.swift */,
				E9AAA94D251A1031009841B8 /* SimmulatorViewModel.swift */,
				E9AAA95425210CF1009841B8 /* SimmulatorCellViewModel.swift */,
			);
			path = Simmulator;
			sourceTree = "<group>";
		};
		E9449308258C099C00B94481 /* Root */ = {
			isa = PBXGroup;
			children = (
				E9D8D15C24FAF7B800DF5ABC /* MainView.swift */,
			);
			path = Root;
			sourceTree = "<group>";
		};
		E9449314258C0A2300B94481 /* HomeDetail */ = {
			isa = PBXGroup;
			children = (
				E98C257C252B922000E06E73 /* HomeDetailView.swift */,
			);
			path = HomeDetail;
			sourceTree = "<group>";
		};
		E9B20D4925913E1100EC52D5 /* Models */ = {
			isa = PBXGroup;
			children = (
				E9B20D4A25913E2100EC52D5 /* Models+CoreData.swift */,
				E9B20D4F2591403200EC52D5 /* Models.swift */,
				E9B20D542591403B00EC52D5 /* MockedData.swift */,
			);
			path = Models;
			sourceTree = "<group>";
		};
		E9B45CA224FD5EDE00A79ECC /* Persistence */ = {
			isa = PBXGroup;
			children = (
				E9A8C66D25194095000E8A28 /* Errors.swift */,
				E9B45C9F24FD5ED400A79ECC /* rentorCoreData.xcdatamodeld */,
				E99042CB25043BBA0062B493 /* CoreDataManager.swift */,
				E9090D4F24FAA49F00020390 /* Model */,
			);
			path = Persistence;
			sourceTree = "<group>";
		};
/* End PBXGroup section */

/* Begin PBXNativeTarget section */
		E9090D0D24FA9F7600020390 /* ios-rentor */ = {
			isa = PBXNativeTarget;
			buildConfigurationList = E9090D3B24FA9F7800020390 /* Build configuration list for PBXNativeTarget "ios-rentor" */;
			buildPhases = (
				8D662FA16408A58A0C541393 /* [CP] Check Pods Manifest.lock */,
				E9090D0A24FA9F7600020390 /* Sources */,
				E9090D0B24FA9F7600020390 /* Frameworks */,
				E9090D0C24FA9F7600020390 /* Resources */,
				3DC5285128C28F5FA82334F3 /* [CP] Embed Pods Frameworks */,
				E909871F258259640089525F /* ShellScript */,
			);
			buildRules = (
			);
			dependencies = (
			);
			name = "ios-rentor";
			productName = "ios-rentor";
			productReference = E9090D0E24FA9F7600020390 /* ios-rentor.app */;
			productType = "com.apple.product-type.application";
		};
		E9090D2624FA9F7800020390 /* ios-rentorTests */ = {
			isa = PBXNativeTarget;
			buildConfigurationList = E9090D3E24FA9F7800020390 /* Build configuration list for PBXNativeTarget "ios-rentorTests" */;
			buildPhases = (
				A8D1ECE1E1B2CBB19F4979D2 /* [CP] Check Pods Manifest.lock */,
				E9090D2324FA9F7800020390 /* Sources */,
				E9090D2424FA9F7800020390 /* Frameworks */,
				E9090D2524FA9F7800020390 /* Resources */,
			);
			buildRules = (
			);
			dependencies = (
				E9090D2924FA9F7800020390 /* PBXTargetDependency */,
			);
			name = "ios-rentorTests";
			productName = "ios-rentorTests";
			productReference = E9090D2724FA9F7800020390 /* ios-rentorTests.xctest */;
			productType = "com.apple.product-type.bundle.unit-test";
		};
		E9090D3124FA9F7800020390 /* ios-rentorUITests */ = {
			isa = PBXNativeTarget;
			buildConfigurationList = E9090D4124FA9F7800020390 /* Build configuration list for PBXNativeTarget "ios-rentorUITests" */;
			buildPhases = (
				853A1B05F0E3735E8B7D4611 /* [CP] Check Pods Manifest.lock */,
				E9090D2E24FA9F7800020390 /* Sources */,
				E9090D2F24FA9F7800020390 /* Frameworks */,
				E9090D3024FA9F7800020390 /* Resources */,
				5B87850D7DE5C82A13D24E84 /* [CP] Embed Pods Frameworks */,
			);
			buildRules = (
			);
			dependencies = (
				E9090D3424FA9F7800020390 /* PBXTargetDependency */,
			);
			name = "ios-rentorUITests";
			productName = "ios-rentorUITests";
			productReference = E9090D3224FA9F7800020390 /* ios-rentorUITests.xctest */;
			productType = "com.apple.product-type.bundle.ui-testing";
		};
/* End PBXNativeTarget section */

/* Begin PBXProject section */
		E9090D0624FA9F7600020390 /* Project object */ = {
			isa = PBXProject;
			attributes = {
				LastSwiftUpdateCheck = 1140;
				LastUpgradeCheck = 1220;
				ORGANIZATIONNAME = Thomas;
				TargetAttributes = {
					E9090D0D24FA9F7600020390 = {
						CreatedOnToolsVersion = 11.4;
					};
					E9090D2624FA9F7800020390 = {
						CreatedOnToolsVersion = 11.4;
						TestTargetID = E9090D0D24FA9F7600020390;
					};
					E9090D3124FA9F7800020390 = {
						CreatedOnToolsVersion = 11.4;
						TestTargetID = E9090D0D24FA9F7600020390;
					};
				};
			};
			buildConfigurationList = E9090D0924FA9F7600020390 /* Build configuration list for PBXProject "ios-rentor" */;
			compatibilityVersion = "Xcode 9.3";
			developmentRegion = en;
			hasScannedForEncodings = 0;
			knownRegions = (
				en,
				Base,
			);
			mainGroup = E9090D0524FA9F7600020390;
			productRefGroup = E9090D0F24FA9F7600020390 /* Products */;
			projectDirPath = "";
			projectRoot = "";
			targets = (
				E9090D0D24FA9F7600020390 /* ios-rentor */,
				E9090D2624FA9F7800020390 /* ios-rentorTests */,
				E9090D3124FA9F7800020390 /* ios-rentorUITests */,
			);
		};
/* End PBXProject section */

/* Begin PBXResourcesBuildPhase section */
		E9090D0C24FA9F7600020390 /* Resources */ = {
			isa = PBXResourcesBuildPhase;
			buildActionMask = 2147483647;
			files = (
				E9090D2124FA9F7800020390 /* LaunchScreen.storyboard in Resources */,
				E90986E62582500D0089525F /* GoogleService-Info.plist in Resources */,
				E9090D1E24FA9F7800020390 /* Preview Assets.xcassets in Resources */,
				E9090D1B24FA9F7800020390 /* Assets.xcassets in Resources */,
			);
			runOnlyForDeploymentPostprocessing = 0;
		};
		E9090D2524FA9F7800020390 /* Resources */ = {
			isa = PBXResourcesBuildPhase;
			buildActionMask = 2147483647;
			files = (
			);
			runOnlyForDeploymentPostprocessing = 0;
		};
		E9090D3024FA9F7800020390 /* Resources */ = {
			isa = PBXResourcesBuildPhase;
			buildActionMask = 2147483647;
			files = (
			);
			runOnlyForDeploymentPostprocessing = 0;
		};
/* End PBXResourcesBuildPhase section */

/* Begin PBXShellScriptBuildPhase section */
		3DC5285128C28F5FA82334F3 /* [CP] Embed Pods Frameworks */ = {
			isa = PBXShellScriptBuildPhase;
			buildActionMask = 2147483647;
			files = (
			);
			inputFileListPaths = (
				"${PODS_ROOT}/Target Support Files/Pods-ios-rentor/Pods-ios-rentor-frameworks-${CONFIGURATION}-input-files.xcfilelist",
			);
			name = "[CP] Embed Pods Frameworks";
			outputFileListPaths = (
				"${PODS_ROOT}/Target Support Files/Pods-ios-rentor/Pods-ios-rentor-frameworks-${CONFIGURATION}-output-files.xcfilelist",
			);
			runOnlyForDeploymentPostprocessing = 0;
			shellPath = /bin/sh;
			shellScript = "\"${PODS_ROOT}/Target Support Files/Pods-ios-rentor/Pods-ios-rentor-frameworks.sh\"\n";
			showEnvVarsInLog = 0;
		};
		5B87850D7DE5C82A13D24E84 /* [CP] Embed Pods Frameworks */ = {
			isa = PBXShellScriptBuildPhase;
			buildActionMask = 2147483647;
			files = (
			);
			inputFileListPaths = (
				"${PODS_ROOT}/Target Support Files/Pods-ios-rentor-ios-rentorUITests/Pods-ios-rentor-ios-rentorUITests-frameworks-${CONFIGURATION}-input-files.xcfilelist",
			);
			name = "[CP] Embed Pods Frameworks";
			outputFileListPaths = (
				"${PODS_ROOT}/Target Support Files/Pods-ios-rentor-ios-rentorUITests/Pods-ios-rentor-ios-rentorUITests-frameworks-${CONFIGURATION}-output-files.xcfilelist",
			);
			runOnlyForDeploymentPostprocessing = 0;
			shellPath = /bin/sh;
			shellScript = "\"${PODS_ROOT}/Target Support Files/Pods-ios-rentor-ios-rentorUITests/Pods-ios-rentor-ios-rentorUITests-frameworks.sh\"\n";
			showEnvVarsInLog = 0;
		};
		853A1B05F0E3735E8B7D4611 /* [CP] Check Pods Manifest.lock */ = {
			isa = PBXShellScriptBuildPhase;
			buildActionMask = 2147483647;
			files = (
			);
			inputFileListPaths = (
			);
			inputPaths = (
				"${PODS_PODFILE_DIR_PATH}/Podfile.lock",
				"${PODS_ROOT}/Manifest.lock",
			);
			name = "[CP] Check Pods Manifest.lock";
			outputFileListPaths = (
			);
			outputPaths = (
				"$(DERIVED_FILE_DIR)/Pods-ios-rentor-ios-rentorUITests-checkManifestLockResult.txt",
			);
			runOnlyForDeploymentPostprocessing = 0;
			shellPath = /bin/sh;
			shellScript = "diff \"${PODS_PODFILE_DIR_PATH}/Podfile.lock\" \"${PODS_ROOT}/Manifest.lock\" > /dev/null\nif [ $? != 0 ] ; then\n    # print error to STDERR\n    echo \"error: The sandbox is not in sync with the Podfile.lock. Run 'pod install' or update your CocoaPods installation.\" >&2\n    exit 1\nfi\n# This output is used by Xcode 'outputs' to avoid re-running this script phase.\necho \"SUCCESS\" > \"${SCRIPT_OUTPUT_FILE_0}\"\n";
			showEnvVarsInLog = 0;
		};
		8D662FA16408A58A0C541393 /* [CP] Check Pods Manifest.lock */ = {
			isa = PBXShellScriptBuildPhase;
			buildActionMask = 2147483647;
			files = (
			);
			inputFileListPaths = (
			);
			inputPaths = (
				"${PODS_PODFILE_DIR_PATH}/Podfile.lock",
				"${PODS_ROOT}/Manifest.lock",
			);
			name = "[CP] Check Pods Manifest.lock";
			outputFileListPaths = (
			);
			outputPaths = (
				"$(DERIVED_FILE_DIR)/Pods-ios-rentor-checkManifestLockResult.txt",
			);
			runOnlyForDeploymentPostprocessing = 0;
			shellPath = /bin/sh;
			shellScript = "diff \"${PODS_PODFILE_DIR_PATH}/Podfile.lock\" \"${PODS_ROOT}/Manifest.lock\" > /dev/null\nif [ $? != 0 ] ; then\n    # print error to STDERR\n    echo \"error: The sandbox is not in sync with the Podfile.lock. Run 'pod install' or update your CocoaPods installation.\" >&2\n    exit 1\nfi\n# This output is used by Xcode 'outputs' to avoid re-running this script phase.\necho \"SUCCESS\" > \"${SCRIPT_OUTPUT_FILE_0}\"\n";
			showEnvVarsInLog = 0;
		};
		A8D1ECE1E1B2CBB19F4979D2 /* [CP] Check Pods Manifest.lock */ = {
			isa = PBXShellScriptBuildPhase;
			buildActionMask = 2147483647;
			files = (
			);
			inputFileListPaths = (
			);
			inputPaths = (
				"${PODS_PODFILE_DIR_PATH}/Podfile.lock",
				"${PODS_ROOT}/Manifest.lock",
			);
			name = "[CP] Check Pods Manifest.lock";
			outputFileListPaths = (
			);
			outputPaths = (
				"$(DERIVED_FILE_DIR)/Pods-ios-rentorTests-checkManifestLockResult.txt",
			);
			runOnlyForDeploymentPostprocessing = 0;
			shellPath = /bin/sh;
			shellScript = "diff \"${PODS_PODFILE_DIR_PATH}/Podfile.lock\" \"${PODS_ROOT}/Manifest.lock\" > /dev/null\nif [ $? != 0 ] ; then\n    # print error to STDERR\n    echo \"error: The sandbox is not in sync with the Podfile.lock. Run 'pod install' or update your CocoaPods installation.\" >&2\n    exit 1\nfi\n# This output is used by Xcode 'outputs' to avoid re-running this script phase.\necho \"SUCCESS\" > \"${SCRIPT_OUTPUT_FILE_0}\"\n";
			showEnvVarsInLog = 0;
		};
		E909871F258259640089525F /* ShellScript */ = {
			isa = PBXShellScriptBuildPhase;
			buildActionMask = 2147483647;
			files = (
			);
			inputFileListPaths = (
			);
			inputPaths = (
			);
			outputFileListPaths = (
			);
			outputPaths = (
			);
			runOnlyForDeploymentPostprocessing = 0;
			shellPath = /bin/sh;
			shellScript = "# Type a script or drag a script file from your workspace to insert its path.\n\n\"${PODS_ROOT}/SwiftLint/swiftlint\"\n\n";
		};
/* End PBXShellScriptBuildPhase section */

/* Begin PBXSourcesBuildPhase section */
		E9090D0A24FA9F7600020390 /* Sources */ = {
			isa = PBXSourcesBuildPhase;
			buildActionMask = 2147483647;
			files = (
				E9D8D16324FC353700DF5ABC /* Home.swift in Sources */,
				E9B20D502591403200EC52D5 /* Models.swift in Sources */,
				E99042CC25043BBA0062B493 /* CoreDataManager.swift in Sources */,
				E9D8D15D24FAF7B800DF5ABC /* MainView.swift in Sources */,
				E9878556250BB0C200CF8519 /* String+Ext.swift in Sources */,
				E94492EF258BEC7F00B94481 /* RentalDBRepository.swift in Sources */,
				E9C3A0AE25570A1D003BF79F /* SettingViewModel.swift in Sources */,
				E9209C9325227E8700EDC0A9 /* SimmulatorCellView.swift in Sources */,
				E9090D1224FA9F7600020390 /* AppDelegate.swift in Sources */,
				E9AAA95525210CF1009841B8 /* SimmulatorCellViewModel.swift in Sources */,
				E9090D1724FA9F7600020390 /* ios_rentor.xcdatamodeld in Sources */,
				E98C2582252B96E700E06E73 /* HomeDetailViewModel.swift in Sources */,
				E9A8C66E25194095000E8A28 /* Errors.swift in Sources */,
				E98C257D252B922000E06E73 /* HomeDetailView.swift in Sources */,
				E9665536250033B2003BC212 /* RentorEntity.swift in Sources */,
				E9D8D16124FAF9D000DF5ABC /* SettingView.swift in Sources */,
				E9A8C6692517B4BC000E8A28 /* HomeViewModel.swift in Sources */,
				E9B45CA124FD5ED400A79ECC /* rentorCoreData.xcdatamodeld in Sources */,
				E9090D1424FA9F7600020390 /* SceneDelegate.swift in Sources */,
				E9D8D15F24FAF98300DF5ABC /* SimmulatorView.swift in Sources */,
				E9B20D4B25913E2100EC52D5 /* Models+CoreData.swift in Sources */,
				E9C3A0B425570D43003BF79F /* SettingCell.swift in Sources */,
				E99042CA2502A16C0062B493 /* RentalEntityView.swift in Sources */,
				E9B20D552591403B00EC52D5 /* MockedData.swift in Sources */,
				E9AAA950251B9244009841B8 /* SimmulatorModel.swift in Sources */,
				E9AAA953251BDA4B009841B8 /* InteractorsProtocol.swift in Sources */,
				E9AAA94E251A1031009841B8 /* SimmulatorViewModel.swift in Sources */,
			);
			runOnlyForDeploymentPostprocessing = 0;
		};
		E9090D2324FA9F7800020390 /* Sources */ = {
			isa = PBXSourcesBuildPhase;
			buildActionMask = 2147483647;
			files = (
				E9090D2C24FA9F7800020390 /* ios_rentorTests.swift in Sources */,
			);
			runOnlyForDeploymentPostprocessing = 0;
		};
		E9090D2E24FA9F7800020390 /* Sources */ = {
			isa = PBXSourcesBuildPhase;
			buildActionMask = 2147483647;
			files = (
				E9090D3724FA9F7800020390 /* ios_rentorUITests.swift in Sources */,
			);
			runOnlyForDeploymentPostprocessing = 0;
		};
/* End PBXSourcesBuildPhase section */

/* Begin PBXTargetDependency section */
		E9090D2924FA9F7800020390 /* PBXTargetDependency */ = {
			isa = PBXTargetDependency;
			target = E9090D0D24FA9F7600020390 /* ios-rentor */;
			targetProxy = E9090D2824FA9F7800020390 /* PBXContainerItemProxy */;
		};
		E9090D3424FA9F7800020390 /* PBXTargetDependency */ = {
			isa = PBXTargetDependency;
			target = E9090D0D24FA9F7600020390 /* ios-rentor */;
			targetProxy = E9090D3324FA9F7800020390 /* PBXContainerItemProxy */;
		};
/* End PBXTargetDependency section */

/* Begin PBXVariantGroup section */
		E9090D1F24FA9F7800020390 /* LaunchScreen.storyboard */ = {
			isa = PBXVariantGroup;
			children = (
				E9090D2024FA9F7800020390 /* Base */,
			);
			name = LaunchScreen.storyboard;
			sourceTree = "<group>";
		};
/* End PBXVariantGroup section */

/* Begin XCBuildConfiguration section */
		E9090D3924FA9F7800020390 /* Debug */ = {
			isa = XCBuildConfiguration;
			buildSettings = {
				ALWAYS_SEARCH_USER_PATHS = NO;
				CLANG_ANALYZER_NONNULL = YES;
				CLANG_ANALYZER_NUMBER_OBJECT_CONVERSION = YES_AGGRESSIVE;
				CLANG_CXX_LANGUAGE_STANDARD = "gnu++14";
				CLANG_CXX_LIBRARY = "libc++";
				CLANG_ENABLE_MODULES = YES;
				CLANG_ENABLE_OBJC_ARC = YES;
				CLANG_ENABLE_OBJC_WEAK = YES;
				CLANG_WARN_BLOCK_CAPTURE_AUTORELEASING = YES;
				CLANG_WARN_BOOL_CONVERSION = YES;
				CLANG_WARN_COMMA = YES;
				CLANG_WARN_CONSTANT_CONVERSION = YES;
				CLANG_WARN_DEPRECATED_OBJC_IMPLEMENTATIONS = YES;
				CLANG_WARN_DIRECT_OBJC_ISA_USAGE = YES_ERROR;
				CLANG_WARN_DOCUMENTATION_COMMENTS = YES;
				CLANG_WARN_EMPTY_BODY = YES;
				CLANG_WARN_ENUM_CONVERSION = YES;
				CLANG_WARN_INFINITE_RECURSION = YES;
				CLANG_WARN_INT_CONVERSION = YES;
				CLANG_WARN_NON_LITERAL_NULL_CONVERSION = YES;
				CLANG_WARN_OBJC_IMPLICIT_RETAIN_SELF = YES;
				CLANG_WARN_OBJC_LITERAL_CONVERSION = YES;
				CLANG_WARN_OBJC_ROOT_CLASS = YES_ERROR;
				CLANG_WARN_QUOTED_INCLUDE_IN_FRAMEWORK_HEADER = YES;
				CLANG_WARN_RANGE_LOOP_ANALYSIS = YES;
				CLANG_WARN_STRICT_PROTOTYPES = YES;
				CLANG_WARN_SUSPICIOUS_MOVE = YES;
				CLANG_WARN_UNGUARDED_AVAILABILITY = YES_AGGRESSIVE;
				CLANG_WARN_UNREACHABLE_CODE = YES;
				CLANG_WARN__DUPLICATE_METHOD_MATCH = YES;
				COPY_PHASE_STRIP = NO;
				DEBUG_INFORMATION_FORMAT = dwarf;
				ENABLE_STRICT_OBJC_MSGSEND = YES;
				ENABLE_TESTABILITY = YES;
				GCC_C_LANGUAGE_STANDARD = gnu11;
				GCC_DYNAMIC_NO_PIC = NO;
				GCC_NO_COMMON_BLOCKS = YES;
				GCC_OPTIMIZATION_LEVEL = 0;
				GCC_PREPROCESSOR_DEFINITIONS = (
					"DEBUG=1",
					"$(inherited)",
				);
				GCC_WARN_64_TO_32_BIT_CONVERSION = YES;
				GCC_WARN_ABOUT_RETURN_TYPE = YES_ERROR;
				GCC_WARN_UNDECLARED_SELECTOR = YES;
				GCC_WARN_UNINITIALIZED_AUTOS = YES_AGGRESSIVE;
				GCC_WARN_UNUSED_FUNCTION = YES;
				GCC_WARN_UNUSED_VARIABLE = YES;
				IPHONEOS_DEPLOYMENT_TARGET = 14.0;
				MTL_ENABLE_DEBUG_INFO = INCLUDE_SOURCE;
				MTL_FAST_MATH = YES;
				ONLY_ACTIVE_ARCH = YES;
				SDKROOT = iphoneos;
				SWIFT_ACTIVE_COMPILATION_CONDITIONS = DEBUG;
				SWIFT_OPTIMIZATION_LEVEL = "-Onone";
			};
			name = Debug;
		};
		E9090D3A24FA9F7800020390 /* Release */ = {
			isa = XCBuildConfiguration;
			buildSettings = {
				ALWAYS_SEARCH_USER_PATHS = NO;
				CLANG_ANALYZER_NONNULL = YES;
				CLANG_ANALYZER_NUMBER_OBJECT_CONVERSION = YES_AGGRESSIVE;
				CLANG_CXX_LANGUAGE_STANDARD = "gnu++14";
				CLANG_CXX_LIBRARY = "libc++";
				CLANG_ENABLE_MODULES = YES;
				CLANG_ENABLE_OBJC_ARC = YES;
				CLANG_ENABLE_OBJC_WEAK = YES;
				CLANG_WARN_BLOCK_CAPTURE_AUTORELEASING = YES;
				CLANG_WARN_BOOL_CONVERSION = YES;
				CLANG_WARN_COMMA = YES;
				CLANG_WARN_CONSTANT_CONVERSION = YES;
				CLANG_WARN_DEPRECATED_OBJC_IMPLEMENTATIONS = YES;
				CLANG_WARN_DIRECT_OBJC_ISA_USAGE = YES_ERROR;
				CLANG_WARN_DOCUMENTATION_COMMENTS = YES;
				CLANG_WARN_EMPTY_BODY = YES;
				CLANG_WARN_ENUM_CONVERSION = YES;
				CLANG_WARN_INFINITE_RECURSION = YES;
				CLANG_WARN_INT_CONVERSION = YES;
				CLANG_WARN_NON_LITERAL_NULL_CONVERSION = YES;
				CLANG_WARN_OBJC_IMPLICIT_RETAIN_SELF = YES;
				CLANG_WARN_OBJC_LITERAL_CONVERSION = YES;
				CLANG_WARN_OBJC_ROOT_CLASS = YES_ERROR;
				CLANG_WARN_QUOTED_INCLUDE_IN_FRAMEWORK_HEADER = YES;
				CLANG_WARN_RANGE_LOOP_ANALYSIS = YES;
				CLANG_WARN_STRICT_PROTOTYPES = YES;
				CLANG_WARN_SUSPICIOUS_MOVE = YES;
				CLANG_WARN_UNGUARDED_AVAILABILITY = YES_AGGRESSIVE;
				CLANG_WARN_UNREACHABLE_CODE = YES;
				CLANG_WARN__DUPLICATE_METHOD_MATCH = YES;
				COPY_PHASE_STRIP = NO;
				DEBUG_INFORMATION_FORMAT = "dwarf-with-dsym";
				ENABLE_NS_ASSERTIONS = NO;
				ENABLE_STRICT_OBJC_MSGSEND = YES;
				GCC_C_LANGUAGE_STANDARD = gnu11;
				GCC_NO_COMMON_BLOCKS = YES;
				GCC_WARN_64_TO_32_BIT_CONVERSION = YES;
				GCC_WARN_ABOUT_RETURN_TYPE = YES_ERROR;
				GCC_WARN_UNDECLARED_SELECTOR = YES;
				GCC_WARN_UNINITIALIZED_AUTOS = YES_AGGRESSIVE;
				GCC_WARN_UNUSED_FUNCTION = YES;
				GCC_WARN_UNUSED_VARIABLE = YES;
				IPHONEOS_DEPLOYMENT_TARGET = 14.0;
				MTL_ENABLE_DEBUG_INFO = NO;
				MTL_FAST_MATH = YES;
				SDKROOT = iphoneos;
				SWIFT_COMPILATION_MODE = wholemodule;
				SWIFT_OPTIMIZATION_LEVEL = "-O";
				VALIDATE_PRODUCT = YES;
			};
			name = Release;
		};
		E9090D3C24FA9F7800020390 /* Debug */ = {
			isa = XCBuildConfiguration;
			baseConfigurationReference = 174D7EFE4881A47F313FA50F /* Pods-ios-rentor.debug.xcconfig */;
			buildSettings = {
				ASSETCATALOG_COMPILER_APPICON_NAME = AppIcon;
				CODE_SIGN_STYLE = Automatic;
				DEVELOPMENT_ASSET_PATHS = "\"ios-rentor/Preview Content\"";
				DEVELOPMENT_TEAM = 7F4ML7J3E2;
				ENABLE_PREVIEWS = YES;
				INFOPLIST_FILE = "ios-rentor/Info.plist";
				LD_RUNPATH_SEARCH_PATHS = (
					"$(inherited)",
					"@executable_path/Frameworks",
				);
				PRODUCT_BUNDLE_IDENTIFIER = com.simmoApp;
				PRODUCT_NAME = "$(TARGET_NAME)";
				SWIFT_VERSION = 5.0;
				TARGETED_DEVICE_FAMILY = 1;
			};
			name = Debug;
		};
		E9090D3D24FA9F7800020390 /* Release */ = {
			isa = XCBuildConfiguration;
			baseConfigurationReference = 9D7097AF2AB88EEE5CACB1FD /* Pods-ios-rentor.release.xcconfig */;
			buildSettings = {
				ASSETCATALOG_COMPILER_APPICON_NAME = AppIcon;
				CODE_SIGN_STYLE = Automatic;
				DEVELOPMENT_ASSET_PATHS = "\"ios-rentor/Preview Content\"";
				DEVELOPMENT_TEAM = 7F4ML7J3E2;
				ENABLE_PREVIEWS = YES;
				INFOPLIST_FILE = "ios-rentor/Info.plist";
				LD_RUNPATH_SEARCH_PATHS = (
					"$(inherited)",
					"@executable_path/Frameworks",
				);
				PRODUCT_BUNDLE_IDENTIFIER = com.simmoApp;
				PRODUCT_NAME = "$(TARGET_NAME)";
				SWIFT_VERSION = 5.0;
				TARGETED_DEVICE_FAMILY = 1;
			};
			name = Release;
		};
		E9090D3F24FA9F7800020390 /* Debug */ = {
			isa = XCBuildConfiguration;
			baseConfigurationReference = 270CB155A87B785308DED500 /* Pods-ios-rentorTests.debug.xcconfig */;
			buildSettings = {
				ALWAYS_EMBED_SWIFT_STANDARD_LIBRARIES = YES;
				BUNDLE_LOADER = "$(TEST_HOST)";
				CODE_SIGN_STYLE = Automatic;
				DEVELOPMENT_TEAM = 7F4ML7J3E2;
				INFOPLIST_FILE = "ios-rentorTests/Info.plist";
				IPHONEOS_DEPLOYMENT_TARGET = 13.4;
				LD_RUNPATH_SEARCH_PATHS = (
					"$(inherited)",
					"@executable_path/Frameworks",
					"@loader_path/Frameworks",
				);
				PRODUCT_BUNDLE_IDENTIFIER = "com.mthomas3.ios-rentorTests";
				PRODUCT_NAME = "$(TARGET_NAME)";
				SWIFT_VERSION = 5.0;
				TARGETED_DEVICE_FAMILY = "1,2";
				TEST_HOST = "$(BUILT_PRODUCTS_DIR)/ios-rentor.app/ios-rentor";
			};
			name = Debug;
		};
		E9090D4024FA9F7800020390 /* Release */ = {
			isa = XCBuildConfiguration;
			baseConfigurationReference = F0B73656C48975407BCA3632 /* Pods-ios-rentorTests.release.xcconfig */;
			buildSettings = {
				ALWAYS_EMBED_SWIFT_STANDARD_LIBRARIES = YES;
				BUNDLE_LOADER = "$(TEST_HOST)";
				CODE_SIGN_STYLE = Automatic;
				DEVELOPMENT_TEAM = 7F4ML7J3E2;
				INFOPLIST_FILE = "ios-rentorTests/Info.plist";
				IPHONEOS_DEPLOYMENT_TARGET = 13.4;
				LD_RUNPATH_SEARCH_PATHS = (
					"$(inherited)",
					"@executable_path/Frameworks",
					"@loader_path/Frameworks",
				);
				PRODUCT_BUNDLE_IDENTIFIER = "com.mthomas3.ios-rentorTests";
				PRODUCT_NAME = "$(TARGET_NAME)";
				SWIFT_VERSION = 5.0;
				TARGETED_DEVICE_FAMILY = "1,2";
				TEST_HOST = "$(BUILT_PRODUCTS_DIR)/ios-rentor.app/ios-rentor";
			};
			name = Release;
		};
		E9090D4224FA9F7800020390 /* Debug */ = {
			isa = XCBuildConfiguration;
			baseConfigurationReference = 7CC13E33BCFE9B753E56F557 /* Pods-ios-rentor-ios-rentorUITests.debug.xcconfig */;
			buildSettings = {
				ALWAYS_EMBED_SWIFT_STANDARD_LIBRARIES = YES;
				CODE_SIGN_STYLE = Automatic;
				DEVELOPMENT_TEAM = 7F4ML7J3E2;
				INFOPLIST_FILE = "ios-rentorUITests/Info.plist";
				LD_RUNPATH_SEARCH_PATHS = (
					"$(inherited)",
					"@executable_path/Frameworks",
					"@loader_path/Frameworks",
				);
				PRODUCT_BUNDLE_IDENTIFIER = "com.mthomas3.ios-rentorUITests";
				PRODUCT_NAME = "$(TARGET_NAME)";
				SWIFT_VERSION = 5.0;
				TARGETED_DEVICE_FAMILY = "1,2";
				TEST_TARGET_NAME = "ios-rentor";
			};
			name = Debug;
		};
		E9090D4324FA9F7800020390 /* Release */ = {
			isa = XCBuildConfiguration;
			baseConfigurationReference = 712F9E38E6DAD7301DFE46D1 /* Pods-ios-rentor-ios-rentorUITests.release.xcconfig */;
			buildSettings = {
				ALWAYS_EMBED_SWIFT_STANDARD_LIBRARIES = YES;
				CODE_SIGN_STYLE = Automatic;
				DEVELOPMENT_TEAM = 7F4ML7J3E2;
				INFOPLIST_FILE = "ios-rentorUITests/Info.plist";
				LD_RUNPATH_SEARCH_PATHS = (
					"$(inherited)",
					"@executable_path/Frameworks",
					"@loader_path/Frameworks",
				);
				PRODUCT_BUNDLE_IDENTIFIER = "com.mthomas3.ios-rentorUITests";
				PRODUCT_NAME = "$(TARGET_NAME)";
				SWIFT_VERSION = 5.0;
				TARGETED_DEVICE_FAMILY = "1,2";
				TEST_TARGET_NAME = "ios-rentor";
			};
			name = Release;
		};
/* End XCBuildConfiguration section */

/* Begin XCConfigurationList section */
		E9090D0924FA9F7600020390 /* Build configuration list for PBXProject "ios-rentor" */ = {
			isa = XCConfigurationList;
			buildConfigurations = (
				E9090D3924FA9F7800020390 /* Debug */,
				E9090D3A24FA9F7800020390 /* Release */,
			);
			defaultConfigurationIsVisible = 0;
			defaultConfigurationName = Release;
		};
		E9090D3B24FA9F7800020390 /* Build configuration list for PBXNativeTarget "ios-rentor" */ = {
			isa = XCConfigurationList;
			buildConfigurations = (
				E9090D3C24FA9F7800020390 /* Debug */,
				E9090D3D24FA9F7800020390 /* Release */,
			);
			defaultConfigurationIsVisible = 0;
			defaultConfigurationName = Release;
		};
		E9090D3E24FA9F7800020390 /* Build configuration list for PBXNativeTarget "ios-rentorTests" */ = {
			isa = XCConfigurationList;
			buildConfigurations = (
				E9090D3F24FA9F7800020390 /* Debug */,
				E9090D4024FA9F7800020390 /* Release */,
			);
			defaultConfigurationIsVisible = 0;
			defaultConfigurationName = Release;
		};
		E9090D4124FA9F7800020390 /* Build configuration list for PBXNativeTarget "ios-rentorUITests" */ = {
			isa = XCConfigurationList;
			buildConfigurations = (
				E9090D4224FA9F7800020390 /* Debug */,
				E9090D4324FA9F7800020390 /* Release */,
			);
			defaultConfigurationIsVisible = 0;
			defaultConfigurationName = Release;
		};
/* End XCConfigurationList section */

/* Begin XCVersionGroup section */
		E9090D1524FA9F7600020390 /* ios_rentor.xcdatamodeld */ = {
			isa = XCVersionGroup;
			children = (
				E9090D1624FA9F7600020390 /* ios_rentor.xcdatamodel */,
			);
			currentVersion = E9090D1624FA9F7600020390 /* ios_rentor.xcdatamodel */;
			path = ios_rentor.xcdatamodeld;
			sourceTree = "<group>";
			versionGroupType = wrapper.xcdatamodel;
		};
		E9B45C9F24FD5ED400A79ECC /* rentorCoreData.xcdatamodeld */ = {
			isa = XCVersionGroup;
			children = (
				E9B45CA024FD5ED400A79ECC /* Simmulations.xcdatamodel */,
			);
			currentVersion = E9B45CA024FD5ED400A79ECC /* Simmulations.xcdatamodel */;
			path = rentorCoreData.xcdatamodeld;
			sourceTree = "<group>";
			versionGroupType = wrapper.xcdatamodel;
		};
/* End XCVersionGroup section */
	};
	rootObject = E9090D0624FA9F7600020390 /* Project object */;
}
