// !$*UTF8*$!
{
	archiveVersion = 1;
	classes = {
	};
	objectVersion = 50;
	objects = {

/* Begin PBXBuildFile section */
		E9090D1224FA9F7600020390 /* AppDelegate.swift in Sources */ = {isa = PBXBuildFile; fileRef = E9090D1124FA9F7600020390 /* AppDelegate.swift */; };
		E9090D1424FA9F7600020390 /* SceneDelegate.swift in Sources */ = {isa = PBXBuildFile; fileRef = E9090D1324FA9F7600020390 /* SceneDelegate.swift */; };
		E9090D1724FA9F7600020390 /* ios_rentor.xcdatamodeld in Sources */ = {isa = PBXBuildFile; fileRef = E9090D1524FA9F7600020390 /* ios_rentor.xcdatamodeld */; };
		E9090D1B24FA9F7800020390 /* Assets.xcassets in Resources */ = {isa = PBXBuildFile; fileRef = E9090D1A24FA9F7800020390 /* Assets.xcassets */; };
		E9090D1E24FA9F7800020390 /* Preview Assets.xcassets in Resources */ = {isa = PBXBuildFile; fileRef = E9090D1D24FA9F7800020390 /* Preview Assets.xcassets */; };
		E9090D2124FA9F7800020390 /* LaunchScreen.storyboard in Resources */ = {isa = PBXBuildFile; fileRef = E9090D1F24FA9F7800020390 /* LaunchScreen.storyboard */; };
		E9090D2C24FA9F7800020390 /* ios_rentorTests.swift in Sources */ = {isa = PBXBuildFile; fileRef = E9090D2B24FA9F7800020390 /* ios_rentorTests.swift */; };
		E9090D3724FA9F7800020390 /* ios_rentorUITests.swift in Sources */ = {isa = PBXBuildFile; fileRef = E9090D3624FA9F7800020390 /* ios_rentorUITests.swift */; };
		E9209C9325227E8700EDC0A9 /* SimmulatorCellView.swift in Sources */ = {isa = PBXBuildFile; fileRef = E9209C9225227E8700EDC0A9 /* SimmulatorCellView.swift */; };
		E936BFB92538992800ED3269 /* CoreDataRental.swift in Sources */ = {isa = PBXBuildFile; fileRef = E936BFB82538992800ED3269 /* CoreDataRental.swift */; };
		E9665536250033B2003BC212 /* RentorEntity.swift in Sources */ = {isa = PBXBuildFile; fileRef = E9665535250033B2003BC212 /* RentorEntity.swift */; };
		E985821D25238CD600F5BC7F /* BlueButtonStyle.swift in Sources */ = {isa = PBXBuildFile; fileRef = E985821C25238CD600F5BC7F /* BlueButtonStyle.swift */; };
		E9878556250BB0C200CF8519 /* String+Ext.swift in Sources */ = {isa = PBXBuildFile; fileRef = E9878555250BB0C200CF8519 /* String+Ext.swift */; };
		E98C257D252B922000E06E73 /* HomeDetailView.swift in Sources */ = {isa = PBXBuildFile; fileRef = E98C257C252B922000E06E73 /* HomeDetailView.swift */; };
		E98C2582252B96E700E06E73 /* HomeDetailViewModel.swift in Sources */ = {isa = PBXBuildFile; fileRef = E98C2581252B96E700E06E73 /* HomeDetailViewModel.swift */; };
		E99042CA2502A16C0062B493 /* RentalEntityView.swift in Sources */ = {isa = PBXBuildFile; fileRef = E99042C92502A16C0062B493 /* RentalEntityView.swift */; };
		E99042CC25043BBA0062B493 /* CoreDataManager.swift in Sources */ = {isa = PBXBuildFile; fileRef = E99042CB25043BBA0062B493 /* CoreDataManager.swift */; };
		E9A8C6692517B4BC000E8A28 /* HomeViewModel.swift in Sources */ = {isa = PBXBuildFile; fileRef = E9A8C6682517B4BC000E8A28 /* HomeViewModel.swift */; };
		E9A8C66E25194095000E8A28 /* Errors.swift in Sources */ = {isa = PBXBuildFile; fileRef = E9A8C66D25194095000E8A28 /* Errors.swift */; };
		E9AAA94E251A1031009841B8 /* SimmulatorViewModel.swift in Sources */ = {isa = PBXBuildFile; fileRef = E9AAA94D251A1031009841B8 /* SimmulatorViewModel.swift */; };
		E9AAA950251B9244009841B8 /* SimmulatorModel.swift in Sources */ = {isa = PBXBuildFile; fileRef = E9AAA94F251B9244009841B8 /* SimmulatorModel.swift */; };
		E9AAA953251BDA4B009841B8 /* ViewModelProtocol.swift in Sources */ = {isa = PBXBuildFile; fileRef = E9AAA952251BDA4B009841B8 /* ViewModelProtocol.swift */; };
		E9AAA95525210CF1009841B8 /* SimmulatorCellViewModel.swift in Sources */ = {isa = PBXBuildFile; fileRef = E9AAA95425210CF1009841B8 /* SimmulatorCellViewModel.swift */; };
		E9B45CA124FD5ED400A79ECC /* rentorCoreData.xcdatamodeld in Sources */ = {isa = PBXBuildFile; fileRef = E9B45C9F24FD5ED400A79ECC /* rentorCoreData.xcdatamodeld */; };
		E9D8D15D24FAF7B800DF5ABC /* MainView.swift in Sources */ = {isa = PBXBuildFile; fileRef = E9D8D15C24FAF7B800DF5ABC /* MainView.swift */; };
		E9D8D15F24FAF98300DF5ABC /* SimmulatorView.swift in Sources */ = {isa = PBXBuildFile; fileRef = E9D8D15E24FAF98200DF5ABC /* SimmulatorView.swift */; };
		E9D8D16124FAF9D000DF5ABC /* SettingView.swift in Sources */ = {isa = PBXBuildFile; fileRef = E9D8D16024FAF9D000DF5ABC /* SettingView.swift */; };
		E9D8D16324FC353700DF5ABC /* Home.swift in Sources */ = {isa = PBXBuildFile; fileRef = E9D8D16224FC353700DF5ABC /* Home.swift */; };
/* End PBXBuildFile section */

/* Begin PBXContainerItemProxy section */
		E9090D2824FA9F7800020390 /* PBXContainerItemProxy */ = {
			isa = PBXContainerItemProxy;
			containerPortal = E9090D0624FA9F7600020390 /* Project object */;
			proxyType = 1;
			remoteGlobalIDString = E9090D0D24FA9F7600020390;
			remoteInfo = "ios-rentor";
		};
		E9090D3324FA9F7800020390 /* PBXContainerItemProxy */ = {
			isa = PBXContainerItemProxy;
			containerPortal = E9090D0624FA9F7600020390 /* Project object */;
			proxyType = 1;
			remoteGlobalIDString = E9090D0D24FA9F7600020390;
			remoteInfo = "ios-rentor";
		};
/* End PBXContainerItemProxy section */

/* Begin PBXFileReference section */
		E9090D0E24FA9F7600020390 /* ios-rentor.app */ = {isa = PBXFileReference; explicitFileType = wrapper.application; includeInIndex = 0; path = "ios-rentor.app"; sourceTree = BUILT_PRODUCTS_DIR; };
		E9090D1124FA9F7600020390 /* AppDelegate.swift */ = {isa = PBXFileReference; lastKnownFileType = sourcecode.swift; path = AppDelegate.swift; sourceTree = "<group>"; };
		E9090D1324FA9F7600020390 /* SceneDelegate.swift */ = {isa = PBXFileReference; lastKnownFileType = sourcecode.swift; path = SceneDelegate.swift; sourceTree = "<group>"; };
		E9090D1624FA9F7600020390 /* ios_rentor.xcdatamodel */ = {isa = PBXFileReference; lastKnownFileType = wrapper.xcdatamodel; path = ios_rentor.xcdatamodel; sourceTree = "<group>"; };
		E9090D1A24FA9F7800020390 /* Assets.xcassets */ = {isa = PBXFileReference; lastKnownFileType = folder.assetcatalog; path = Assets.xcassets; sourceTree = "<group>"; };
		E9090D1D24FA9F7800020390 /* Preview Assets.xcassets */ = {isa = PBXFileReference; lastKnownFileType = folder.assetcatalog; path = "Preview Assets.xcassets"; sourceTree = "<group>"; };
		E9090D2024FA9F7800020390 /* Base */ = {isa = PBXFileReference; lastKnownFileType = file.storyboard; name = Base; path = Base.lproj/LaunchScreen.storyboard; sourceTree = "<group>"; };
		E9090D2224FA9F7800020390 /* Info.plist */ = {isa = PBXFileReference; lastKnownFileType = text.plist.xml; path = Info.plist; sourceTree = "<group>"; };
		E9090D2724FA9F7800020390 /* ios-rentorTests.xctest */ = {isa = PBXFileReference; explicitFileType = wrapper.cfbundle; includeInIndex = 0; path = "ios-rentorTests.xctest"; sourceTree = BUILT_PRODUCTS_DIR; };
		E9090D2B24FA9F7800020390 /* ios_rentorTests.swift */ = {isa = PBXFileReference; lastKnownFileType = sourcecode.swift; path = ios_rentorTests.swift; sourceTree = "<group>"; };
		E9090D2D24FA9F7800020390 /* Info.plist */ = {isa = PBXFileReference; lastKnownFileType = text.plist.xml; path = Info.plist; sourceTree = "<group>"; };
		E9090D3224FA9F7800020390 /* ios-rentorUITests.xctest */ = {isa = PBXFileReference; explicitFileType = wrapper.cfbundle; includeInIndex = 0; path = "ios-rentorUITests.xctest"; sourceTree = BUILT_PRODUCTS_DIR; };
		E9090D3624FA9F7800020390 /* ios_rentorUITests.swift */ = {isa = PBXFileReference; lastKnownFileType = sourcecode.swift; path = ios_rentorUITests.swift; sourceTree = "<group>"; };
		E9090D3824FA9F7800020390 /* Info.plist */ = {isa = PBXFileReference; lastKnownFileType = text.plist.xml; path = Info.plist; sourceTree = "<group>"; };
		E9209C9225227E8700EDC0A9 /* SimmulatorCellView.swift */ = {isa = PBXFileReference; lastKnownFileType = sourcecode.swift; path = SimmulatorCellView.swift; sourceTree = "<group>"; };
		E936BFB82538992800ED3269 /* CoreDataRental.swift */ = {isa = PBXFileReference; lastKnownFileType = sourcecode.swift; path = CoreDataRental.swift; sourceTree = "<group>"; };
		E9665535250033B2003BC212 /* RentorEntity.swift */ = {isa = PBXFileReference; lastKnownFileType = sourcecode.swift; path = RentorEntity.swift; sourceTree = "<group>"; };
		E985821C25238CD600F5BC7F /* BlueButtonStyle.swift */ = {isa = PBXFileReference; lastKnownFileType = sourcecode.swift; path = BlueButtonStyle.swift; sourceTree = "<group>"; };
		E9878555250BB0C200CF8519 /* String+Ext.swift */ = {isa = PBXFileReference; lastKnownFileType = sourcecode.swift; path = "String+Ext.swift"; sourceTree = "<group>"; };
		E98C257C252B922000E06E73 /* HomeDetailView.swift */ = {isa = PBXFileReference; lastKnownFileType = sourcecode.swift; path = HomeDetailView.swift; sourceTree = "<group>"; };
		E98C2581252B96E700E06E73 /* HomeDetailViewModel.swift */ = {isa = PBXFileReference; lastKnownFileType = sourcecode.swift; path = HomeDetailViewModel.swift; sourceTree = "<group>"; };
		E99042C92502A16C0062B493 /* RentalEntityView.swift */ = {isa = PBXFileReference; lastKnownFileType = sourcecode.swift; path = RentalEntityView.swift; sourceTree = "<group>"; };
		E99042CB25043BBA0062B493 /* CoreDataManager.swift */ = {isa = PBXFileReference; lastKnownFileType = sourcecode.swift; path = CoreDataManager.swift; sourceTree = "<group>"; };
		E9A8C6682517B4BC000E8A28 /* HomeViewModel.swift */ = {isa = PBXFileReference; lastKnownFileType = sourcecode.swift; path = HomeViewModel.swift; sourceTree = "<group>"; };
		E9A8C66D25194095000E8A28 /* Errors.swift */ = {isa = PBXFileReference; lastKnownFileType = sourcecode.swift; path = Errors.swift; sourceTree = "<group>"; };
		E9AAA94D251A1031009841B8 /* SimmulatorViewModel.swift */ = {isa = PBXFileReference; lastKnownFileType = sourcecode.swift; path = SimmulatorViewModel.swift; sourceTree = "<group>"; };
		E9AAA94F251B9244009841B8 /* SimmulatorModel.swift */ = {isa = PBXFileReference; lastKnownFileType = sourcecode.swift; path = SimmulatorModel.swift; sourceTree = "<group>"; };
		E9AAA952251BDA4B009841B8 /* ViewModelProtocol.swift */ = {isa = PBXFileReference; lastKnownFileType = sourcecode.swift; path = ViewModelProtocol.swift; sourceTree = "<group>"; };
		E9AAA95425210CF1009841B8 /* SimmulatorCellViewModel.swift */ = {isa = PBXFileReference; lastKnownFileType = sourcecode.swift; path = SimmulatorCellViewModel.swift; sourceTree = "<group>"; };
		E9B45CA024FD5ED400A79ECC /* Simmulations.xcdatamodel */ = {isa = PBXFileReference; lastKnownFileType = wrapper.xcdatamodel; path = Simmulations.xcdatamodel; sourceTree = "<group>"; };
		E9D8D15C24FAF7B800DF5ABC /* MainView.swift */ = {isa = PBXFileReference; lastKnownFileType = sourcecode.swift; path = MainView.swift; sourceTree = "<group>"; };
		E9D8D15E24FAF98200DF5ABC /* SimmulatorView.swift */ = {isa = PBXFileReference; lastKnownFileType = sourcecode.swift; path = SimmulatorView.swift; sourceTree = "<group>"; };
		E9D8D16024FAF9D000DF5ABC /* SettingView.swift */ = {isa = PBXFileReference; lastKnownFileType = sourcecode.swift; path = SettingView.swift; sourceTree = "<group>"; };
		E9D8D16224FC353700DF5ABC /* Home.swift */ = {isa = PBXFileReference; lastKnownFileType = sourcecode.swift; path = Home.swift; sourceTree = "<group>"; };
/* End PBXFileReference section */

/* Begin PBXFrameworksBuildPhase section */
		E9090D0B24FA9F7600020390 /* Frameworks */ = {
			isa = PBXFrameworksBuildPhase;
			buildActionMask = 2147483647;
			files = (
			);
			runOnlyForDeploymentPostprocessing = 0;
		};
		E9090D2424FA9F7800020390 /* Frameworks */ = {
			isa = PBXFrameworksBuildPhase;
			buildActionMask = 2147483647;
			files = (
			);
			runOnlyForDeploymentPostprocessing = 0;
		};
		E9090D2F24FA9F7800020390 /* Frameworks */ = {
			isa = PBXFrameworksBuildPhase;
			buildActionMask = 2147483647;
			files = (
			);
			runOnlyForDeploymentPostprocessing = 0;
		};
/* End PBXFrameworksBuildPhase section */

/* Begin PBXGroup section */
		E9090D0524FA9F7600020390 = {
			isa = PBXGroup;
			children = (
				E9090D1024FA9F7600020390 /* ios-rentor */,
				E9090D2A24FA9F7800020390 /* ios-rentorTests */,
				E9090D3524FA9F7800020390 /* ios-rentorUITests */,
				E9090D0F24FA9F7600020390 /* Products */,
			);
			sourceTree = "<group>";
		};
		E9090D0F24FA9F7600020390 /* Products */ = {
			isa = PBXGroup;
			children = (
				E9090D0E24FA9F7600020390 /* ios-rentor.app */,
				E9090D2724FA9F7800020390 /* ios-rentorTests.xctest */,
				E9090D3224FA9F7800020390 /* ios-rentorUITests.xctest */,
			);
			name = Products;
			sourceTree = "<group>";
		};
		E9090D1024FA9F7600020390 /* ios-rentor */ = {
			isa = PBXGroup;
			children = (
				E9AAA951251BDA3A009841B8 /* Protocols */,
				E9A8C66C2519407B000E8A28 /* Enums */,
				E9090D4624FAA22D00020390 /* GenericViews */,
				E9090D4524FAA21B00020390 /* GenericServices */,
				E9090D4724FAA24400020390 /* Extensions */,
				E9B45CA224FD5EDE00A79ECC /* CoreData */,
				E9D8D15724FAF77200DF5ABC /* Main */,
				E9EF29B8250824DC00B97676 /* Home */,
				E9090D4A24FAA47100020390 /* Settings */,
				E98C2575252B8B6D00E06E73 /* HomeDetail */,
				E9090D4924FAA46900020390 /* Simmulator */,
				E9090D4824FAA45D00020390 /* LaunchScreen */,
				E9090D4424FAA20D00020390 /* AppDelegates */,
				E9090D1A24FA9F7800020390 /* Assets.xcassets */,
				E9090D2224FA9F7800020390 /* Info.plist */,
				E9090D1524FA9F7600020390 /* ios_rentor.xcdatamodeld */,
				E9090D1C24FA9F7800020390 /* Preview Content */,
			);
			path = "ios-rentor";
			sourceTree = "<group>";
		};
		E9090D1C24FA9F7800020390 /* Preview Content */ = {
			isa = PBXGroup;
			children = (
				E9090D1D24FA9F7800020390 /* Preview Assets.xcassets */,
			);
			path = "Preview Content";
			sourceTree = "<group>";
		};
		E9090D2A24FA9F7800020390 /* ios-rentorTests */ = {
			isa = PBXGroup;
			children = (
				E9090D2B24FA9F7800020390 /* ios_rentorTests.swift */,
				E9090D2D24FA9F7800020390 /* Info.plist */,
			);
			path = "ios-rentorTests";
			sourceTree = "<group>";
		};
		E9090D3524FA9F7800020390 /* ios-rentorUITests */ = {
			isa = PBXGroup;
			children = (
				E9090D3624FA9F7800020390 /* ios_rentorUITests.swift */,
				E9090D3824FA9F7800020390 /* Info.plist */,
			);
			path = "ios-rentorUITests";
			sourceTree = "<group>";
		};
		E9090D4424FAA20D00020390 /* AppDelegates */ = {
			isa = PBXGroup;
			children = (
				E9090D1124FA9F7600020390 /* AppDelegate.swift */,
				E9090D1324FA9F7600020390 /* SceneDelegate.swift */,
			);
			path = AppDelegates;
			sourceTree = "<group>";
		};
		E9090D4524FAA21B00020390 /* GenericServices */ = {
			isa = PBXGroup;
			children = (
			);
			path = GenericServices;
			sourceTree = "<group>";
		};
		E9090D4624FAA22D00020390 /* GenericViews */ = {
			isa = PBXGroup;
			children = (
				E985821B25238CC900F5BC7F /* New Group */,
			);
			path = GenericViews;
			sourceTree = "<group>";
		};
		E9090D4724FAA24400020390 /* Extensions */ = {
			isa = PBXGroup;
			children = (
				E9878555250BB0C200CF8519 /* String+Ext.swift */,
			);
			path = Extensions;
			sourceTree = "<group>";
		};
		E9090D4824FAA45D00020390 /* LaunchScreen */ = {
			isa = PBXGroup;
			children = (
				E9090D1F24FA9F7800020390 /* LaunchScreen.storyboard */,
			);
			path = LaunchScreen;
			sourceTree = "<group>";
		};
		E9090D4924FAA46900020390 /* Simmulator */ = {
			isa = PBXGroup;
			children = (
				E9A8C6662517B2D7000E8A28 /* ViewModel */,
				E9EF29BC2508250300B97676 /* Model */,
				E9090D5024FAA4A400020390 /* View */,
			);
			path = Simmulator;
			sourceTree = "<group>";
		};
		E9090D4A24FAA47100020390 /* Settings */ = {
			isa = PBXGroup;
			children = (
				E9A8C6652517B2A1000E8A28 /* ViewModel */,
				E9090D4C24FAA48700020390 /* View */,
				E9090D4B24FAA48000020390 /* Model */,
			);
			path = Settings;
			sourceTree = "<group>";
		};
		E9090D4B24FAA48000020390 /* Model */ = {
			isa = PBXGroup;
			children = (
			);
			path = Model;
			sourceTree = "<group>";
		};
		E9090D4C24FAA48700020390 /* View */ = {
			isa = PBXGroup;
			children = (
				E9D8D16024FAF9D000DF5ABC /* SettingView.swift */,
			);
			path = View;
			sourceTree = "<group>";
		};
		E9090D4F24FAA49F00020390 /* Model */ = {
			isa = PBXGroup;
			children = (
				E9665535250033B2003BC212 /* RentorEntity.swift */,
			);
			path = Model;
			sourceTree = "<group>";
		};
		E9090D5024FAA4A400020390 /* View */ = {
			isa = PBXGroup;
			children = (
				E9D8D15E24FAF98200DF5ABC /* SimmulatorView.swift */,
				E9209C9225227E8700EDC0A9 /* SimmulatorCellView.swift */,
			);
			path = View;
			sourceTree = "<group>";
		};
		E936BFB72538991600ED3269 /* Entities */ = {
			isa = PBXGroup;
			children = (
				E936BFB82538992800ED3269 /* CoreDataRental.swift */,
			);
			path = Entities;
			sourceTree = "<group>";
		};
		E985821B25238CC900F5BC7F /* New Group */ = {
			isa = PBXGroup;
			children = (
				E985821C25238CD600F5BC7F /* BlueButtonStyle.swift */,
			);
			path = "New Group";
			sourceTree = "<group>";
		};
		E98C2575252B8B6D00E06E73 /* HomeDetail */ = {
			isa = PBXGroup;
			children = (
				E98C2578252B8B8800E06E73 /* View */,
				E98C2577252B8B8300E06E73 /* Model */,
				E98C2576252B8B7D00E06E73 /* ViewModel */,
			);
			path = HomeDetail;
			sourceTree = "<group>";
		};
		E98C2576252B8B7D00E06E73 /* ViewModel */ = {
			isa = PBXGroup;
			children = (
				E98C2581252B96E700E06E73 /* HomeDetailViewModel.swift */,
			);
			path = ViewModel;
			sourceTree = "<group>";
		};
		E98C2577252B8B8300E06E73 /* Model */ = {
			isa = PBXGroup;
			children = (
			);
			path = Model;
			sourceTree = "<group>";
		};
		E98C2578252B8B8800E06E73 /* View */ = {
			isa = PBXGroup;
			children = (
				E98C257C252B922000E06E73 /* HomeDetailView.swift */,
			);
			path = View;
			sourceTree = "<group>";
		};
		E9A8C6642516AC8D000E8A28 /* ViewModel */ = {
			isa = PBXGroup;
			children = (
			);
			path = ViewModel;
			sourceTree = "<group>";
		};
		E9A8C6652517B2A1000E8A28 /* ViewModel */ = {
			isa = PBXGroup;
			children = (
			);
			path = ViewModel;
			sourceTree = "<group>";
		};
		E9A8C6662517B2D7000E8A28 /* ViewModel */ = {
			isa = PBXGroup;
			children = (
				E9AAA94D251A1031009841B8 /* SimmulatorViewModel.swift */,
				E9AAA95425210CF1009841B8 /* SimmulatorCellViewModel.swift */,
			);
			path = ViewModel;
			sourceTree = "<group>";
		};
		E9A8C6672517B2F0000E8A28 /* ViewModel */ = {
			isa = PBXGroup;
			children = (
				E9A8C6682517B4BC000E8A28 /* HomeViewModel.swift */,
			);
			path = ViewModel;
			sourceTree = "<group>";
		};
		E9A8C66C2519407B000E8A28 /* Enums */ = {
			isa = PBXGroup;
			children = (
				E9A8C66D25194095000E8A28 /* Errors.swift */,
			);
			path = Enums;
			sourceTree = "<group>";
		};
		E9AAA951251BDA3A009841B8 /* Protocols */ = {
			isa = PBXGroup;
			children = (
				E9AAA952251BDA4B009841B8 /* ViewModelProtocol.swift */,
			);
			path = Protocols;
			sourceTree = "<group>";
		};
		E9B45CA224FD5EDE00A79ECC /* CoreData */ = {
			isa = PBXGroup;
			children = (
				E936BFB72538991600ED3269 /* Entities */,
				E9EF29B7250824CC00B97676 /* Manager */,
				E9090D4F24FAA49F00020390 /* Model */,
			);
			path = CoreData;
			sourceTree = "<group>";
		};
		E9D8D15724FAF77200DF5ABC /* Main */ = {
			isa = PBXGroup;
			children = (
				E9A8C6642516AC8D000E8A28 /* ViewModel */,
				E9D8D15B24FAF79400DF5ABC /* Model */,
				E9D8D15A24FAF79000DF5ABC /* View */,
			);
			path = Main;
			sourceTree = "<group>";
		};
		E9D8D15A24FAF79000DF5ABC /* View */ = {
			isa = PBXGroup;
			children = (
				E9D8D15C24FAF7B800DF5ABC /* MainView.swift */,
			);
			path = View;
			sourceTree = "<group>";
		};
		E9D8D15B24FAF79400DF5ABC /* Model */ = {
			isa = PBXGroup;
			children = (
			);
			path = Model;
			sourceTree = "<group>";
		};
		E9EF29B7250824CC00B97676 /* Manager */ = {
			isa = PBXGroup;
			children = (
				E9B45C9F24FD5ED400A79ECC /* rentorCoreData.xcdatamodeld */,
				E99042CB25043BBA0062B493 /* CoreDataManager.swift */,
			);
			path = Manager;
			sourceTree = "<group>";
		};
		E9EF29B8250824DC00B97676 /* Home */ = {
			isa = PBXGroup;
			children = (
				E9A8C6672517B2F0000E8A28 /* ViewModel */,
				E9EF29BD2508250800B97676 /* Model */,
				E9EF29BA250824EA00B97676 /* View */,
			);
			path = Home;
			sourceTree = "<group>";
		};
		E9EF29BA250824EA00B97676 /* View */ = {
			isa = PBXGroup;
			children = (
				E9EF29BE2508257D00B97676 /* Cells */,
				E9D8D16224FC353700DF5ABC /* Home.swift */,
			);
			path = View;
			sourceTree = "<group>";
		};
		E9EF29BC2508250300B97676 /* Model */ = {
			isa = PBXGroup;
			children = (
				E9AAA94F251B9244009841B8 /* SimmulatorModel.swift */,
			);
			path = Model;
			sourceTree = "<group>";
		};
		E9EF29BD2508250800B97676 /* Model */ = {
			isa = PBXGroup;
			children = (
			);
			path = Model;
			sourceTree = "<group>";
		};
		E9EF29BE2508257D00B97676 /* Cells */ = {
			isa = PBXGroup;
			children = (
				E99042C92502A16C0062B493 /* RentalEntityView.swift */,
			);
			path = Cells;
			sourceTree = "<group>";
		};
/* End PBXGroup section */

/* Begin PBXNativeTarget section */
		E9090D0D24FA9F7600020390 /* ios-rentor */ = {
			isa = PBXNativeTarget;
			buildConfigurationList = E9090D3B24FA9F7800020390 /* Build configuration list for PBXNativeTarget "ios-rentor" */;
			buildPhases = (
				E9090D0A24FA9F7600020390 /* Sources */,
				E9090D0B24FA9F7600020390 /* Frameworks */,
				E9090D0C24FA9F7600020390 /* Resources */,
			);
			buildRules = (
			);
			dependencies = (
			);
			name = "ios-rentor";
			productName = "ios-rentor";
			productReference = E9090D0E24FA9F7600020390 /* ios-rentor.app */;
			productType = "com.apple.product-type.application";
		};
		E9090D2624FA9F7800020390 /* ios-rentorTests */ = {
			isa = PBXNativeTarget;
			buildConfigurationList = E9090D3E24FA9F7800020390 /* Build configuration list for PBXNativeTarget "ios-rentorTests" */;
			buildPhases = (
				E9090D2324FA9F7800020390 /* Sources */,
				E9090D2424FA9F7800020390 /* Frameworks */,
				E9090D2524FA9F7800020390 /* Resources */,
			);
			buildRules = (
			);
			dependencies = (
				E9090D2924FA9F7800020390 /* PBXTargetDependency */,
			);
			name = "ios-rentorTests";
			productName = "ios-rentorTests";
			productReference = E9090D2724FA9F7800020390 /* ios-rentorTests.xctest */;
			productType = "com.apple.product-type.bundle.unit-test";
		};
		E9090D3124FA9F7800020390 /* ios-rentorUITests */ = {
			isa = PBXNativeTarget;
			buildConfigurationList = E9090D4124FA9F7800020390 /* Build configuration list for PBXNativeTarget "ios-rentorUITests" */;
			buildPhases = (
				E9090D2E24FA9F7800020390 /* Sources */,
				E9090D2F24FA9F7800020390 /* Frameworks */,
				E9090D3024FA9F7800020390 /* Resources */,
			);
			buildRules = (
			);
			dependencies = (
				E9090D3424FA9F7800020390 /* PBXTargetDependency */,
			);
			name = "ios-rentorUITests";
			productName = "ios-rentorUITests";
			productReference = E9090D3224FA9F7800020390 /* ios-rentorUITests.xctest */;
			productType = "com.apple.product-type.bundle.ui-testing";
		};
/* End PBXNativeTarget section */

/* Begin PBXProject section */
		E9090D0624FA9F7600020390 /* Project object */ = {
			isa = PBXProject;
			attributes = {
				LastSwiftUpdateCheck = 1140;
				LastUpgradeCheck = 1140;
				ORGANIZATIONNAME = Thomas;
				TargetAttributes = {
					E9090D0D24FA9F7600020390 = {
						CreatedOnToolsVersion = 11.4;
					};
					E9090D2624FA9F7800020390 = {
						CreatedOnToolsVersion = 11.4;
						TestTargetID = E9090D0D24FA9F7600020390;
					};
					E9090D3124FA9F7800020390 = {
						CreatedOnToolsVersion = 11.4;
						TestTargetID = E9090D0D24FA9F7600020390;
					};
				};
			};
			buildConfigurationList = E9090D0924FA9F7600020390 /* Build configuration list for PBXProject "ios-rentor" */;
			compatibilityVersion = "Xcode 9.3";
			developmentRegion = en;
			hasScannedForEncodings = 0;
			knownRegions = (
				en,
				Base,
			);
			mainGroup = E9090D0524FA9F7600020390;
			productRefGroup = E9090D0F24FA9F7600020390 /* Products */;
			projectDirPath = "";
			projectRoot = "";
			targets = (
				E9090D0D24FA9F7600020390 /* ios-rentor */,
				E9090D2624FA9F7800020390 /* ios-rentorTests */,
				E9090D3124FA9F7800020390 /* ios-rentorUITests */,
			);
		};
/* End PBXProject section */

/* Begin PBXResourcesBuildPhase section */
		E9090D0C24FA9F7600020390 /* Resources */ = {
			isa = PBXResourcesBuildPhase;
			buildActionMask = 2147483647;
			files = (
				E9090D2124FA9F7800020390 /* LaunchScreen.storyboard in Resources */,
				E9090D1E24FA9F7800020390 /* Preview Assets.xcassets in Resources */,
				E9090D1B24FA9F7800020390 /* Assets.xcassets in Resources */,
			);
			runOnlyForDeploymentPostprocessing = 0;
		};
		E9090D2524FA9F7800020390 /* Resources */ = {
			isa = PBXResourcesBuildPhase;
			buildActionMask = 2147483647;
			files = (
			);
			runOnlyForDeploymentPostprocessing = 0;
		};
		E9090D3024FA9F7800020390 /* Resources */ = {
			isa = PBXResourcesBuildPhase;
			buildActionMask = 2147483647;
			files = (
			);
			runOnlyForDeploymentPostprocessing = 0;
		};
/* End PBXResourcesBuildPhase section */

/* Begin PBXSourcesBuildPhase section */
		E9090D0A24FA9F7600020390 /* Sources */ = {
			isa = PBXSourcesBuildPhase;
			buildActionMask = 2147483647;
			files = (
				E9D8D16324FC353700DF5ABC /* Home.swift in Sources */,
				E99042CC25043BBA0062B493 /* CoreDataManager.swift in Sources */,
				E9D8D15D24FAF7B800DF5ABC /* MainView.swift in Sources */,
				E9878556250BB0C200CF8519 /* String+Ext.swift in Sources */,
				E9209C9325227E8700EDC0A9 /* SimmulatorCellView.swift in Sources */,
				E936BFB92538992800ED3269 /* CoreDataRental.swift in Sources */,
				E9090D1224FA9F7600020390 /* AppDelegate.swift in Sources */,
				E9AAA95525210CF1009841B8 /* SimmulatorCellViewModel.swift in Sources */,
				E9090D1724FA9F7600020390 /* ios_rentor.xcdatamodeld in Sources */,
				E98C2582252B96E700E06E73 /* HomeDetailViewModel.swift in Sources */,
				E9A8C66E25194095000E8A28 /* Errors.swift in Sources */,
				E98C257D252B922000E06E73 /* HomeDetailView.swift in Sources */,
				E9665536250033B2003BC212 /* RentorEntity.swift in Sources */,
				E9D8D16124FAF9D000DF5ABC /* SettingView.swift in Sources */,
				E9A8C6692517B4BC000E8A28 /* HomeViewModel.swift in Sources */,
				E9B45CA124FD5ED400A79ECC /* rentorCoreData.xcdatamodeld in Sources */,
				E9090D1424FA9F7600020390 /* SceneDelegate.swift in Sources */,
				E9D8D15F24FAF98300DF5ABC /* SimmulatorView.swift in Sources */,
				E99042CA2502A16C0062B493 /* RentalEntityView.swift in Sources */,
				E9AAA950251B9244009841B8 /* SimmulatorModel.swift in Sources */,
				E985821D25238CD600F5BC7F /* BlueButtonStyle.swift in Sources */,
				E9AAA953251BDA4B009841B8 /* ViewModelProtocol.swift in Sources */,
				E9AAA94E251A1031009841B8 /* SimmulatorViewModel.swift in Sources */,
			);
			runOnlyForDeploymentPostprocessing = 0;
		};
		E9090D2324FA9F7800020390 /* Sources */ = {
			isa = PBXSourcesBuildPhase;
			buildActionMask = 2147483647;
			files = (
				E9090D2C24FA9F7800020390 /* ios_rentorTests.swift in Sources */,
			);
			runOnlyForDeploymentPostprocessing = 0;
		};
		E9090D2E24FA9F7800020390 /* Sources */ = {
			isa = PBXSourcesBuildPhase;
			buildActionMask = 2147483647;
			files = (
				E9090D3724FA9F7800020390 /* ios_rentorUITests.swift in Sources */,
			);
			runOnlyForDeploymentPostprocessing = 0;
		};
/* End PBXSourcesBuildPhase section */

/* Begin PBXTargetDependency section */
		E9090D2924FA9F7800020390 /* PBXTargetDependency */ = {
			isa = PBXTargetDependency;
			target = E9090D0D24FA9F7600020390 /* ios-rentor */;
			targetProxy = E9090D2824FA9F7800020390 /* PBXContainerItemProxy */;
		};
		E9090D3424FA9F7800020390 /* PBXTargetDependency */ = {
			isa = PBXTargetDependency;
			target = E9090D0D24FA9F7600020390 /* ios-rentor */;
			targetProxy = E9090D3324FA9F7800020390 /* PBXContainerItemProxy */;
		};
/* End PBXTargetDependency section */

/* Begin PBXVariantGroup section */
		E9090D1F24FA9F7800020390 /* LaunchScreen.storyboard */ = {
			isa = PBXVariantGroup;
			children = (
				E9090D2024FA9F7800020390 /* Base */,
			);
			name = LaunchScreen.storyboard;
			sourceTree = "<group>";
		};
/* End PBXVariantGroup section */

/* Begin XCBuildConfiguration section */
		E9090D3924FA9F7800020390 /* Debug */ = {
			isa = XCBuildConfiguration;
			buildSettings = {
				ALWAYS_SEARCH_USER_PATHS = NO;
				CLANG_ANALYZER_NONNULL = YES;
				CLANG_ANALYZER_NUMBER_OBJECT_CONVERSION = YES_AGGRESSIVE;
				CLANG_CXX_LANGUAGE_STANDARD = "gnu++14";
				CLANG_CXX_LIBRARY = "libc++";
				CLANG_ENABLE_MODULES = YES;
				CLANG_ENABLE_OBJC_ARC = YES;
				CLANG_ENABLE_OBJC_WEAK = YES;
				CLANG_WARN_BLOCK_CAPTURE_AUTORELEASING = YES;
				CLANG_WARN_BOOL_CONVERSION = YES;
				CLANG_WARN_COMMA = YES;
				CLANG_WARN_CONSTANT_CONVERSION = YES;
				CLANG_WARN_DEPRECATED_OBJC_IMPLEMENTATIONS = YES;
				CLANG_WARN_DIRECT_OBJC_ISA_USAGE = YES_ERROR;
				CLANG_WARN_DOCUMENTATION_COMMENTS = YES;
				CLANG_WARN_EMPTY_BODY = YES;
				CLANG_WARN_ENUM_CONVERSION = YES;
				CLANG_WARN_INFINITE_RECURSION = YES;
				CLANG_WARN_INT_CONVERSION = YES;
				CLANG_WARN_NON_LITERAL_NULL_CONVERSION = YES;
				CLANG_WARN_OBJC_IMPLICIT_RETAIN_SELF = YES;
				CLANG_WARN_OBJC_LITERAL_CONVERSION = YES;
				CLANG_WARN_OBJC_ROOT_CLASS = YES_ERROR;
				CLANG_WARN_RANGE_LOOP_ANALYSIS = YES;
				CLANG_WARN_STRICT_PROTOTYPES = YES;
				CLANG_WARN_SUSPICIOUS_MOVE = YES;
				CLANG_WARN_UNGUARDED_AVAILABILITY = YES_AGGRESSIVE;
				CLANG_WARN_UNREACHABLE_CODE = YES;
				CLANG_WARN__DUPLICATE_METHOD_MATCH = YES;
				COPY_PHASE_STRIP = NO;
				DEBUG_INFORMATION_FORMAT = dwarf;
				ENABLE_STRICT_OBJC_MSGSEND = YES;
				ENABLE_TESTABILITY = YES;
				GCC_C_LANGUAGE_STANDARD = gnu11;
				GCC_DYNAMIC_NO_PIC = NO;
				GCC_NO_COMMON_BLOCKS = YES;
				GCC_OPTIMIZATION_LEVEL = 0;
				GCC_PREPROCESSOR_DEFINITIONS = (
					"DEBUG=1",
					"$(inherited)",
				);
				GCC_WARN_64_TO_32_BIT_CONVERSION = YES;
				GCC_WARN_ABOUT_RETURN_TYPE = YES_ERROR;
				GCC_WARN_UNDECLARED_SELECTOR = YES;
				GCC_WARN_UNINITIALIZED_AUTOS = YES_AGGRESSIVE;
				GCC_WARN_UNUSED_FUNCTION = YES;
				GCC_WARN_UNUSED_VARIABLE = YES;
				IPHONEOS_DEPLOYMENT_TARGET = 13.0;
				MTL_ENABLE_DEBUG_INFO = INCLUDE_SOURCE;
				MTL_FAST_MATH = YES;
				ONLY_ACTIVE_ARCH = YES;
				SDKROOT = iphoneos;
				SWIFT_ACTIVE_COMPILATION_CONDITIONS = DEBUG;
				SWIFT_OPTIMIZATION_LEVEL = "-Onone";
			};
			name = Debug;
		};
		E9090D3A24FA9F7800020390 /* Release */ = {
			isa = XCBuildConfiguration;
			buildSettings = {
				ALWAYS_SEARCH_USER_PATHS = NO;
				CLANG_ANALYZER_NONNULL = YES;
				CLANG_ANALYZER_NUMBER_OBJECT_CONVERSION = YES_AGGRESSIVE;
				CLANG_CXX_LANGUAGE_STANDARD = "gnu++14";
				CLANG_CXX_LIBRARY = "libc++";
				CLANG_ENABLE_MODULES = YES;
				CLANG_ENABLE_OBJC_ARC = YES;
				CLANG_ENABLE_OBJC_WEAK = YES;
				CLANG_WARN_BLOCK_CAPTURE_AUTORELEASING = YES;
				CLANG_WARN_BOOL_CONVERSION = YES;
				CLANG_WARN_COMMA = YES;
				CLANG_WARN_CONSTANT_CONVERSION = YES;
				CLANG_WARN_DEPRECATED_OBJC_IMPLEMENTATIONS = YES;
				CLANG_WARN_DIRECT_OBJC_ISA_USAGE = YES_ERROR;
				CLANG_WARN_DOCUMENTATION_COMMENTS = YES;
				CLANG_WARN_EMPTY_BODY = YES;
				CLANG_WARN_ENUM_CONVERSION = YES;
				CLANG_WARN_INFINITE_RECURSION = YES;
				CLANG_WARN_INT_CONVERSION = YES;
				CLANG_WARN_NON_LITERAL_NULL_CONVERSION = YES;
				CLANG_WARN_OBJC_IMPLICIT_RETAIN_SELF = YES;
				CLANG_WARN_OBJC_LITERAL_CONVERSION = YES;
				CLANG_WARN_OBJC_ROOT_CLASS = YES_ERROR;
				CLANG_WARN_RANGE_LOOP_ANALYSIS = YES;
				CLANG_WARN_STRICT_PROTOTYPES = YES;
				CLANG_WARN_SUSPICIOUS_MOVE = YES;
				CLANG_WARN_UNGUARDED_AVAILABILITY = YES_AGGRESSIVE;
				CLANG_WARN_UNREACHABLE_CODE = YES;
				CLANG_WARN__DUPLICATE_METHOD_MATCH = YES;
				COPY_PHASE_STRIP = NO;
				DEBUG_INFORMATION_FORMAT = "dwarf-with-dsym";
				ENABLE_NS_ASSERTIONS = NO;
				ENABLE_STRICT_OBJC_MSGSEND = YES;
				GCC_C_LANGUAGE_STANDARD = gnu11;
				GCC_NO_COMMON_BLOCKS = YES;
				GCC_WARN_64_TO_32_BIT_CONVERSION = YES;
				GCC_WARN_ABOUT_RETURN_TYPE = YES_ERROR;
				GCC_WARN_UNDECLARED_SELECTOR = YES;
				GCC_WARN_UNINITIALIZED_AUTOS = YES_AGGRESSIVE;
				GCC_WARN_UNUSED_FUNCTION = YES;
				GCC_WARN_UNUSED_VARIABLE = YES;
				IPHONEOS_DEPLOYMENT_TARGET = 13.0;
				MTL_ENABLE_DEBUG_INFO = NO;
				MTL_FAST_MATH = YES;
				SDKROOT = iphoneos;
				SWIFT_COMPILATION_MODE = wholemodule;
				SWIFT_OPTIMIZATION_LEVEL = "-O";
				VALIDATE_PRODUCT = YES;
			};
			name = Release;
		};
		E9090D3C24FA9F7800020390 /* Debug */ = {
			isa = XCBuildConfiguration;
			buildSettings = {
				ASSETCATALOG_COMPILER_APPICON_NAME = AppIcon;
				CODE_SIGN_STYLE = Automatic;
				DEVELOPMENT_ASSET_PATHS = "\"ios-rentor/Preview Content\"";
				DEVELOPMENT_TEAM = 7F4ML7J3E2;
				ENABLE_PREVIEWS = YES;
				INFOPLIST_FILE = "ios-rentor/Info.plist";
				LD_RUNPATH_SEARCH_PATHS = (
					"$(inherited)",
					"@executable_path/Frameworks",
				);
				PRODUCT_BUNDLE_IDENTIFIER = "com.mthomas3.ios-rentor";
				PRODUCT_NAME = "$(TARGET_NAME)";
				SWIFT_VERSION = 5.0;
				TARGETED_DEVICE_FAMILY = "1,2";
			};
			name = Debug;
		};
		E9090D3D24FA9F7800020390 /* Release */ = {
			isa = XCBuildConfiguration;
			buildSettings = {
				ASSETCATALOG_COMPILER_APPICON_NAME = AppIcon;
				CODE_SIGN_STYLE = Automatic;
				DEVELOPMENT_ASSET_PATHS = "\"ios-rentor/Preview Content\"";
				DEVELOPMENT_TEAM = 7F4ML7J3E2;
				ENABLE_PREVIEWS = YES;
				INFOPLIST_FILE = "ios-rentor/Info.plist";
				LD_RUNPATH_SEARCH_PATHS = (
					"$(inherited)",
					"@executable_path/Frameworks",
				);
				PRODUCT_BUNDLE_IDENTIFIER = "com.mthomas3.ios-rentor";
				PRODUCT_NAME = "$(TARGET_NAME)";
				SWIFT_VERSION = 5.0;
				TARGETED_DEVICE_FAMILY = "1,2";
			};
			name = Release;
		};
		E9090D3F24FA9F7800020390 /* Debug */ = {
			isa = XCBuildConfiguration;
			buildSettings = {
				ALWAYS_EMBED_SWIFT_STANDARD_LIBRARIES = YES;
				BUNDLE_LOADER = "$(TEST_HOST)";
				CODE_SIGN_STYLE = Automatic;
				DEVELOPMENT_TEAM = 7F4ML7J3E2;
				INFOPLIST_FILE = "ios-rentorTests/Info.plist";
				IPHONEOS_DEPLOYMENT_TARGET = 13.4;
				LD_RUNPATH_SEARCH_PATHS = (
					"$(inherited)",
					"@executable_path/Frameworks",
					"@loader_path/Frameworks",
				);
				PRODUCT_BUNDLE_IDENTIFIER = "com.mthomas3.ios-rentorTests";
				PRODUCT_NAME = "$(TARGET_NAME)";
				SWIFT_VERSION = 5.0;
				TARGETED_DEVICE_FAMILY = "1,2";
				TEST_HOST = "$(BUILT_PRODUCTS_DIR)/ios-rentor.app/ios-rentor";
			};
			name = Debug;
		};
		E9090D4024FA9F7800020390 /* Release */ = {
			isa = XCBuildConfiguration;
			buildSettings = {
				ALWAYS_EMBED_SWIFT_STANDARD_LIBRARIES = YES;
				BUNDLE_LOADER = "$(TEST_HOST)";
				CODE_SIGN_STYLE = Automatic;
				DEVELOPMENT_TEAM = 7F4ML7J3E2;
				INFOPLIST_FILE = "ios-rentorTests/Info.plist";
				IPHONEOS_DEPLOYMENT_TARGET = 13.4;
				LD_RUNPATH_SEARCH_PATHS = (
					"$(inherited)",
					"@executable_path/Frameworks",
					"@loader_path/Frameworks",
				);
				PRODUCT_BUNDLE_IDENTIFIER = "com.mthomas3.ios-rentorTests";
				PRODUCT_NAME = "$(TARGET_NAME)";
				SWIFT_VERSION = 5.0;
				TARGETED_DEVICE_FAMILY = "1,2";
				TEST_HOST = "$(BUILT_PRODUCTS_DIR)/ios-rentor.app/ios-rentor";
			};
			name = Release;
		};
		E9090D4224FA9F7800020390 /* Debug */ = {
			isa = XCBuildConfiguration;
			buildSettings = {
				ALWAYS_EMBED_SWIFT_STANDARD_LIBRARIES = YES;
				CODE_SIGN_STYLE = Automatic;
				DEVELOPMENT_TEAM = 7F4ML7J3E2;
				INFOPLIST_FILE = "ios-rentorUITests/Info.plist";
				LD_RUNPATH_SEARCH_PATHS = (
					"$(inherited)",
					"@executable_path/Frameworks",
					"@loader_path/Frameworks",
				);
				PRODUCT_BUNDLE_IDENTIFIER = "com.mthomas3.ios-rentorUITests";
				PRODUCT_NAME = "$(TARGET_NAME)";
				SWIFT_VERSION = 5.0;
				TARGETED_DEVICE_FAMILY = "1,2";
				TEST_TARGET_NAME = "ios-rentor";
			};
			name = Debug;
		};
		E9090D4324FA9F7800020390 /* Release */ = {
			isa = XCBuildConfiguration;
			buildSettings = {
				ALWAYS_EMBED_SWIFT_STANDARD_LIBRARIES = YES;
				CODE_SIGN_STYLE = Automatic;
				DEVELOPMENT_TEAM = 7F4ML7J3E2;
				INFOPLIST_FILE = "ios-rentorUITests/Info.plist";
				LD_RUNPATH_SEARCH_PATHS = (
					"$(inherited)",
					"@executable_path/Frameworks",
					"@loader_path/Frameworks",
				);
				PRODUCT_BUNDLE_IDENTIFIER = "com.mthomas3.ios-rentorUITests";
				PRODUCT_NAME = "$(TARGET_NAME)";
				SWIFT_VERSION = 5.0;
				TARGETED_DEVICE_FAMILY = "1,2";
				TEST_TARGET_NAME = "ios-rentor";
			};
			name = Release;
		};
/* End XCBuildConfiguration section */

/* Begin XCConfigurationList section */
		E9090D0924FA9F7600020390 /* Build configuration list for PBXProject "ios-rentor" */ = {
			isa = XCConfigurationList;
			buildConfigurations = (
				E9090D3924FA9F7800020390 /* Debug */,
				E9090D3A24FA9F7800020390 /* Release */,
			);
			defaultConfigurationIsVisible = 0;
			defaultConfigurationName = Release;
		};
		E9090D3B24FA9F7800020390 /* Build configuration list for PBXNativeTarget "ios-rentor" */ = {
			isa = XCConfigurationList;
			buildConfigurations = (
				E9090D3C24FA9F7800020390 /* Debug */,
				E9090D3D24FA9F7800020390 /* Release */,
			);
			defaultConfigurationIsVisible = 0;
			defaultConfigurationName = Release;
		};
		E9090D3E24FA9F7800020390 /* Build configuration list for PBXNativeTarget "ios-rentorTests" */ = {
			isa = XCConfigurationList;
			buildConfigurations = (
				E9090D3F24FA9F7800020390 /* Debug */,
				E9090D4024FA9F7800020390 /* Release */,
			);
			defaultConfigurationIsVisible = 0;
			defaultConfigurationName = Release;
		};
		E9090D4124FA9F7800020390 /* Build configuration list for PBXNativeTarget "ios-rentorUITests" */ = {
			isa = XCConfigurationList;
			buildConfigurations = (
				E9090D4224FA9F7800020390 /* Debug */,
				E9090D4324FA9F7800020390 /* Release */,
			);
			defaultConfigurationIsVisible = 0;
			defaultConfigurationName = Release;
		};
/* End XCConfigurationList section */

/* Begin XCVersionGroup section */
		E9090D1524FA9F7600020390 /* ios_rentor.xcdatamodeld */ = {
			isa = XCVersionGroup;
			children = (
				E9090D1624FA9F7600020390 /* ios_rentor.xcdatamodel */,
			);
			currentVersion = E9090D1624FA9F7600020390 /* ios_rentor.xcdatamodel */;
			path = ios_rentor.xcdatamodeld;
			sourceTree = "<group>";
			versionGroupType = wrapper.xcdatamodel;
		};
		E9B45C9F24FD5ED400A79ECC /* rentorCoreData.xcdatamodeld */ = {
			isa = XCVersionGroup;
			children = (
				E9B45CA024FD5ED400A79ECC /* Simmulations.xcdatamodel */,
			);
			currentVersion = E9B45CA024FD5ED400A79ECC /* Simmulations.xcdatamodel */;
			path = rentorCoreData.xcdatamodeld;
			sourceTree = "<group>";
			versionGroupType = wrapper.xcdatamodel;
		};
/* End XCVersionGroup section */
	};
	rootObject = E9090D0624FA9F7600020390 /* Project object */;
}
